
Microsoft Visual Studio Solution File, Format Version 12.00
# Visual Studio 14
VisualStudioVersion = 14.0.25420.1
MinimumVisualStudioVersion = 10.0.40219.1
Project("{FAE04EC0-301F-11D3-BF4B-00C04F79EFBC}") = "Svg.Editor.Core", "Svg.Editor.Core\Svg.Editor.Core.csproj", "{4CF34D1C-662C-400D-BEAF-E87CE1D08FAB}"
EndProject
Project("{FAE04EC0-301F-11D3-BF4B-00C04F79EFBC}") = "Svg.Editor.Sample.Core", "Svg.Editor.Sample.Core\Svg.Editor.Sample.Core.csproj", "{8739CED3-5844-4F18-B2E3-C99036B31B33}"
EndProject
Project("{FAE04EC0-301F-11D3-BF4B-00C04F79EFBC}") = "Svg.Editor.Sample.Droid", "Svg.Editor.Sample.Droid\Svg.Editor.Sample.Droid.csproj", "{062829A8-39A4-444E-AB44-98284E164644}"
EndProject
Project("{2150E333-8FDC-42A3-9474-1A3956D46DE8}") = "Sample", "Sample", "{034CAF33-A259-4509-8DA8-D516D9ECF436}"
EndProject
Project("{D954291E-2A0B-460D-934E-DC6B0785DB48}") = "Svg.Editor.Tests", "Svg.Editor.Tests\Svg.Editor.Tests.shproj", "{7EB296ED-B7E1-4929-9224-7469C00CFD6E}"
EndProject
Project("{FAE04EC0-301F-11D3-BF4B-00C04F79EFBC}") = "Svg.Editor.Tests.Droid", "Svg.Editor.Tests.Droid\Svg.Editor.Tests.Droid.csproj", "{C312D7D6-5FB7-4133-B735-99EB971C91A0}"
EndProject
Project("{FAE04EC0-301F-11D3-BF4B-00C04F79EFBC}") = "Svg.Editor.Tests.Win", "Svg.Editor.Tests.Win\Svg.Editor.Tests.Win.csproj", "{64E91D01-E670-4374-A30D-33585A1DC127}"
EndProject
Project("{2150E333-8FDC-42A3-9474-1A3956D46DE8}") = "Editor", "Editor", "{E5A1A7EF-50EA-4E0A-B8A5-23D8B5819351}"
EndProject
Project("{FAE04EC0-301F-11D3-BF4B-00C04F79EFBC}") = "Svg.Editor.Forms.UWP", "Svg.Editor.Forms.UWP\Svg.Editor.Forms.UWP.csproj", "{D93C5B6A-7F1C-4904-89EF-4679784C7AD1}"
EndProject
Project("{FAE04EC0-301F-11D3-BF4B-00C04F79EFBC}") = "Svg.Editor.Forms.iOS", "Svg.Editor.Forms.iOS\Svg.Editor.Forms.iOS.csproj", "{F99C92C2-1192-4CB8-8CE1-F90874669246}"
EndProject
Project("{FAE04EC0-301F-11D3-BF4B-00C04F79EFBC}") = "Svg.Editor.Forms", "Svg.Editor.Forms\Svg.Editor.Forms.csproj", "{2C90EE6D-52E3-4BA0-92D4-8162800F698D}"
EndProject
Project("{D954291E-2A0B-460D-934E-DC6B0785DB48}") = "Svg.Editor.Forms.Shared", "Svg.Editor.Forms.Shared\Svg.Editor.Forms.Shared.shproj", "{40EC91E6-987E-4975-AB4E-DCF39FC01102}"
EndProject
Project("{FAE04EC0-301F-11D3-BF4B-00C04F79EFBC}") = "Svg.Editor.Forms.Droid", "Svg.Editor.Forms.Droid\Svg.Editor.Forms.Droid.csproj", "{D710FFB6-B3C1-4244-87D4-826251490167}"
EndProject
Project("{D954291E-2A0B-460D-934E-DC6B0785DB48}") = "Svg.Editor.Views.Shared", "Svg.Editor.Shared\Svg.Editor.Views.Shared.shproj", "{3E70DE2E-B85A-4F33-8D23-D80BFA36AEF1}"
EndProject
Project("{2150E333-8FDC-42A3-9474-1A3956D46DE8}") = "Sample.Forms", "Sample.Forms", "{1A3E4166-A0D7-4A5F-8AEF-C20F24B31708}"
EndProject
Project("{FAE04EC0-301F-11D3-BF4B-00C04F79EFBC}") = "Svg.Editor.Sample.Forms.Android", "Svg.Editor.Sample.Forms\Svg.Editor.Sample.Forms.Android\Svg.Editor.Sample.Forms.Android.csproj", "{F656EF5F-8AEC-412F-B786-2AA2D0AECCBB}"
EndProject
Project("{FAE04EC0-301F-11D3-BF4B-00C04F79EFBC}") = "Svg.Editor.Sample.Forms", "Svg.Editor.Sample.Forms\Svg.Editor.Sample.Forms\Svg.Editor.Sample.Forms.csproj", "{F2B871B8-829F-4EF4-99A4-AB2FC9EEDA5E}"
EndProject
Project("{FAE04EC0-301F-11D3-BF4B-00C04F79EFBC}") = "Svg.Editor.Sample.Forms.UWP", "Svg.Editor.Sample.Forms\Svg.Editor.Sample.Forms.UWP\Svg.Editor.Sample.Forms.UWP.csproj", "{466F6004-72FF-4E9A-91FC-454D30CC0BC7}"
EndProject
Project("{FAE04EC0-301F-11D3-BF4B-00C04F79EFBC}") = "Svg.Editor.Sample.Forms.iOS", "Svg.Editor.Sample.Forms\Svg.Editor.Sample.Forms.iOS\Svg.Editor.Sample.Forms.iOS.csproj", "{F99585D5-1C22-4206-AA0E-7B08B97997B6}"
EndProject
Project("{2150E333-8FDC-42A3-9474-1A3956D46DE8}") = "Editor.Forms", "Editor.Forms", "{C0DBD6CD-6114-474D-983B-2377376E9733}"
EndProject
Project("{2150E333-8FDC-42A3-9474-1A3956D46DE8}") = "Editor.Views", "Editor.Views", "{4DC88953-FBDF-4FA1-A6D0-35EF8F1B06F7}"
EndProject
Project("{FAE04EC0-301F-11D3-BF4B-00C04F79EFBC}") = "Svg.Editor.Views.Droid", "Svg.Editor.Views.Droid\Svg.Editor.Views.Droid.csproj", "{EC21B42F-DA0D-4E7B-A2F4-757ABC917E07}"
EndProject
Project("{FAE04EC0-301F-11D3-BF4B-00C04F79EFBC}") = "Svg.Editor.Views.iOS", "Svg.Editor.Views.iOS\Svg.Editor.Views.iOS.csproj", "{1A4F1238-2571-4E51-9834-D2432F1D9C35}"
EndProject
Project("{FAE04EC0-301F-11D3-BF4B-00C04F79EFBC}") = "Svg.Editor.Views.UWP", "Svg.Editor.Views.UWP\Svg.Editor.Views.UWP.csproj", "{98F6B246-19BF-4929-BD26-54D06AAD6389}"
EndProject
Global
	GlobalSection(SharedMSBuildProjectFiles) = preSolution
		Svg.Editor.Shared\Svg.Editor.Shared.projitems*{1a4f1238-2571-4e51-9834-d2432f1d9c35}*SharedItemsImports = 4
		Svg.Editor.Shared\Svg.Editor.Shared.projitems*{3e70de2e-b85a-4f33-8d23-d80bfa36aef1}*SharedItemsImports = 13
		Svg.Editor.Forms.Shared\Svg.Editor.Forms.Shared.projitems*{40ec91e6-987e-4975-ab4e-dcf39fc01102}*SharedItemsImports = 13
		Svg.Editor.Tests\Svg.Editor.Tests.projitems*{64e91d01-e670-4374-a30d-33585a1dc127}*SharedItemsImports = 4
		Svg.Editor.Tests\Svg.Editor.Tests.projitems*{7eb296ed-b7e1-4929-9224-7469c00cfd6e}*SharedItemsImports = 13
		Svg.Editor.Shared\Svg.Editor.Shared.projitems*{98f6b246-19bf-4929-bd26-54d06aad6389}*SharedItemsImports = 4
		Svg.Editor.Tests\Svg.Editor.Tests.projitems*{c312d7d6-5fb7-4133-b735-99eb971c91a0}*SharedItemsImports = 4
		Svg.Editor.Forms.Shared\Svg.Editor.Forms.Shared.projitems*{d710ffb6-b3c1-4244-87d4-826251490167}*SharedItemsImports = 4
		Svg.Editor.Forms.Shared\Svg.Editor.Forms.Shared.projitems*{d93c5b6a-7f1c-4904-89ef-4679784c7ad1}*SharedItemsImports = 4
		Svg.Editor.Shared\Svg.Editor.Shared.projitems*{ec21b42f-da0d-4e7b-a2f4-757abc917e07}*SharedItemsImports = 4
		Svg.Editor.Forms.Shared\Svg.Editor.Forms.Shared.projitems*{f99c92c2-1192-4cb8-8ce1-f90874669246}*SharedItemsImports = 4
	EndGlobalSection
	GlobalSection(SolutionConfigurationPlatforms) = preSolution
		Ad-Hoc|Any CPU = Ad-Hoc|Any CPU
		Ad-Hoc|ARM = Ad-Hoc|ARM
		Ad-Hoc|iPhone = Ad-Hoc|iPhone
		Ad-Hoc|iPhoneSimulator = Ad-Hoc|iPhoneSimulator
		Ad-Hoc|x64 = Ad-Hoc|x64
		Ad-Hoc|x86 = Ad-Hoc|x86
		AppStore|Any CPU = AppStore|Any CPU
		AppStore|ARM = AppStore|ARM
		AppStore|iPhone = AppStore|iPhone
		AppStore|iPhoneSimulator = AppStore|iPhoneSimulator
		AppStore|x64 = AppStore|x64
		AppStore|x86 = AppStore|x86
		Debug|Any CPU = Debug|Any CPU
		Debug|ARM = Debug|ARM
		Debug|iPhone = Debug|iPhone
		Debug|iPhoneSimulator = Debug|iPhoneSimulator
		Debug|x64 = Debug|x64
		Debug|x86 = Debug|x86
		PublishFiller|Any CPU = PublishFiller|Any CPU
		PublishFiller|ARM = PublishFiller|ARM
		PublishFiller|iPhone = PublishFiller|iPhone
		PublishFiller|iPhoneSimulator = PublishFiller|iPhoneSimulator
		PublishFiller|x64 = PublishFiller|x64
		PublishFiller|x86 = PublishFiller|x86
		Release|Any CPU = Release|Any CPU
		Release|ARM = Release|ARM
		Release|iPhone = Release|iPhone
		Release|iPhoneSimulator = Release|iPhoneSimulator
		Release|x64 = Release|x64
		Release|x86 = Release|x86
	EndGlobalSection
	GlobalSection(ProjectConfigurationPlatforms) = postSolution
		{4CF34D1C-662C-400D-BEAF-E87CE1D08FAB}.Ad-Hoc|Any CPU.ActiveCfg = Release|Any CPU
		{4CF34D1C-662C-400D-BEAF-E87CE1D08FAB}.Ad-Hoc|Any CPU.Build.0 = Release|Any CPU
		{4CF34D1C-662C-400D-BEAF-E87CE1D08FAB}.Ad-Hoc|ARM.ActiveCfg = Release|Any CPU
		{4CF34D1C-662C-400D-BEAF-E87CE1D08FAB}.Ad-Hoc|ARM.Build.0 = Release|Any CPU
		{4CF34D1C-662C-400D-BEAF-E87CE1D08FAB}.Ad-Hoc|iPhone.ActiveCfg = Release|Any CPU
		{4CF34D1C-662C-400D-BEAF-E87CE1D08FAB}.Ad-Hoc|iPhone.Build.0 = Release|Any CPU
		{4CF34D1C-662C-400D-BEAF-E87CE1D08FAB}.Ad-Hoc|iPhoneSimulator.ActiveCfg = Release|Any CPU
		{4CF34D1C-662C-400D-BEAF-E87CE1D08FAB}.Ad-Hoc|iPhoneSimulator.Build.0 = Release|Any CPU
		{4CF34D1C-662C-400D-BEAF-E87CE1D08FAB}.Ad-Hoc|x64.ActiveCfg = Release|Any CPU
		{4CF34D1C-662C-400D-BEAF-E87CE1D08FAB}.Ad-Hoc|x64.Build.0 = Release|Any CPU
		{4CF34D1C-662C-400D-BEAF-E87CE1D08FAB}.Ad-Hoc|x86.ActiveCfg = Release|Any CPU
		{4CF34D1C-662C-400D-BEAF-E87CE1D08FAB}.Ad-Hoc|x86.Build.0 = Release|Any CPU
		{4CF34D1C-662C-400D-BEAF-E87CE1D08FAB}.AppStore|Any CPU.ActiveCfg = Release|Any CPU
		{4CF34D1C-662C-400D-BEAF-E87CE1D08FAB}.AppStore|Any CPU.Build.0 = Release|Any CPU
		{4CF34D1C-662C-400D-BEAF-E87CE1D08FAB}.AppStore|ARM.ActiveCfg = Release|Any CPU
		{4CF34D1C-662C-400D-BEAF-E87CE1D08FAB}.AppStore|ARM.Build.0 = Release|Any CPU
		{4CF34D1C-662C-400D-BEAF-E87CE1D08FAB}.AppStore|iPhone.ActiveCfg = Release|Any CPU
		{4CF34D1C-662C-400D-BEAF-E87CE1D08FAB}.AppStore|iPhone.Build.0 = Release|Any CPU
		{4CF34D1C-662C-400D-BEAF-E87CE1D08FAB}.AppStore|iPhoneSimulator.ActiveCfg = Release|Any CPU
		{4CF34D1C-662C-400D-BEAF-E87CE1D08FAB}.AppStore|iPhoneSimulator.Build.0 = Release|Any CPU
		{4CF34D1C-662C-400D-BEAF-E87CE1D08FAB}.AppStore|x64.ActiveCfg = Release|Any CPU
		{4CF34D1C-662C-400D-BEAF-E87CE1D08FAB}.AppStore|x64.Build.0 = Release|Any CPU
		{4CF34D1C-662C-400D-BEAF-E87CE1D08FAB}.AppStore|x86.ActiveCfg = Release|Any CPU
		{4CF34D1C-662C-400D-BEAF-E87CE1D08FAB}.AppStore|x86.Build.0 = Release|Any CPU
		{4CF34D1C-662C-400D-BEAF-E87CE1D08FAB}.Debug|Any CPU.ActiveCfg = Debug|Any CPU
		{4CF34D1C-662C-400D-BEAF-E87CE1D08FAB}.Debug|Any CPU.Build.0 = Debug|Any CPU
		{4CF34D1C-662C-400D-BEAF-E87CE1D08FAB}.Debug|ARM.ActiveCfg = Debug|Any CPU
		{4CF34D1C-662C-400D-BEAF-E87CE1D08FAB}.Debug|ARM.Build.0 = Debug|Any CPU
		{4CF34D1C-662C-400D-BEAF-E87CE1D08FAB}.Debug|iPhone.ActiveCfg = Debug|Any CPU
		{4CF34D1C-662C-400D-BEAF-E87CE1D08FAB}.Debug|iPhone.Build.0 = Debug|Any CPU
		{4CF34D1C-662C-400D-BEAF-E87CE1D08FAB}.Debug|iPhoneSimulator.ActiveCfg = Debug|Any CPU
		{4CF34D1C-662C-400D-BEAF-E87CE1D08FAB}.Debug|iPhoneSimulator.Build.0 = Debug|Any CPU
		{4CF34D1C-662C-400D-BEAF-E87CE1D08FAB}.Debug|x64.ActiveCfg = Debug|Any CPU
		{4CF34D1C-662C-400D-BEAF-E87CE1D08FAB}.Debug|x64.Build.0 = Debug|Any CPU
		{4CF34D1C-662C-400D-BEAF-E87CE1D08FAB}.Debug|x86.ActiveCfg = Debug|Any CPU
		{4CF34D1C-662C-400D-BEAF-E87CE1D08FAB}.Debug|x86.Build.0 = Debug|Any CPU
		{4CF34D1C-662C-400D-BEAF-E87CE1D08FAB}.PublishFiller|Any CPU.ActiveCfg = PublishFiller|Any CPU
		{4CF34D1C-662C-400D-BEAF-E87CE1D08FAB}.PublishFiller|Any CPU.Build.0 = PublishFiller|Any CPU
		{4CF34D1C-662C-400D-BEAF-E87CE1D08FAB}.PublishFiller|ARM.ActiveCfg = PublishFiller|Any CPU
		{4CF34D1C-662C-400D-BEAF-E87CE1D08FAB}.PublishFiller|ARM.Build.0 = PublishFiller|Any CPU
		{4CF34D1C-662C-400D-BEAF-E87CE1D08FAB}.PublishFiller|iPhone.ActiveCfg = PublishFiller|Any CPU
		{4CF34D1C-662C-400D-BEAF-E87CE1D08FAB}.PublishFiller|iPhone.Build.0 = PublishFiller|Any CPU
		{4CF34D1C-662C-400D-BEAF-E87CE1D08FAB}.PublishFiller|iPhoneSimulator.ActiveCfg = PublishFiller|Any CPU
		{4CF34D1C-662C-400D-BEAF-E87CE1D08FAB}.PublishFiller|iPhoneSimulator.Build.0 = PublishFiller|Any CPU
		{4CF34D1C-662C-400D-BEAF-E87CE1D08FAB}.PublishFiller|x64.ActiveCfg = PublishFiller|Any CPU
		{4CF34D1C-662C-400D-BEAF-E87CE1D08FAB}.PublishFiller|x64.Build.0 = PublishFiller|Any CPU
		{4CF34D1C-662C-400D-BEAF-E87CE1D08FAB}.PublishFiller|x86.ActiveCfg = PublishFiller|Any CPU
		{4CF34D1C-662C-400D-BEAF-E87CE1D08FAB}.PublishFiller|x86.Build.0 = PublishFiller|Any CPU
		{4CF34D1C-662C-400D-BEAF-E87CE1D08FAB}.Release|Any CPU.ActiveCfg = Release|Any CPU
		{4CF34D1C-662C-400D-BEAF-E87CE1D08FAB}.Release|Any CPU.Build.0 = Release|Any CPU
		{4CF34D1C-662C-400D-BEAF-E87CE1D08FAB}.Release|ARM.ActiveCfg = Release|Any CPU
		{4CF34D1C-662C-400D-BEAF-E87CE1D08FAB}.Release|ARM.Build.0 = Release|Any CPU
		{4CF34D1C-662C-400D-BEAF-E87CE1D08FAB}.Release|iPhone.ActiveCfg = Release|Any CPU
		{4CF34D1C-662C-400D-BEAF-E87CE1D08FAB}.Release|iPhone.Build.0 = Release|Any CPU
		{4CF34D1C-662C-400D-BEAF-E87CE1D08FAB}.Release|iPhoneSimulator.ActiveCfg = Release|Any CPU
		{4CF34D1C-662C-400D-BEAF-E87CE1D08FAB}.Release|iPhoneSimulator.Build.0 = Release|Any CPU
		{4CF34D1C-662C-400D-BEAF-E87CE1D08FAB}.Release|x64.ActiveCfg = Release|Any CPU
		{4CF34D1C-662C-400D-BEAF-E87CE1D08FAB}.Release|x64.Build.0 = Release|Any CPU
		{4CF34D1C-662C-400D-BEAF-E87CE1D08FAB}.Release|x86.ActiveCfg = Release|Any CPU
		{4CF34D1C-662C-400D-BEAF-E87CE1D08FAB}.Release|x86.Build.0 = Release|Any CPU
		{8739CED3-5844-4F18-B2E3-C99036B31B33}.Ad-Hoc|Any CPU.ActiveCfg = Release|Any CPU
		{8739CED3-5844-4F18-B2E3-C99036B31B33}.Ad-Hoc|Any CPU.Build.0 = Release|Any CPU
		{8739CED3-5844-4F18-B2E3-C99036B31B33}.Ad-Hoc|ARM.ActiveCfg = Release|Any CPU
		{8739CED3-5844-4F18-B2E3-C99036B31B33}.Ad-Hoc|ARM.Build.0 = Release|Any CPU
		{8739CED3-5844-4F18-B2E3-C99036B31B33}.Ad-Hoc|iPhone.ActiveCfg = Release|Any CPU
		{8739CED3-5844-4F18-B2E3-C99036B31B33}.Ad-Hoc|iPhone.Build.0 = Release|Any CPU
		{8739CED3-5844-4F18-B2E3-C99036B31B33}.Ad-Hoc|iPhoneSimulator.ActiveCfg = Release|Any CPU
		{8739CED3-5844-4F18-B2E3-C99036B31B33}.Ad-Hoc|iPhoneSimulator.Build.0 = Release|Any CPU
		{8739CED3-5844-4F18-B2E3-C99036B31B33}.Ad-Hoc|x64.ActiveCfg = Release|Any CPU
		{8739CED3-5844-4F18-B2E3-C99036B31B33}.Ad-Hoc|x64.Build.0 = Release|Any CPU
		{8739CED3-5844-4F18-B2E3-C99036B31B33}.Ad-Hoc|x86.ActiveCfg = Release|Any CPU
		{8739CED3-5844-4F18-B2E3-C99036B31B33}.Ad-Hoc|x86.Build.0 = Release|Any CPU
		{8739CED3-5844-4F18-B2E3-C99036B31B33}.AppStore|Any CPU.ActiveCfg = Release|Any CPU
		{8739CED3-5844-4F18-B2E3-C99036B31B33}.AppStore|Any CPU.Build.0 = Release|Any CPU
		{8739CED3-5844-4F18-B2E3-C99036B31B33}.AppStore|ARM.ActiveCfg = Release|Any CPU
		{8739CED3-5844-4F18-B2E3-C99036B31B33}.AppStore|ARM.Build.0 = Release|Any CPU
		{8739CED3-5844-4F18-B2E3-C99036B31B33}.AppStore|iPhone.ActiveCfg = Release|Any CPU
		{8739CED3-5844-4F18-B2E3-C99036B31B33}.AppStore|iPhone.Build.0 = Release|Any CPU
		{8739CED3-5844-4F18-B2E3-C99036B31B33}.AppStore|iPhoneSimulator.ActiveCfg = Release|Any CPU
		{8739CED3-5844-4F18-B2E3-C99036B31B33}.AppStore|iPhoneSimulator.Build.0 = Release|Any CPU
		{8739CED3-5844-4F18-B2E3-C99036B31B33}.AppStore|x64.ActiveCfg = Release|Any CPU
		{8739CED3-5844-4F18-B2E3-C99036B31B33}.AppStore|x64.Build.0 = Release|Any CPU
		{8739CED3-5844-4F18-B2E3-C99036B31B33}.AppStore|x86.ActiveCfg = Release|Any CPU
		{8739CED3-5844-4F18-B2E3-C99036B31B33}.AppStore|x86.Build.0 = Release|Any CPU
		{8739CED3-5844-4F18-B2E3-C99036B31B33}.Debug|Any CPU.ActiveCfg = Debug|Any CPU
		{8739CED3-5844-4F18-B2E3-C99036B31B33}.Debug|Any CPU.Build.0 = Debug|Any CPU
		{8739CED3-5844-4F18-B2E3-C99036B31B33}.Debug|ARM.ActiveCfg = Debug|Any CPU
		{8739CED3-5844-4F18-B2E3-C99036B31B33}.Debug|ARM.Build.0 = Debug|Any CPU
		{8739CED3-5844-4F18-B2E3-C99036B31B33}.Debug|iPhone.ActiveCfg = Debug|Any CPU
		{8739CED3-5844-4F18-B2E3-C99036B31B33}.Debug|iPhone.Build.0 = Debug|Any CPU
		{8739CED3-5844-4F18-B2E3-C99036B31B33}.Debug|iPhoneSimulator.ActiveCfg = Debug|Any CPU
		{8739CED3-5844-4F18-B2E3-C99036B31B33}.Debug|iPhoneSimulator.Build.0 = Debug|Any CPU
		{8739CED3-5844-4F18-B2E3-C99036B31B33}.Debug|x64.ActiveCfg = Debug|Any CPU
		{8739CED3-5844-4F18-B2E3-C99036B31B33}.Debug|x64.Build.0 = Debug|Any CPU
		{8739CED3-5844-4F18-B2E3-C99036B31B33}.Debug|x86.ActiveCfg = Debug|Any CPU
		{8739CED3-5844-4F18-B2E3-C99036B31B33}.Debug|x86.Build.0 = Debug|Any CPU
		{8739CED3-5844-4F18-B2E3-C99036B31B33}.PublishFiller|Any CPU.ActiveCfg = Release|Any CPU
		{8739CED3-5844-4F18-B2E3-C99036B31B33}.PublishFiller|Any CPU.Build.0 = Release|Any CPU
		{8739CED3-5844-4F18-B2E3-C99036B31B33}.PublishFiller|ARM.ActiveCfg = Release|Any CPU
		{8739CED3-5844-4F18-B2E3-C99036B31B33}.PublishFiller|ARM.Build.0 = Release|Any CPU
		{8739CED3-5844-4F18-B2E3-C99036B31B33}.PublishFiller|iPhone.ActiveCfg = Release|Any CPU
		{8739CED3-5844-4F18-B2E3-C99036B31B33}.PublishFiller|iPhone.Build.0 = Release|Any CPU
		{8739CED3-5844-4F18-B2E3-C99036B31B33}.PublishFiller|iPhoneSimulator.ActiveCfg = Release|Any CPU
		{8739CED3-5844-4F18-B2E3-C99036B31B33}.PublishFiller|iPhoneSimulator.Build.0 = Release|Any CPU
		{8739CED3-5844-4F18-B2E3-C99036B31B33}.PublishFiller|x64.ActiveCfg = Release|Any CPU
		{8739CED3-5844-4F18-B2E3-C99036B31B33}.PublishFiller|x64.Build.0 = Release|Any CPU
		{8739CED3-5844-4F18-B2E3-C99036B31B33}.PublishFiller|x86.ActiveCfg = Release|Any CPU
		{8739CED3-5844-4F18-B2E3-C99036B31B33}.PublishFiller|x86.Build.0 = Release|Any CPU
		{8739CED3-5844-4F18-B2E3-C99036B31B33}.Release|Any CPU.ActiveCfg = Release|Any CPU
		{8739CED3-5844-4F18-B2E3-C99036B31B33}.Release|Any CPU.Build.0 = Release|Any CPU
		{8739CED3-5844-4F18-B2E3-C99036B31B33}.Release|ARM.ActiveCfg = Release|Any CPU
		{8739CED3-5844-4F18-B2E3-C99036B31B33}.Release|ARM.Build.0 = Release|Any CPU
		{8739CED3-5844-4F18-B2E3-C99036B31B33}.Release|iPhone.ActiveCfg = Release|Any CPU
		{8739CED3-5844-4F18-B2E3-C99036B31B33}.Release|iPhone.Build.0 = Release|Any CPU
		{8739CED3-5844-4F18-B2E3-C99036B31B33}.Release|iPhoneSimulator.ActiveCfg = Release|Any CPU
		{8739CED3-5844-4F18-B2E3-C99036B31B33}.Release|iPhoneSimulator.Build.0 = Release|Any CPU
		{8739CED3-5844-4F18-B2E3-C99036B31B33}.Release|x64.ActiveCfg = Release|Any CPU
		{8739CED3-5844-4F18-B2E3-C99036B31B33}.Release|x64.Build.0 = Release|Any CPU
		{8739CED3-5844-4F18-B2E3-C99036B31B33}.Release|x86.ActiveCfg = Release|Any CPU
		{8739CED3-5844-4F18-B2E3-C99036B31B33}.Release|x86.Build.0 = Release|Any CPU
		{062829A8-39A4-444E-AB44-98284E164644}.Ad-Hoc|Any CPU.ActiveCfg = Release|Any CPU
		{062829A8-39A4-444E-AB44-98284E164644}.Ad-Hoc|Any CPU.Build.0 = Release|Any CPU
		{062829A8-39A4-444E-AB44-98284E164644}.Ad-Hoc|Any CPU.Deploy.0 = Release|Any CPU
		{062829A8-39A4-444E-AB44-98284E164644}.Ad-Hoc|ARM.ActiveCfg = Release|Any CPU
		{062829A8-39A4-444E-AB44-98284E164644}.Ad-Hoc|ARM.Build.0 = Release|Any CPU
		{062829A8-39A4-444E-AB44-98284E164644}.Ad-Hoc|ARM.Deploy.0 = Release|Any CPU
		{062829A8-39A4-444E-AB44-98284E164644}.Ad-Hoc|iPhone.ActiveCfg = Release|Any CPU
		{062829A8-39A4-444E-AB44-98284E164644}.Ad-Hoc|iPhone.Build.0 = Release|Any CPU
		{062829A8-39A4-444E-AB44-98284E164644}.Ad-Hoc|iPhone.Deploy.0 = Release|Any CPU
		{062829A8-39A4-444E-AB44-98284E164644}.Ad-Hoc|iPhoneSimulator.ActiveCfg = Release|Any CPU
		{062829A8-39A4-444E-AB44-98284E164644}.Ad-Hoc|iPhoneSimulator.Build.0 = Release|Any CPU
		{062829A8-39A4-444E-AB44-98284E164644}.Ad-Hoc|iPhoneSimulator.Deploy.0 = Release|Any CPU
		{062829A8-39A4-444E-AB44-98284E164644}.Ad-Hoc|x64.ActiveCfg = Release|Any CPU
		{062829A8-39A4-444E-AB44-98284E164644}.Ad-Hoc|x64.Build.0 = Release|Any CPU
		{062829A8-39A4-444E-AB44-98284E164644}.Ad-Hoc|x64.Deploy.0 = Release|Any CPU
		{062829A8-39A4-444E-AB44-98284E164644}.Ad-Hoc|x86.ActiveCfg = Release|Any CPU
		{062829A8-39A4-444E-AB44-98284E164644}.Ad-Hoc|x86.Build.0 = Release|Any CPU
		{062829A8-39A4-444E-AB44-98284E164644}.Ad-Hoc|x86.Deploy.0 = Release|Any CPU
		{062829A8-39A4-444E-AB44-98284E164644}.AppStore|Any CPU.ActiveCfg = Release|Any CPU
		{062829A8-39A4-444E-AB44-98284E164644}.AppStore|Any CPU.Build.0 = Release|Any CPU
		{062829A8-39A4-444E-AB44-98284E164644}.AppStore|Any CPU.Deploy.0 = Release|Any CPU
		{062829A8-39A4-444E-AB44-98284E164644}.AppStore|ARM.ActiveCfg = Release|Any CPU
		{062829A8-39A4-444E-AB44-98284E164644}.AppStore|ARM.Build.0 = Release|Any CPU
		{062829A8-39A4-444E-AB44-98284E164644}.AppStore|ARM.Deploy.0 = Release|Any CPU
		{062829A8-39A4-444E-AB44-98284E164644}.AppStore|iPhone.ActiveCfg = Release|Any CPU
		{062829A8-39A4-444E-AB44-98284E164644}.AppStore|iPhone.Build.0 = Release|Any CPU
		{062829A8-39A4-444E-AB44-98284E164644}.AppStore|iPhone.Deploy.0 = Release|Any CPU
		{062829A8-39A4-444E-AB44-98284E164644}.AppStore|iPhoneSimulator.ActiveCfg = Release|Any CPU
		{062829A8-39A4-444E-AB44-98284E164644}.AppStore|iPhoneSimulator.Build.0 = Release|Any CPU
		{062829A8-39A4-444E-AB44-98284E164644}.AppStore|iPhoneSimulator.Deploy.0 = Release|Any CPU
		{062829A8-39A4-444E-AB44-98284E164644}.AppStore|x64.ActiveCfg = Release|Any CPU
		{062829A8-39A4-444E-AB44-98284E164644}.AppStore|x64.Build.0 = Release|Any CPU
		{062829A8-39A4-444E-AB44-98284E164644}.AppStore|x64.Deploy.0 = Release|Any CPU
		{062829A8-39A4-444E-AB44-98284E164644}.AppStore|x86.ActiveCfg = Release|Any CPU
		{062829A8-39A4-444E-AB44-98284E164644}.AppStore|x86.Build.0 = Release|Any CPU
		{062829A8-39A4-444E-AB44-98284E164644}.AppStore|x86.Deploy.0 = Release|Any CPU
		{062829A8-39A4-444E-AB44-98284E164644}.Debug|Any CPU.ActiveCfg = Debug|Any CPU
		{062829A8-39A4-444E-AB44-98284E164644}.Debug|Any CPU.Build.0 = Debug|Any CPU
		{062829A8-39A4-444E-AB44-98284E164644}.Debug|Any CPU.Deploy.0 = Debug|Any CPU
		{062829A8-39A4-444E-AB44-98284E164644}.Debug|ARM.ActiveCfg = Debug|Any CPU
		{062829A8-39A4-444E-AB44-98284E164644}.Debug|ARM.Build.0 = Debug|Any CPU
		{062829A8-39A4-444E-AB44-98284E164644}.Debug|ARM.Deploy.0 = Debug|Any CPU
		{062829A8-39A4-444E-AB44-98284E164644}.Debug|iPhone.ActiveCfg = Debug|Any CPU
		{062829A8-39A4-444E-AB44-98284E164644}.Debug|iPhone.Build.0 = Debug|Any CPU
		{062829A8-39A4-444E-AB44-98284E164644}.Debug|iPhone.Deploy.0 = Debug|Any CPU
		{062829A8-39A4-444E-AB44-98284E164644}.Debug|iPhoneSimulator.ActiveCfg = Debug|Any CPU
		{062829A8-39A4-444E-AB44-98284E164644}.Debug|iPhoneSimulator.Build.0 = Debug|Any CPU
		{062829A8-39A4-444E-AB44-98284E164644}.Debug|iPhoneSimulator.Deploy.0 = Debug|Any CPU
		{062829A8-39A4-444E-AB44-98284E164644}.Debug|x64.ActiveCfg = Debug|Any CPU
		{062829A8-39A4-444E-AB44-98284E164644}.Debug|x64.Build.0 = Debug|Any CPU
		{062829A8-39A4-444E-AB44-98284E164644}.Debug|x64.Deploy.0 = Debug|Any CPU
		{062829A8-39A4-444E-AB44-98284E164644}.Debug|x86.ActiveCfg = Debug|Any CPU
		{062829A8-39A4-444E-AB44-98284E164644}.Debug|x86.Build.0 = Debug|Any CPU
		{062829A8-39A4-444E-AB44-98284E164644}.Debug|x86.Deploy.0 = Debug|Any CPU
		{062829A8-39A4-444E-AB44-98284E164644}.PublishFiller|Any CPU.ActiveCfg = Release|Any CPU
		{062829A8-39A4-444E-AB44-98284E164644}.PublishFiller|Any CPU.Build.0 = Release|Any CPU
		{062829A8-39A4-444E-AB44-98284E164644}.PublishFiller|Any CPU.Deploy.0 = Release|Any CPU
		{062829A8-39A4-444E-AB44-98284E164644}.PublishFiller|ARM.ActiveCfg = Release|Any CPU
		{062829A8-39A4-444E-AB44-98284E164644}.PublishFiller|ARM.Build.0 = Release|Any CPU
		{062829A8-39A4-444E-AB44-98284E164644}.PublishFiller|ARM.Deploy.0 = Release|Any CPU
		{062829A8-39A4-444E-AB44-98284E164644}.PublishFiller|iPhone.ActiveCfg = Release|Any CPU
		{062829A8-39A4-444E-AB44-98284E164644}.PublishFiller|iPhone.Build.0 = Release|Any CPU
		{062829A8-39A4-444E-AB44-98284E164644}.PublishFiller|iPhone.Deploy.0 = Release|Any CPU
		{062829A8-39A4-444E-AB44-98284E164644}.PublishFiller|iPhoneSimulator.ActiveCfg = Release|Any CPU
		{062829A8-39A4-444E-AB44-98284E164644}.PublishFiller|iPhoneSimulator.Build.0 = Release|Any CPU
		{062829A8-39A4-444E-AB44-98284E164644}.PublishFiller|iPhoneSimulator.Deploy.0 = Release|Any CPU
		{062829A8-39A4-444E-AB44-98284E164644}.PublishFiller|x64.ActiveCfg = Release|Any CPU
		{062829A8-39A4-444E-AB44-98284E164644}.PublishFiller|x64.Build.0 = Release|Any CPU
		{062829A8-39A4-444E-AB44-98284E164644}.PublishFiller|x64.Deploy.0 = Release|Any CPU
		{062829A8-39A4-444E-AB44-98284E164644}.PublishFiller|x86.ActiveCfg = Release|Any CPU
		{062829A8-39A4-444E-AB44-98284E164644}.PublishFiller|x86.Build.0 = Release|Any CPU
		{062829A8-39A4-444E-AB44-98284E164644}.PublishFiller|x86.Deploy.0 = Release|Any CPU
		{062829A8-39A4-444E-AB44-98284E164644}.Release|Any CPU.ActiveCfg = Release|Any CPU
		{062829A8-39A4-444E-AB44-98284E164644}.Release|Any CPU.Build.0 = Release|Any CPU
		{062829A8-39A4-444E-AB44-98284E164644}.Release|Any CPU.Deploy.0 = Release|Any CPU
		{062829A8-39A4-444E-AB44-98284E164644}.Release|ARM.ActiveCfg = Release|Any CPU
		{062829A8-39A4-444E-AB44-98284E164644}.Release|ARM.Build.0 = Release|Any CPU
		{062829A8-39A4-444E-AB44-98284E164644}.Release|ARM.Deploy.0 = Release|Any CPU
		{062829A8-39A4-444E-AB44-98284E164644}.Release|iPhone.ActiveCfg = Release|Any CPU
		{062829A8-39A4-444E-AB44-98284E164644}.Release|iPhone.Build.0 = Release|Any CPU
		{062829A8-39A4-444E-AB44-98284E164644}.Release|iPhone.Deploy.0 = Release|Any CPU
		{062829A8-39A4-444E-AB44-98284E164644}.Release|iPhoneSimulator.ActiveCfg = Release|Any CPU
		{062829A8-39A4-444E-AB44-98284E164644}.Release|iPhoneSimulator.Build.0 = Release|Any CPU
		{062829A8-39A4-444E-AB44-98284E164644}.Release|iPhoneSimulator.Deploy.0 = Release|Any CPU
		{062829A8-39A4-444E-AB44-98284E164644}.Release|x64.ActiveCfg = Release|Any CPU
		{062829A8-39A4-444E-AB44-98284E164644}.Release|x64.Build.0 = Release|Any CPU
		{062829A8-39A4-444E-AB44-98284E164644}.Release|x64.Deploy.0 = Release|Any CPU
		{062829A8-39A4-444E-AB44-98284E164644}.Release|x86.ActiveCfg = Release|Any CPU
		{062829A8-39A4-444E-AB44-98284E164644}.Release|x86.Build.0 = Release|Any CPU
		{062829A8-39A4-444E-AB44-98284E164644}.Release|x86.Deploy.0 = Release|Any CPU
		{C312D7D6-5FB7-4133-B735-99EB971C91A0}.Ad-Hoc|Any CPU.ActiveCfg = Release|Any CPU
		{C312D7D6-5FB7-4133-B735-99EB971C91A0}.Ad-Hoc|Any CPU.Build.0 = Release|Any CPU
		{C312D7D6-5FB7-4133-B735-99EB971C91A0}.Ad-Hoc|Any CPU.Deploy.0 = Release|Any CPU
		{C312D7D6-5FB7-4133-B735-99EB971C91A0}.Ad-Hoc|ARM.ActiveCfg = Release|Any CPU
		{C312D7D6-5FB7-4133-B735-99EB971C91A0}.Ad-Hoc|ARM.Build.0 = Release|Any CPU
		{C312D7D6-5FB7-4133-B735-99EB971C91A0}.Ad-Hoc|ARM.Deploy.0 = Release|Any CPU
		{C312D7D6-5FB7-4133-B735-99EB971C91A0}.Ad-Hoc|iPhone.ActiveCfg = Release|Any CPU
		{C312D7D6-5FB7-4133-B735-99EB971C91A0}.Ad-Hoc|iPhone.Build.0 = Release|Any CPU
		{C312D7D6-5FB7-4133-B735-99EB971C91A0}.Ad-Hoc|iPhone.Deploy.0 = Release|Any CPU
		{C312D7D6-5FB7-4133-B735-99EB971C91A0}.Ad-Hoc|iPhoneSimulator.ActiveCfg = Release|Any CPU
		{C312D7D6-5FB7-4133-B735-99EB971C91A0}.Ad-Hoc|iPhoneSimulator.Build.0 = Release|Any CPU
		{C312D7D6-5FB7-4133-B735-99EB971C91A0}.Ad-Hoc|iPhoneSimulator.Deploy.0 = Release|Any CPU
		{C312D7D6-5FB7-4133-B735-99EB971C91A0}.Ad-Hoc|x64.ActiveCfg = Release|Any CPU
		{C312D7D6-5FB7-4133-B735-99EB971C91A0}.Ad-Hoc|x64.Build.0 = Release|Any CPU
		{C312D7D6-5FB7-4133-B735-99EB971C91A0}.Ad-Hoc|x64.Deploy.0 = Release|Any CPU
		{C312D7D6-5FB7-4133-B735-99EB971C91A0}.Ad-Hoc|x86.ActiveCfg = Release|Any CPU
		{C312D7D6-5FB7-4133-B735-99EB971C91A0}.Ad-Hoc|x86.Build.0 = Release|Any CPU
		{C312D7D6-5FB7-4133-B735-99EB971C91A0}.Ad-Hoc|x86.Deploy.0 = Release|Any CPU
		{C312D7D6-5FB7-4133-B735-99EB971C91A0}.AppStore|Any CPU.ActiveCfg = Release|Any CPU
		{C312D7D6-5FB7-4133-B735-99EB971C91A0}.AppStore|Any CPU.Build.0 = Release|Any CPU
		{C312D7D6-5FB7-4133-B735-99EB971C91A0}.AppStore|Any CPU.Deploy.0 = Release|Any CPU
		{C312D7D6-5FB7-4133-B735-99EB971C91A0}.AppStore|ARM.ActiveCfg = Release|Any CPU
		{C312D7D6-5FB7-4133-B735-99EB971C91A0}.AppStore|ARM.Build.0 = Release|Any CPU
		{C312D7D6-5FB7-4133-B735-99EB971C91A0}.AppStore|ARM.Deploy.0 = Release|Any CPU
		{C312D7D6-5FB7-4133-B735-99EB971C91A0}.AppStore|iPhone.ActiveCfg = Release|Any CPU
		{C312D7D6-5FB7-4133-B735-99EB971C91A0}.AppStore|iPhone.Build.0 = Release|Any CPU
		{C312D7D6-5FB7-4133-B735-99EB971C91A0}.AppStore|iPhone.Deploy.0 = Release|Any CPU
		{C312D7D6-5FB7-4133-B735-99EB971C91A0}.AppStore|iPhoneSimulator.ActiveCfg = Release|Any CPU
		{C312D7D6-5FB7-4133-B735-99EB971C91A0}.AppStore|iPhoneSimulator.Build.0 = Release|Any CPU
		{C312D7D6-5FB7-4133-B735-99EB971C91A0}.AppStore|iPhoneSimulator.Deploy.0 = Release|Any CPU
		{C312D7D6-5FB7-4133-B735-99EB971C91A0}.AppStore|x64.ActiveCfg = Release|Any CPU
		{C312D7D6-5FB7-4133-B735-99EB971C91A0}.AppStore|x64.Build.0 = Release|Any CPU
		{C312D7D6-5FB7-4133-B735-99EB971C91A0}.AppStore|x64.Deploy.0 = Release|Any CPU
		{C312D7D6-5FB7-4133-B735-99EB971C91A0}.AppStore|x86.ActiveCfg = Release|Any CPU
		{C312D7D6-5FB7-4133-B735-99EB971C91A0}.AppStore|x86.Build.0 = Release|Any CPU
		{C312D7D6-5FB7-4133-B735-99EB971C91A0}.AppStore|x86.Deploy.0 = Release|Any CPU
		{C312D7D6-5FB7-4133-B735-99EB971C91A0}.Debug|Any CPU.ActiveCfg = Debug|Any CPU
		{C312D7D6-5FB7-4133-B735-99EB971C91A0}.Debug|Any CPU.Build.0 = Debug|Any CPU
		{C312D7D6-5FB7-4133-B735-99EB971C91A0}.Debug|Any CPU.Deploy.0 = Debug|Any CPU
		{C312D7D6-5FB7-4133-B735-99EB971C91A0}.Debug|ARM.ActiveCfg = Debug|Any CPU
		{C312D7D6-5FB7-4133-B735-99EB971C91A0}.Debug|ARM.Build.0 = Debug|Any CPU
		{C312D7D6-5FB7-4133-B735-99EB971C91A0}.Debug|ARM.Deploy.0 = Debug|Any CPU
		{C312D7D6-5FB7-4133-B735-99EB971C91A0}.Debug|iPhone.ActiveCfg = Debug|Any CPU
		{C312D7D6-5FB7-4133-B735-99EB971C91A0}.Debug|iPhone.Build.0 = Debug|Any CPU
		{C312D7D6-5FB7-4133-B735-99EB971C91A0}.Debug|iPhone.Deploy.0 = Debug|Any CPU
		{C312D7D6-5FB7-4133-B735-99EB971C91A0}.Debug|iPhoneSimulator.ActiveCfg = Debug|Any CPU
		{C312D7D6-5FB7-4133-B735-99EB971C91A0}.Debug|iPhoneSimulator.Build.0 = Debug|Any CPU
		{C312D7D6-5FB7-4133-B735-99EB971C91A0}.Debug|iPhoneSimulator.Deploy.0 = Debug|Any CPU
		{C312D7D6-5FB7-4133-B735-99EB971C91A0}.Debug|x64.ActiveCfg = Debug|Any CPU
		{C312D7D6-5FB7-4133-B735-99EB971C91A0}.Debug|x64.Build.0 = Debug|Any CPU
		{C312D7D6-5FB7-4133-B735-99EB971C91A0}.Debug|x64.Deploy.0 = Debug|Any CPU
		{C312D7D6-5FB7-4133-B735-99EB971C91A0}.Debug|x86.ActiveCfg = Debug|Any CPU
		{C312D7D6-5FB7-4133-B735-99EB971C91A0}.Debug|x86.Build.0 = Debug|Any CPU
		{C312D7D6-5FB7-4133-B735-99EB971C91A0}.Debug|x86.Deploy.0 = Debug|Any CPU
		{C312D7D6-5FB7-4133-B735-99EB971C91A0}.PublishFiller|Any CPU.ActiveCfg = Release|Any CPU
		{C312D7D6-5FB7-4133-B735-99EB971C91A0}.PublishFiller|Any CPU.Build.0 = Release|Any CPU
		{C312D7D6-5FB7-4133-B735-99EB971C91A0}.PublishFiller|Any CPU.Deploy.0 = Release|Any CPU
		{C312D7D6-5FB7-4133-B735-99EB971C91A0}.PublishFiller|ARM.ActiveCfg = Release|Any CPU
		{C312D7D6-5FB7-4133-B735-99EB971C91A0}.PublishFiller|ARM.Build.0 = Release|Any CPU
		{C312D7D6-5FB7-4133-B735-99EB971C91A0}.PublishFiller|ARM.Deploy.0 = Release|Any CPU
		{C312D7D6-5FB7-4133-B735-99EB971C91A0}.PublishFiller|iPhone.ActiveCfg = Release|Any CPU
		{C312D7D6-5FB7-4133-B735-99EB971C91A0}.PublishFiller|iPhone.Build.0 = Release|Any CPU
		{C312D7D6-5FB7-4133-B735-99EB971C91A0}.PublishFiller|iPhone.Deploy.0 = Release|Any CPU
		{C312D7D6-5FB7-4133-B735-99EB971C91A0}.PublishFiller|iPhoneSimulator.ActiveCfg = Release|Any CPU
		{C312D7D6-5FB7-4133-B735-99EB971C91A0}.PublishFiller|iPhoneSimulator.Build.0 = Release|Any CPU
		{C312D7D6-5FB7-4133-B735-99EB971C91A0}.PublishFiller|iPhoneSimulator.Deploy.0 = Release|Any CPU
		{C312D7D6-5FB7-4133-B735-99EB971C91A0}.PublishFiller|x64.ActiveCfg = Release|Any CPU
		{C312D7D6-5FB7-4133-B735-99EB971C91A0}.PublishFiller|x64.Build.0 = Release|Any CPU
		{C312D7D6-5FB7-4133-B735-99EB971C91A0}.PublishFiller|x64.Deploy.0 = Release|Any CPU
		{C312D7D6-5FB7-4133-B735-99EB971C91A0}.PublishFiller|x86.ActiveCfg = Release|Any CPU
		{C312D7D6-5FB7-4133-B735-99EB971C91A0}.PublishFiller|x86.Build.0 = Release|Any CPU
		{C312D7D6-5FB7-4133-B735-99EB971C91A0}.PublishFiller|x86.Deploy.0 = Release|Any CPU
		{C312D7D6-5FB7-4133-B735-99EB971C91A0}.Release|Any CPU.ActiveCfg = Release|Any CPU
		{C312D7D6-5FB7-4133-B735-99EB971C91A0}.Release|Any CPU.Build.0 = Release|Any CPU
		{C312D7D6-5FB7-4133-B735-99EB971C91A0}.Release|Any CPU.Deploy.0 = Release|Any CPU
		{C312D7D6-5FB7-4133-B735-99EB971C91A0}.Release|ARM.ActiveCfg = Release|Any CPU
		{C312D7D6-5FB7-4133-B735-99EB971C91A0}.Release|ARM.Build.0 = Release|Any CPU
		{C312D7D6-5FB7-4133-B735-99EB971C91A0}.Release|ARM.Deploy.0 = Release|Any CPU
		{C312D7D6-5FB7-4133-B735-99EB971C91A0}.Release|iPhone.ActiveCfg = Release|Any CPU
		{C312D7D6-5FB7-4133-B735-99EB971C91A0}.Release|iPhone.Build.0 = Release|Any CPU
		{C312D7D6-5FB7-4133-B735-99EB971C91A0}.Release|iPhone.Deploy.0 = Release|Any CPU
		{C312D7D6-5FB7-4133-B735-99EB971C91A0}.Release|iPhoneSimulator.ActiveCfg = Release|Any CPU
		{C312D7D6-5FB7-4133-B735-99EB971C91A0}.Release|iPhoneSimulator.Build.0 = Release|Any CPU
		{C312D7D6-5FB7-4133-B735-99EB971C91A0}.Release|iPhoneSimulator.Deploy.0 = Release|Any CPU
		{C312D7D6-5FB7-4133-B735-99EB971C91A0}.Release|x64.ActiveCfg = Release|Any CPU
		{C312D7D6-5FB7-4133-B735-99EB971C91A0}.Release|x64.Build.0 = Release|Any CPU
		{C312D7D6-5FB7-4133-B735-99EB971C91A0}.Release|x64.Deploy.0 = Release|Any CPU
		{C312D7D6-5FB7-4133-B735-99EB971C91A0}.Release|x86.ActiveCfg = Release|Any CPU
		{C312D7D6-5FB7-4133-B735-99EB971C91A0}.Release|x86.Build.0 = Release|Any CPU
		{C312D7D6-5FB7-4133-B735-99EB971C91A0}.Release|x86.Deploy.0 = Release|Any CPU
		{64E91D01-E670-4374-A30D-33585A1DC127}.Ad-Hoc|Any CPU.ActiveCfg = Release|Any CPU
		{64E91D01-E670-4374-A30D-33585A1DC127}.Ad-Hoc|Any CPU.Build.0 = Release|Any CPU
		{64E91D01-E670-4374-A30D-33585A1DC127}.Ad-Hoc|ARM.ActiveCfg = Release|Any CPU
		{64E91D01-E670-4374-A30D-33585A1DC127}.Ad-Hoc|ARM.Build.0 = Release|Any CPU
		{64E91D01-E670-4374-A30D-33585A1DC127}.Ad-Hoc|iPhone.ActiveCfg = Release|Any CPU
		{64E91D01-E670-4374-A30D-33585A1DC127}.Ad-Hoc|iPhone.Build.0 = Release|Any CPU
		{64E91D01-E670-4374-A30D-33585A1DC127}.Ad-Hoc|iPhoneSimulator.ActiveCfg = Release|Any CPU
		{64E91D01-E670-4374-A30D-33585A1DC127}.Ad-Hoc|iPhoneSimulator.Build.0 = Release|Any CPU
		{64E91D01-E670-4374-A30D-33585A1DC127}.Ad-Hoc|x64.ActiveCfg = Release|Any CPU
		{64E91D01-E670-4374-A30D-33585A1DC127}.Ad-Hoc|x64.Build.0 = Release|Any CPU
		{64E91D01-E670-4374-A30D-33585A1DC127}.Ad-Hoc|x86.ActiveCfg = Release|x86
		{64E91D01-E670-4374-A30D-33585A1DC127}.Ad-Hoc|x86.Build.0 = Release|x86
		{64E91D01-E670-4374-A30D-33585A1DC127}.AppStore|Any CPU.ActiveCfg = Release|Any CPU
		{64E91D01-E670-4374-A30D-33585A1DC127}.AppStore|Any CPU.Build.0 = Release|Any CPU
		{64E91D01-E670-4374-A30D-33585A1DC127}.AppStore|ARM.ActiveCfg = Release|Any CPU
		{64E91D01-E670-4374-A30D-33585A1DC127}.AppStore|ARM.Build.0 = Release|Any CPU
		{64E91D01-E670-4374-A30D-33585A1DC127}.AppStore|iPhone.ActiveCfg = Release|Any CPU
		{64E91D01-E670-4374-A30D-33585A1DC127}.AppStore|iPhone.Build.0 = Release|Any CPU
		{64E91D01-E670-4374-A30D-33585A1DC127}.AppStore|iPhoneSimulator.ActiveCfg = Release|Any CPU
		{64E91D01-E670-4374-A30D-33585A1DC127}.AppStore|iPhoneSimulator.Build.0 = Release|Any CPU
		{64E91D01-E670-4374-A30D-33585A1DC127}.AppStore|x64.ActiveCfg = Release|Any CPU
		{64E91D01-E670-4374-A30D-33585A1DC127}.AppStore|x64.Build.0 = Release|Any CPU
		{64E91D01-E670-4374-A30D-33585A1DC127}.AppStore|x86.ActiveCfg = Release|x86
		{64E91D01-E670-4374-A30D-33585A1DC127}.AppStore|x86.Build.0 = Release|x86
		{64E91D01-E670-4374-A30D-33585A1DC127}.Debug|Any CPU.ActiveCfg = Debug|x86
		{64E91D01-E670-4374-A30D-33585A1DC127}.Debug|Any CPU.Build.0 = Debug|x86
		{64E91D01-E670-4374-A30D-33585A1DC127}.Debug|ARM.ActiveCfg = Debug|Any CPU
		{64E91D01-E670-4374-A30D-33585A1DC127}.Debug|ARM.Build.0 = Debug|Any CPU
		{64E91D01-E670-4374-A30D-33585A1DC127}.Debug|iPhone.ActiveCfg = Debug|x86
		{64E91D01-E670-4374-A30D-33585A1DC127}.Debug|iPhone.Build.0 = Debug|x86
		{64E91D01-E670-4374-A30D-33585A1DC127}.Debug|iPhoneSimulator.ActiveCfg = Debug|x86
		{64E91D01-E670-4374-A30D-33585A1DC127}.Debug|iPhoneSimulator.Build.0 = Debug|x86
		{64E91D01-E670-4374-A30D-33585A1DC127}.Debug|x64.ActiveCfg = Debug|Any CPU
		{64E91D01-E670-4374-A30D-33585A1DC127}.Debug|x64.Build.0 = Debug|Any CPU
		{64E91D01-E670-4374-A30D-33585A1DC127}.Debug|x86.ActiveCfg = Debug|x86
		{64E91D01-E670-4374-A30D-33585A1DC127}.Debug|x86.Build.0 = Debug|x86
		{64E91D01-E670-4374-A30D-33585A1DC127}.PublishFiller|Any CPU.ActiveCfg = Release|Any CPU
		{64E91D01-E670-4374-A30D-33585A1DC127}.PublishFiller|Any CPU.Build.0 = Release|Any CPU
		{64E91D01-E670-4374-A30D-33585A1DC127}.PublishFiller|ARM.ActiveCfg = Debug|Any CPU
		{64E91D01-E670-4374-A30D-33585A1DC127}.PublishFiller|ARM.Build.0 = Debug|Any CPU
		{64E91D01-E670-4374-A30D-33585A1DC127}.PublishFiller|iPhone.ActiveCfg = Release|Any CPU
		{64E91D01-E670-4374-A30D-33585A1DC127}.PublishFiller|iPhone.Build.0 = Release|Any CPU
		{64E91D01-E670-4374-A30D-33585A1DC127}.PublishFiller|iPhoneSimulator.ActiveCfg = Release|Any CPU
		{64E91D01-E670-4374-A30D-33585A1DC127}.PublishFiller|iPhoneSimulator.Build.0 = Release|Any CPU
		{64E91D01-E670-4374-A30D-33585A1DC127}.PublishFiller|x64.ActiveCfg = Debug|Any CPU
		{64E91D01-E670-4374-A30D-33585A1DC127}.PublishFiller|x64.Build.0 = Debug|Any CPU
		{64E91D01-E670-4374-A30D-33585A1DC127}.PublishFiller|x86.ActiveCfg = Release|x86
		{64E91D01-E670-4374-A30D-33585A1DC127}.PublishFiller|x86.Build.0 = Release|x86
		{64E91D01-E670-4374-A30D-33585A1DC127}.Release|Any CPU.ActiveCfg = Release|Any CPU
		{64E91D01-E670-4374-A30D-33585A1DC127}.Release|Any CPU.Build.0 = Release|Any CPU
		{64E91D01-E670-4374-A30D-33585A1DC127}.Release|ARM.ActiveCfg = Release|Any CPU
		{64E91D01-E670-4374-A30D-33585A1DC127}.Release|ARM.Build.0 = Release|Any CPU
		{64E91D01-E670-4374-A30D-33585A1DC127}.Release|iPhone.ActiveCfg = Release|Any CPU
		{64E91D01-E670-4374-A30D-33585A1DC127}.Release|iPhone.Build.0 = Release|Any CPU
		{64E91D01-E670-4374-A30D-33585A1DC127}.Release|iPhoneSimulator.ActiveCfg = Release|Any CPU
		{64E91D01-E670-4374-A30D-33585A1DC127}.Release|iPhoneSimulator.Build.0 = Release|Any CPU
		{64E91D01-E670-4374-A30D-33585A1DC127}.Release|x64.ActiveCfg = Release|Any CPU
		{64E91D01-E670-4374-A30D-33585A1DC127}.Release|x64.Build.0 = Release|Any CPU
		{64E91D01-E670-4374-A30D-33585A1DC127}.Release|x86.ActiveCfg = Release|x86
		{64E91D01-E670-4374-A30D-33585A1DC127}.Release|x86.Build.0 = Release|x86
		{D93C5B6A-7F1C-4904-89EF-4679784C7AD1}.Ad-Hoc|Any CPU.ActiveCfg = Release|Any CPU
		{D93C5B6A-7F1C-4904-89EF-4679784C7AD1}.Ad-Hoc|Any CPU.Build.0 = Release|Any CPU
		{D93C5B6A-7F1C-4904-89EF-4679784C7AD1}.Ad-Hoc|ARM.ActiveCfg = Release|ARM
		{D93C5B6A-7F1C-4904-89EF-4679784C7AD1}.Ad-Hoc|ARM.Build.0 = Release|ARM
		{D93C5B6A-7F1C-4904-89EF-4679784C7AD1}.Ad-Hoc|iPhone.ActiveCfg = Release|Any CPU
		{D93C5B6A-7F1C-4904-89EF-4679784C7AD1}.Ad-Hoc|iPhone.Build.0 = Release|Any CPU
		{D93C5B6A-7F1C-4904-89EF-4679784C7AD1}.Ad-Hoc|iPhoneSimulator.ActiveCfg = Release|Any CPU
		{D93C5B6A-7F1C-4904-89EF-4679784C7AD1}.Ad-Hoc|iPhoneSimulator.Build.0 = Release|Any CPU
		{D93C5B6A-7F1C-4904-89EF-4679784C7AD1}.Ad-Hoc|x64.ActiveCfg = Release|x64
		{D93C5B6A-7F1C-4904-89EF-4679784C7AD1}.Ad-Hoc|x64.Build.0 = Release|x64
		{D93C5B6A-7F1C-4904-89EF-4679784C7AD1}.Ad-Hoc|x86.ActiveCfg = Release|x86
		{D93C5B6A-7F1C-4904-89EF-4679784C7AD1}.Ad-Hoc|x86.Build.0 = Release|x86
		{D93C5B6A-7F1C-4904-89EF-4679784C7AD1}.AppStore|Any CPU.ActiveCfg = Release|Any CPU
		{D93C5B6A-7F1C-4904-89EF-4679784C7AD1}.AppStore|Any CPU.Build.0 = Release|Any CPU
		{D93C5B6A-7F1C-4904-89EF-4679784C7AD1}.AppStore|ARM.ActiveCfg = Release|ARM
		{D93C5B6A-7F1C-4904-89EF-4679784C7AD1}.AppStore|ARM.Build.0 = Release|ARM
		{D93C5B6A-7F1C-4904-89EF-4679784C7AD1}.AppStore|iPhone.ActiveCfg = Release|Any CPU
		{D93C5B6A-7F1C-4904-89EF-4679784C7AD1}.AppStore|iPhone.Build.0 = Release|Any CPU
		{D93C5B6A-7F1C-4904-89EF-4679784C7AD1}.AppStore|iPhoneSimulator.ActiveCfg = Release|Any CPU
		{D93C5B6A-7F1C-4904-89EF-4679784C7AD1}.AppStore|iPhoneSimulator.Build.0 = Release|Any CPU
		{D93C5B6A-7F1C-4904-89EF-4679784C7AD1}.AppStore|x64.ActiveCfg = Release|x64
		{D93C5B6A-7F1C-4904-89EF-4679784C7AD1}.AppStore|x64.Build.0 = Release|x64
		{D93C5B6A-7F1C-4904-89EF-4679784C7AD1}.AppStore|x86.ActiveCfg = Release|x86
		{D93C5B6A-7F1C-4904-89EF-4679784C7AD1}.AppStore|x86.Build.0 = Release|x86
		{D93C5B6A-7F1C-4904-89EF-4679784C7AD1}.Debug|Any CPU.ActiveCfg = Debug|Any CPU
		{D93C5B6A-7F1C-4904-89EF-4679784C7AD1}.Debug|Any CPU.Build.0 = Debug|Any CPU
		{D93C5B6A-7F1C-4904-89EF-4679784C7AD1}.Debug|ARM.ActiveCfg = Debug|ARM
		{D93C5B6A-7F1C-4904-89EF-4679784C7AD1}.Debug|ARM.Build.0 = Debug|ARM
		{D93C5B6A-7F1C-4904-89EF-4679784C7AD1}.Debug|iPhone.ActiveCfg = Debug|Any CPU
		{D93C5B6A-7F1C-4904-89EF-4679784C7AD1}.Debug|iPhone.Build.0 = Debug|Any CPU
		{D93C5B6A-7F1C-4904-89EF-4679784C7AD1}.Debug|iPhoneSimulator.ActiveCfg = Debug|Any CPU
		{D93C5B6A-7F1C-4904-89EF-4679784C7AD1}.Debug|iPhoneSimulator.Build.0 = Debug|Any CPU
		{D93C5B6A-7F1C-4904-89EF-4679784C7AD1}.Debug|x64.ActiveCfg = Debug|x64
		{D93C5B6A-7F1C-4904-89EF-4679784C7AD1}.Debug|x64.Build.0 = Debug|x64
		{D93C5B6A-7F1C-4904-89EF-4679784C7AD1}.Debug|x86.ActiveCfg = Debug|x86
		{D93C5B6A-7F1C-4904-89EF-4679784C7AD1}.Debug|x86.Build.0 = Debug|x86
		{D93C5B6A-7F1C-4904-89EF-4679784C7AD1}.PublishFiller|Any CPU.ActiveCfg = Release|Any CPU
		{D93C5B6A-7F1C-4904-89EF-4679784C7AD1}.PublishFiller|Any CPU.Build.0 = Release|Any CPU
		{D93C5B6A-7F1C-4904-89EF-4679784C7AD1}.PublishFiller|ARM.ActiveCfg = Release|ARM
		{D93C5B6A-7F1C-4904-89EF-4679784C7AD1}.PublishFiller|ARM.Build.0 = Release|ARM
		{D93C5B6A-7F1C-4904-89EF-4679784C7AD1}.PublishFiller|iPhone.ActiveCfg = Release|Any CPU
		{D93C5B6A-7F1C-4904-89EF-4679784C7AD1}.PublishFiller|iPhone.Build.0 = Release|Any CPU
		{D93C5B6A-7F1C-4904-89EF-4679784C7AD1}.PublishFiller|iPhoneSimulator.ActiveCfg = Release|Any CPU
		{D93C5B6A-7F1C-4904-89EF-4679784C7AD1}.PublishFiller|iPhoneSimulator.Build.0 = Release|Any CPU
		{D93C5B6A-7F1C-4904-89EF-4679784C7AD1}.PublishFiller|x64.ActiveCfg = Release|x64
		{D93C5B6A-7F1C-4904-89EF-4679784C7AD1}.PublishFiller|x64.Build.0 = Release|x64
		{D93C5B6A-7F1C-4904-89EF-4679784C7AD1}.PublishFiller|x86.ActiveCfg = Release|x86
		{D93C5B6A-7F1C-4904-89EF-4679784C7AD1}.PublishFiller|x86.Build.0 = Release|x86
		{D93C5B6A-7F1C-4904-89EF-4679784C7AD1}.Release|Any CPU.ActiveCfg = Release|Any CPU
		{D93C5B6A-7F1C-4904-89EF-4679784C7AD1}.Release|Any CPU.Build.0 = Release|Any CPU
		{D93C5B6A-7F1C-4904-89EF-4679784C7AD1}.Release|ARM.ActiveCfg = Release|ARM
		{D93C5B6A-7F1C-4904-89EF-4679784C7AD1}.Release|ARM.Build.0 = Release|ARM
		{D93C5B6A-7F1C-4904-89EF-4679784C7AD1}.Release|iPhone.ActiveCfg = Release|Any CPU
		{D93C5B6A-7F1C-4904-89EF-4679784C7AD1}.Release|iPhone.Build.0 = Release|Any CPU
		{D93C5B6A-7F1C-4904-89EF-4679784C7AD1}.Release|iPhoneSimulator.ActiveCfg = Release|Any CPU
		{D93C5B6A-7F1C-4904-89EF-4679784C7AD1}.Release|iPhoneSimulator.Build.0 = Release|Any CPU
		{D93C5B6A-7F1C-4904-89EF-4679784C7AD1}.Release|x64.ActiveCfg = Release|x64
		{D93C5B6A-7F1C-4904-89EF-4679784C7AD1}.Release|x64.Build.0 = Release|x64
		{D93C5B6A-7F1C-4904-89EF-4679784C7AD1}.Release|x86.ActiveCfg = Release|x86
		{D93C5B6A-7F1C-4904-89EF-4679784C7AD1}.Release|x86.Build.0 = Release|x86
		{F99C92C2-1192-4CB8-8CE1-F90874669246}.Ad-Hoc|Any CPU.ActiveCfg = Release|Any CPU
		{F99C92C2-1192-4CB8-8CE1-F90874669246}.Ad-Hoc|Any CPU.Build.0 = Release|Any CPU
		{F99C92C2-1192-4CB8-8CE1-F90874669246}.Ad-Hoc|ARM.ActiveCfg = Release|Any CPU
		{F99C92C2-1192-4CB8-8CE1-F90874669246}.Ad-Hoc|ARM.Build.0 = Release|Any CPU
		{F99C92C2-1192-4CB8-8CE1-F90874669246}.Ad-Hoc|iPhone.ActiveCfg = Release|Any CPU
		{F99C92C2-1192-4CB8-8CE1-F90874669246}.Ad-Hoc|iPhone.Build.0 = Release|Any CPU
		{F99C92C2-1192-4CB8-8CE1-F90874669246}.Ad-Hoc|iPhoneSimulator.ActiveCfg = Release|Any CPU
		{F99C92C2-1192-4CB8-8CE1-F90874669246}.Ad-Hoc|iPhoneSimulator.Build.0 = Release|Any CPU
		{F99C92C2-1192-4CB8-8CE1-F90874669246}.Ad-Hoc|x64.ActiveCfg = Release|Any CPU
		{F99C92C2-1192-4CB8-8CE1-F90874669246}.Ad-Hoc|x64.Build.0 = Release|Any CPU
		{F99C92C2-1192-4CB8-8CE1-F90874669246}.Ad-Hoc|x86.ActiveCfg = Release|Any CPU
		{F99C92C2-1192-4CB8-8CE1-F90874669246}.Ad-Hoc|x86.Build.0 = Release|Any CPU
		{F99C92C2-1192-4CB8-8CE1-F90874669246}.AppStore|Any CPU.ActiveCfg = Release|Any CPU
		{F99C92C2-1192-4CB8-8CE1-F90874669246}.AppStore|Any CPU.Build.0 = Release|Any CPU
		{F99C92C2-1192-4CB8-8CE1-F90874669246}.AppStore|ARM.ActiveCfg = Release|Any CPU
		{F99C92C2-1192-4CB8-8CE1-F90874669246}.AppStore|ARM.Build.0 = Release|Any CPU
		{F99C92C2-1192-4CB8-8CE1-F90874669246}.AppStore|iPhone.ActiveCfg = Release|Any CPU
		{F99C92C2-1192-4CB8-8CE1-F90874669246}.AppStore|iPhone.Build.0 = Release|Any CPU
		{F99C92C2-1192-4CB8-8CE1-F90874669246}.AppStore|iPhoneSimulator.ActiveCfg = Release|Any CPU
		{F99C92C2-1192-4CB8-8CE1-F90874669246}.AppStore|iPhoneSimulator.Build.0 = Release|Any CPU
		{F99C92C2-1192-4CB8-8CE1-F90874669246}.AppStore|x64.ActiveCfg = Release|Any CPU
		{F99C92C2-1192-4CB8-8CE1-F90874669246}.AppStore|x64.Build.0 = Release|Any CPU
		{F99C92C2-1192-4CB8-8CE1-F90874669246}.AppStore|x86.ActiveCfg = Release|Any CPU
		{F99C92C2-1192-4CB8-8CE1-F90874669246}.AppStore|x86.Build.0 = Release|Any CPU
		{F99C92C2-1192-4CB8-8CE1-F90874669246}.Debug|Any CPU.ActiveCfg = Debug|Any CPU
		{F99C92C2-1192-4CB8-8CE1-F90874669246}.Debug|Any CPU.Build.0 = Debug|Any CPU
		{F99C92C2-1192-4CB8-8CE1-F90874669246}.Debug|ARM.ActiveCfg = Debug|Any CPU
		{F99C92C2-1192-4CB8-8CE1-F90874669246}.Debug|ARM.Build.0 = Debug|Any CPU
		{F99C92C2-1192-4CB8-8CE1-F90874669246}.Debug|iPhone.ActiveCfg = Debug|Any CPU
		{F99C92C2-1192-4CB8-8CE1-F90874669246}.Debug|iPhone.Build.0 = Debug|Any CPU
		{F99C92C2-1192-4CB8-8CE1-F90874669246}.Debug|iPhoneSimulator.ActiveCfg = Debug|Any CPU
		{F99C92C2-1192-4CB8-8CE1-F90874669246}.Debug|iPhoneSimulator.Build.0 = Debug|Any CPU
		{F99C92C2-1192-4CB8-8CE1-F90874669246}.Debug|x64.ActiveCfg = Debug|Any CPU
		{F99C92C2-1192-4CB8-8CE1-F90874669246}.Debug|x64.Build.0 = Debug|Any CPU
		{F99C92C2-1192-4CB8-8CE1-F90874669246}.Debug|x86.ActiveCfg = Debug|Any CPU
		{F99C92C2-1192-4CB8-8CE1-F90874669246}.Debug|x86.Build.0 = Debug|Any CPU
		{F99C92C2-1192-4CB8-8CE1-F90874669246}.PublishFiller|Any CPU.ActiveCfg = Release|Any CPU
		{F99C92C2-1192-4CB8-8CE1-F90874669246}.PublishFiller|Any CPU.Build.0 = Release|Any CPU
		{F99C92C2-1192-4CB8-8CE1-F90874669246}.PublishFiller|ARM.ActiveCfg = Release|Any CPU
		{F99C92C2-1192-4CB8-8CE1-F90874669246}.PublishFiller|ARM.Build.0 = Release|Any CPU
		{F99C92C2-1192-4CB8-8CE1-F90874669246}.PublishFiller|iPhone.ActiveCfg = Release|Any CPU
		{F99C92C2-1192-4CB8-8CE1-F90874669246}.PublishFiller|iPhone.Build.0 = Release|Any CPU
		{F99C92C2-1192-4CB8-8CE1-F90874669246}.PublishFiller|iPhoneSimulator.ActiveCfg = Release|Any CPU
		{F99C92C2-1192-4CB8-8CE1-F90874669246}.PublishFiller|iPhoneSimulator.Build.0 = Release|Any CPU
		{F99C92C2-1192-4CB8-8CE1-F90874669246}.PublishFiller|x64.ActiveCfg = Release|Any CPU
		{F99C92C2-1192-4CB8-8CE1-F90874669246}.PublishFiller|x64.Build.0 = Release|Any CPU
		{F99C92C2-1192-4CB8-8CE1-F90874669246}.PublishFiller|x86.ActiveCfg = Release|Any CPU
		{F99C92C2-1192-4CB8-8CE1-F90874669246}.PublishFiller|x86.Build.0 = Release|Any CPU
		{F99C92C2-1192-4CB8-8CE1-F90874669246}.Release|Any CPU.ActiveCfg = Release|Any CPU
		{F99C92C2-1192-4CB8-8CE1-F90874669246}.Release|Any CPU.Build.0 = Release|Any CPU
		{F99C92C2-1192-4CB8-8CE1-F90874669246}.Release|ARM.ActiveCfg = Release|Any CPU
		{F99C92C2-1192-4CB8-8CE1-F90874669246}.Release|ARM.Build.0 = Release|Any CPU
		{F99C92C2-1192-4CB8-8CE1-F90874669246}.Release|iPhone.ActiveCfg = Release|Any CPU
		{F99C92C2-1192-4CB8-8CE1-F90874669246}.Release|iPhone.Build.0 = Release|Any CPU
		{F99C92C2-1192-4CB8-8CE1-F90874669246}.Release|iPhoneSimulator.ActiveCfg = Release|Any CPU
		{F99C92C2-1192-4CB8-8CE1-F90874669246}.Release|iPhoneSimulator.Build.0 = Release|Any CPU
		{F99C92C2-1192-4CB8-8CE1-F90874669246}.Release|x64.ActiveCfg = Release|Any CPU
		{F99C92C2-1192-4CB8-8CE1-F90874669246}.Release|x64.Build.0 = Release|Any CPU
		{F99C92C2-1192-4CB8-8CE1-F90874669246}.Release|x86.ActiveCfg = Release|Any CPU
		{F99C92C2-1192-4CB8-8CE1-F90874669246}.Release|x86.Build.0 = Release|Any CPU
		{2C90EE6D-52E3-4BA0-92D4-8162800F698D}.Ad-Hoc|Any CPU.ActiveCfg = Release|Any CPU
		{2C90EE6D-52E3-4BA0-92D4-8162800F698D}.Ad-Hoc|Any CPU.Build.0 = Release|Any CPU
		{2C90EE6D-52E3-4BA0-92D4-8162800F698D}.Ad-Hoc|ARM.ActiveCfg = Release|Any CPU
		{2C90EE6D-52E3-4BA0-92D4-8162800F698D}.Ad-Hoc|ARM.Build.0 = Release|Any CPU
		{2C90EE6D-52E3-4BA0-92D4-8162800F698D}.Ad-Hoc|iPhone.ActiveCfg = Release|Any CPU
		{2C90EE6D-52E3-4BA0-92D4-8162800F698D}.Ad-Hoc|iPhone.Build.0 = Release|Any CPU
		{2C90EE6D-52E3-4BA0-92D4-8162800F698D}.Ad-Hoc|iPhoneSimulator.ActiveCfg = Release|Any CPU
		{2C90EE6D-52E3-4BA0-92D4-8162800F698D}.Ad-Hoc|iPhoneSimulator.Build.0 = Release|Any CPU
		{2C90EE6D-52E3-4BA0-92D4-8162800F698D}.Ad-Hoc|x64.ActiveCfg = Release|Any CPU
		{2C90EE6D-52E3-4BA0-92D4-8162800F698D}.Ad-Hoc|x64.Build.0 = Release|Any CPU
		{2C90EE6D-52E3-4BA0-92D4-8162800F698D}.Ad-Hoc|x86.ActiveCfg = Release|Any CPU
		{2C90EE6D-52E3-4BA0-92D4-8162800F698D}.Ad-Hoc|x86.Build.0 = Release|Any CPU
		{2C90EE6D-52E3-4BA0-92D4-8162800F698D}.AppStore|Any CPU.ActiveCfg = Release|Any CPU
		{2C90EE6D-52E3-4BA0-92D4-8162800F698D}.AppStore|Any CPU.Build.0 = Release|Any CPU
		{2C90EE6D-52E3-4BA0-92D4-8162800F698D}.AppStore|ARM.ActiveCfg = Release|Any CPU
		{2C90EE6D-52E3-4BA0-92D4-8162800F698D}.AppStore|ARM.Build.0 = Release|Any CPU
		{2C90EE6D-52E3-4BA0-92D4-8162800F698D}.AppStore|iPhone.ActiveCfg = Release|Any CPU
		{2C90EE6D-52E3-4BA0-92D4-8162800F698D}.AppStore|iPhone.Build.0 = Release|Any CPU
		{2C90EE6D-52E3-4BA0-92D4-8162800F698D}.AppStore|iPhoneSimulator.ActiveCfg = Release|Any CPU
		{2C90EE6D-52E3-4BA0-92D4-8162800F698D}.AppStore|iPhoneSimulator.Build.0 = Release|Any CPU
		{2C90EE6D-52E3-4BA0-92D4-8162800F698D}.AppStore|x64.ActiveCfg = Release|Any CPU
		{2C90EE6D-52E3-4BA0-92D4-8162800F698D}.AppStore|x64.Build.0 = Release|Any CPU
		{2C90EE6D-52E3-4BA0-92D4-8162800F698D}.AppStore|x86.ActiveCfg = Release|Any CPU
		{2C90EE6D-52E3-4BA0-92D4-8162800F698D}.AppStore|x86.Build.0 = Release|Any CPU
		{2C90EE6D-52E3-4BA0-92D4-8162800F698D}.Debug|Any CPU.ActiveCfg = Debug|Any CPU
		{2C90EE6D-52E3-4BA0-92D4-8162800F698D}.Debug|Any CPU.Build.0 = Debug|Any CPU
		{2C90EE6D-52E3-4BA0-92D4-8162800F698D}.Debug|ARM.ActiveCfg = Debug|Any CPU
		{2C90EE6D-52E3-4BA0-92D4-8162800F698D}.Debug|ARM.Build.0 = Debug|Any CPU
		{2C90EE6D-52E3-4BA0-92D4-8162800F698D}.Debug|iPhone.ActiveCfg = Debug|Any CPU
		{2C90EE6D-52E3-4BA0-92D4-8162800F698D}.Debug|iPhone.Build.0 = Debug|Any CPU
		{2C90EE6D-52E3-4BA0-92D4-8162800F698D}.Debug|iPhoneSimulator.ActiveCfg = Debug|Any CPU
		{2C90EE6D-52E3-4BA0-92D4-8162800F698D}.Debug|iPhoneSimulator.Build.0 = Debug|Any CPU
		{2C90EE6D-52E3-4BA0-92D4-8162800F698D}.Debug|x64.ActiveCfg = Debug|Any CPU
		{2C90EE6D-52E3-4BA0-92D4-8162800F698D}.Debug|x64.Build.0 = Debug|Any CPU
		{2C90EE6D-52E3-4BA0-92D4-8162800F698D}.Debug|x86.ActiveCfg = Debug|Any CPU
		{2C90EE6D-52E3-4BA0-92D4-8162800F698D}.Debug|x86.Build.0 = Debug|Any CPU
		{2C90EE6D-52E3-4BA0-92D4-8162800F698D}.PublishFiller|Any CPU.ActiveCfg = Release|Any CPU
		{2C90EE6D-52E3-4BA0-92D4-8162800F698D}.PublishFiller|Any CPU.Build.0 = Release|Any CPU
		{2C90EE6D-52E3-4BA0-92D4-8162800F698D}.PublishFiller|ARM.ActiveCfg = Release|Any CPU
		{2C90EE6D-52E3-4BA0-92D4-8162800F698D}.PublishFiller|ARM.Build.0 = Release|Any CPU
		{2C90EE6D-52E3-4BA0-92D4-8162800F698D}.PublishFiller|iPhone.ActiveCfg = Release|Any CPU
		{2C90EE6D-52E3-4BA0-92D4-8162800F698D}.PublishFiller|iPhone.Build.0 = Release|Any CPU
		{2C90EE6D-52E3-4BA0-92D4-8162800F698D}.PublishFiller|iPhoneSimulator.ActiveCfg = Release|Any CPU
		{2C90EE6D-52E3-4BA0-92D4-8162800F698D}.PublishFiller|iPhoneSimulator.Build.0 = Release|Any CPU
		{2C90EE6D-52E3-4BA0-92D4-8162800F698D}.PublishFiller|x64.ActiveCfg = Release|Any CPU
		{2C90EE6D-52E3-4BA0-92D4-8162800F698D}.PublishFiller|x64.Build.0 = Release|Any CPU
		{2C90EE6D-52E3-4BA0-92D4-8162800F698D}.PublishFiller|x86.ActiveCfg = Release|Any CPU
		{2C90EE6D-52E3-4BA0-92D4-8162800F698D}.PublishFiller|x86.Build.0 = Release|Any CPU
		{2C90EE6D-52E3-4BA0-92D4-8162800F698D}.Release|Any CPU.ActiveCfg = Release|Any CPU
		{2C90EE6D-52E3-4BA0-92D4-8162800F698D}.Release|Any CPU.Build.0 = Release|Any CPU
		{2C90EE6D-52E3-4BA0-92D4-8162800F698D}.Release|ARM.ActiveCfg = Release|Any CPU
		{2C90EE6D-52E3-4BA0-92D4-8162800F698D}.Release|ARM.Build.0 = Release|Any CPU
		{2C90EE6D-52E3-4BA0-92D4-8162800F698D}.Release|iPhone.ActiveCfg = Release|Any CPU
		{2C90EE6D-52E3-4BA0-92D4-8162800F698D}.Release|iPhone.Build.0 = Release|Any CPU
		{2C90EE6D-52E3-4BA0-92D4-8162800F698D}.Release|iPhoneSimulator.ActiveCfg = Release|Any CPU
		{2C90EE6D-52E3-4BA0-92D4-8162800F698D}.Release|iPhoneSimulator.Build.0 = Release|Any CPU
		{2C90EE6D-52E3-4BA0-92D4-8162800F698D}.Release|x64.ActiveCfg = Release|Any CPU
		{2C90EE6D-52E3-4BA0-92D4-8162800F698D}.Release|x64.Build.0 = Release|Any CPU
		{2C90EE6D-52E3-4BA0-92D4-8162800F698D}.Release|x86.ActiveCfg = Release|Any CPU
		{2C90EE6D-52E3-4BA0-92D4-8162800F698D}.Release|x86.Build.0 = Release|Any CPU
		{D710FFB6-B3C1-4244-87D4-826251490167}.Ad-Hoc|Any CPU.ActiveCfg = Release|Any CPU
		{D710FFB6-B3C1-4244-87D4-826251490167}.Ad-Hoc|Any CPU.Build.0 = Release|Any CPU
		{D710FFB6-B3C1-4244-87D4-826251490167}.Ad-Hoc|ARM.ActiveCfg = Release|Any CPU
		{D710FFB6-B3C1-4244-87D4-826251490167}.Ad-Hoc|ARM.Build.0 = Release|Any CPU
		{D710FFB6-B3C1-4244-87D4-826251490167}.Ad-Hoc|iPhone.ActiveCfg = Release|Any CPU
		{D710FFB6-B3C1-4244-87D4-826251490167}.Ad-Hoc|iPhone.Build.0 = Release|Any CPU
		{D710FFB6-B3C1-4244-87D4-826251490167}.Ad-Hoc|iPhoneSimulator.ActiveCfg = Release|Any CPU
		{D710FFB6-B3C1-4244-87D4-826251490167}.Ad-Hoc|iPhoneSimulator.Build.0 = Release|Any CPU
		{D710FFB6-B3C1-4244-87D4-826251490167}.Ad-Hoc|x64.ActiveCfg = Release|Any CPU
		{D710FFB6-B3C1-4244-87D4-826251490167}.Ad-Hoc|x64.Build.0 = Release|Any CPU
		{D710FFB6-B3C1-4244-87D4-826251490167}.Ad-Hoc|x86.ActiveCfg = Release|Any CPU
		{D710FFB6-B3C1-4244-87D4-826251490167}.Ad-Hoc|x86.Build.0 = Release|Any CPU
		{D710FFB6-B3C1-4244-87D4-826251490167}.AppStore|Any CPU.ActiveCfg = Release|Any CPU
		{D710FFB6-B3C1-4244-87D4-826251490167}.AppStore|Any CPU.Build.0 = Release|Any CPU
		{D710FFB6-B3C1-4244-87D4-826251490167}.AppStore|ARM.ActiveCfg = Release|Any CPU
		{D710FFB6-B3C1-4244-87D4-826251490167}.AppStore|ARM.Build.0 = Release|Any CPU
		{D710FFB6-B3C1-4244-87D4-826251490167}.AppStore|iPhone.ActiveCfg = Release|Any CPU
		{D710FFB6-B3C1-4244-87D4-826251490167}.AppStore|iPhone.Build.0 = Release|Any CPU
		{D710FFB6-B3C1-4244-87D4-826251490167}.AppStore|iPhoneSimulator.ActiveCfg = Release|Any CPU
		{D710FFB6-B3C1-4244-87D4-826251490167}.AppStore|iPhoneSimulator.Build.0 = Release|Any CPU
		{D710FFB6-B3C1-4244-87D4-826251490167}.AppStore|x64.ActiveCfg = Release|Any CPU
		{D710FFB6-B3C1-4244-87D4-826251490167}.AppStore|x64.Build.0 = Release|Any CPU
		{D710FFB6-B3C1-4244-87D4-826251490167}.AppStore|x86.ActiveCfg = Release|Any CPU
		{D710FFB6-B3C1-4244-87D4-826251490167}.AppStore|x86.Build.0 = Release|Any CPU
		{D710FFB6-B3C1-4244-87D4-826251490167}.Debug|Any CPU.ActiveCfg = Debug|Any CPU
		{D710FFB6-B3C1-4244-87D4-826251490167}.Debug|Any CPU.Build.0 = Debug|Any CPU
		{D710FFB6-B3C1-4244-87D4-826251490167}.Debug|ARM.ActiveCfg = Debug|Any CPU
		{D710FFB6-B3C1-4244-87D4-826251490167}.Debug|ARM.Build.0 = Debug|Any CPU
		{D710FFB6-B3C1-4244-87D4-826251490167}.Debug|iPhone.ActiveCfg = Debug|Any CPU
		{D710FFB6-B3C1-4244-87D4-826251490167}.Debug|iPhone.Build.0 = Debug|Any CPU
		{D710FFB6-B3C1-4244-87D4-826251490167}.Debug|iPhoneSimulator.ActiveCfg = Debug|Any CPU
		{D710FFB6-B3C1-4244-87D4-826251490167}.Debug|iPhoneSimulator.Build.0 = Debug|Any CPU
		{D710FFB6-B3C1-4244-87D4-826251490167}.Debug|x64.ActiveCfg = Debug|Any CPU
		{D710FFB6-B3C1-4244-87D4-826251490167}.Debug|x64.Build.0 = Debug|Any CPU
		{D710FFB6-B3C1-4244-87D4-826251490167}.Debug|x86.ActiveCfg = Debug|Any CPU
		{D710FFB6-B3C1-4244-87D4-826251490167}.Debug|x86.Build.0 = Debug|Any CPU
		{D710FFB6-B3C1-4244-87D4-826251490167}.PublishFiller|Any CPU.ActiveCfg = Release|Any CPU
		{D710FFB6-B3C1-4244-87D4-826251490167}.PublishFiller|Any CPU.Build.0 = Release|Any CPU
		{D710FFB6-B3C1-4244-87D4-826251490167}.PublishFiller|ARM.ActiveCfg = Release|Any CPU
		{D710FFB6-B3C1-4244-87D4-826251490167}.PublishFiller|ARM.Build.0 = Release|Any CPU
		{D710FFB6-B3C1-4244-87D4-826251490167}.PublishFiller|iPhone.ActiveCfg = Release|Any CPU
		{D710FFB6-B3C1-4244-87D4-826251490167}.PublishFiller|iPhone.Build.0 = Release|Any CPU
		{D710FFB6-B3C1-4244-87D4-826251490167}.PublishFiller|iPhoneSimulator.ActiveCfg = Release|Any CPU
		{D710FFB6-B3C1-4244-87D4-826251490167}.PublishFiller|iPhoneSimulator.Build.0 = Release|Any CPU
		{D710FFB6-B3C1-4244-87D4-826251490167}.PublishFiller|x64.ActiveCfg = Release|Any CPU
		{D710FFB6-B3C1-4244-87D4-826251490167}.PublishFiller|x64.Build.0 = Release|Any CPU
		{D710FFB6-B3C1-4244-87D4-826251490167}.PublishFiller|x86.ActiveCfg = Release|Any CPU
		{D710FFB6-B3C1-4244-87D4-826251490167}.PublishFiller|x86.Build.0 = Release|Any CPU
		{D710FFB6-B3C1-4244-87D4-826251490167}.Release|Any CPU.ActiveCfg = Release|Any CPU
		{D710FFB6-B3C1-4244-87D4-826251490167}.Release|Any CPU.Build.0 = Release|Any CPU
		{D710FFB6-B3C1-4244-87D4-826251490167}.Release|ARM.ActiveCfg = Release|Any CPU
		{D710FFB6-B3C1-4244-87D4-826251490167}.Release|ARM.Build.0 = Release|Any CPU
		{D710FFB6-B3C1-4244-87D4-826251490167}.Release|iPhone.ActiveCfg = Release|Any CPU
		{D710FFB6-B3C1-4244-87D4-826251490167}.Release|iPhone.Build.0 = Release|Any CPU
		{D710FFB6-B3C1-4244-87D4-826251490167}.Release|iPhoneSimulator.ActiveCfg = Release|Any CPU
		{D710FFB6-B3C1-4244-87D4-826251490167}.Release|iPhoneSimulator.Build.0 = Release|Any CPU
		{D710FFB6-B3C1-4244-87D4-826251490167}.Release|x64.ActiveCfg = Release|Any CPU
		{D710FFB6-B3C1-4244-87D4-826251490167}.Release|x64.Build.0 = Release|Any CPU
		{D710FFB6-B3C1-4244-87D4-826251490167}.Release|x86.ActiveCfg = Release|Any CPU
		{D710FFB6-B3C1-4244-87D4-826251490167}.Release|x86.Build.0 = Release|Any CPU
		{F656EF5F-8AEC-412F-B786-2AA2D0AECCBB}.Ad-Hoc|Any CPU.ActiveCfg = Release|Any CPU
		{F656EF5F-8AEC-412F-B786-2AA2D0AECCBB}.Ad-Hoc|Any CPU.Build.0 = Release|Any CPU
		{F656EF5F-8AEC-412F-B786-2AA2D0AECCBB}.Ad-Hoc|Any CPU.Deploy.0 = Release|Any CPU
		{F656EF5F-8AEC-412F-B786-2AA2D0AECCBB}.Ad-Hoc|ARM.ActiveCfg = Release|Any CPU
		{F656EF5F-8AEC-412F-B786-2AA2D0AECCBB}.Ad-Hoc|ARM.Build.0 = Release|Any CPU
		{F656EF5F-8AEC-412F-B786-2AA2D0AECCBB}.Ad-Hoc|ARM.Deploy.0 = Release|Any CPU
		{F656EF5F-8AEC-412F-B786-2AA2D0AECCBB}.Ad-Hoc|iPhone.ActiveCfg = Release|Any CPU
		{F656EF5F-8AEC-412F-B786-2AA2D0AECCBB}.Ad-Hoc|iPhone.Build.0 = Release|Any CPU
		{F656EF5F-8AEC-412F-B786-2AA2D0AECCBB}.Ad-Hoc|iPhone.Deploy.0 = Release|Any CPU
		{F656EF5F-8AEC-412F-B786-2AA2D0AECCBB}.Ad-Hoc|iPhoneSimulator.ActiveCfg = Release|Any CPU
		{F656EF5F-8AEC-412F-B786-2AA2D0AECCBB}.Ad-Hoc|iPhoneSimulator.Build.0 = Release|Any CPU
		{F656EF5F-8AEC-412F-B786-2AA2D0AECCBB}.Ad-Hoc|iPhoneSimulator.Deploy.0 = Release|Any CPU
		{F656EF5F-8AEC-412F-B786-2AA2D0AECCBB}.Ad-Hoc|x64.ActiveCfg = Release|Any CPU
		{F656EF5F-8AEC-412F-B786-2AA2D0AECCBB}.Ad-Hoc|x64.Build.0 = Release|Any CPU
		{F656EF5F-8AEC-412F-B786-2AA2D0AECCBB}.Ad-Hoc|x64.Deploy.0 = Release|Any CPU
		{F656EF5F-8AEC-412F-B786-2AA2D0AECCBB}.Ad-Hoc|x86.ActiveCfg = Release|Any CPU
		{F656EF5F-8AEC-412F-B786-2AA2D0AECCBB}.Ad-Hoc|x86.Build.0 = Release|Any CPU
		{F656EF5F-8AEC-412F-B786-2AA2D0AECCBB}.Ad-Hoc|x86.Deploy.0 = Release|Any CPU
		{F656EF5F-8AEC-412F-B786-2AA2D0AECCBB}.AppStore|Any CPU.ActiveCfg = Release|Any CPU
		{F656EF5F-8AEC-412F-B786-2AA2D0AECCBB}.AppStore|Any CPU.Build.0 = Release|Any CPU
		{F656EF5F-8AEC-412F-B786-2AA2D0AECCBB}.AppStore|Any CPU.Deploy.0 = Release|Any CPU
		{F656EF5F-8AEC-412F-B786-2AA2D0AECCBB}.AppStore|ARM.ActiveCfg = Release|Any CPU
		{F656EF5F-8AEC-412F-B786-2AA2D0AECCBB}.AppStore|ARM.Build.0 = Release|Any CPU
		{F656EF5F-8AEC-412F-B786-2AA2D0AECCBB}.AppStore|ARM.Deploy.0 = Release|Any CPU
		{F656EF5F-8AEC-412F-B786-2AA2D0AECCBB}.AppStore|iPhone.ActiveCfg = Release|Any CPU
		{F656EF5F-8AEC-412F-B786-2AA2D0AECCBB}.AppStore|iPhone.Build.0 = Release|Any CPU
		{F656EF5F-8AEC-412F-B786-2AA2D0AECCBB}.AppStore|iPhone.Deploy.0 = Release|Any CPU
		{F656EF5F-8AEC-412F-B786-2AA2D0AECCBB}.AppStore|iPhoneSimulator.ActiveCfg = Release|Any CPU
		{F656EF5F-8AEC-412F-B786-2AA2D0AECCBB}.AppStore|iPhoneSimulator.Build.0 = Release|Any CPU
		{F656EF5F-8AEC-412F-B786-2AA2D0AECCBB}.AppStore|iPhoneSimulator.Deploy.0 = Release|Any CPU
		{F656EF5F-8AEC-412F-B786-2AA2D0AECCBB}.AppStore|x64.ActiveCfg = Release|Any CPU
		{F656EF5F-8AEC-412F-B786-2AA2D0AECCBB}.AppStore|x64.Build.0 = Release|Any CPU
		{F656EF5F-8AEC-412F-B786-2AA2D0AECCBB}.AppStore|x64.Deploy.0 = Release|Any CPU
		{F656EF5F-8AEC-412F-B786-2AA2D0AECCBB}.AppStore|x86.ActiveCfg = Release|Any CPU
		{F656EF5F-8AEC-412F-B786-2AA2D0AECCBB}.AppStore|x86.Build.0 = Release|Any CPU
		{F656EF5F-8AEC-412F-B786-2AA2D0AECCBB}.AppStore|x86.Deploy.0 = Release|Any CPU
		{F656EF5F-8AEC-412F-B786-2AA2D0AECCBB}.Debug|Any CPU.ActiveCfg = Debug|Any CPU
		{F656EF5F-8AEC-412F-B786-2AA2D0AECCBB}.Debug|Any CPU.Build.0 = Debug|Any CPU
		{F656EF5F-8AEC-412F-B786-2AA2D0AECCBB}.Debug|Any CPU.Deploy.0 = Debug|Any CPU
		{F656EF5F-8AEC-412F-B786-2AA2D0AECCBB}.Debug|ARM.ActiveCfg = Debug|Any CPU
		{F656EF5F-8AEC-412F-B786-2AA2D0AECCBB}.Debug|ARM.Build.0 = Debug|Any CPU
		{F656EF5F-8AEC-412F-B786-2AA2D0AECCBB}.Debug|ARM.Deploy.0 = Debug|Any CPU
		{F656EF5F-8AEC-412F-B786-2AA2D0AECCBB}.Debug|iPhone.ActiveCfg = Debug|Any CPU
		{F656EF5F-8AEC-412F-B786-2AA2D0AECCBB}.Debug|iPhone.Build.0 = Debug|Any CPU
		{F656EF5F-8AEC-412F-B786-2AA2D0AECCBB}.Debug|iPhone.Deploy.0 = Debug|Any CPU
		{F656EF5F-8AEC-412F-B786-2AA2D0AECCBB}.Debug|iPhoneSimulator.ActiveCfg = Debug|Any CPU
		{F656EF5F-8AEC-412F-B786-2AA2D0AECCBB}.Debug|iPhoneSimulator.Build.0 = Debug|Any CPU
		{F656EF5F-8AEC-412F-B786-2AA2D0AECCBB}.Debug|iPhoneSimulator.Deploy.0 = Debug|Any CPU
		{F656EF5F-8AEC-412F-B786-2AA2D0AECCBB}.Debug|x64.ActiveCfg = Debug|Any CPU
		{F656EF5F-8AEC-412F-B786-2AA2D0AECCBB}.Debug|x64.Build.0 = Debug|Any CPU
		{F656EF5F-8AEC-412F-B786-2AA2D0AECCBB}.Debug|x64.Deploy.0 = Debug|Any CPU
		{F656EF5F-8AEC-412F-B786-2AA2D0AECCBB}.Debug|x86.ActiveCfg = Debug|Any CPU
		{F656EF5F-8AEC-412F-B786-2AA2D0AECCBB}.Debug|x86.Build.0 = Debug|Any CPU
		{F656EF5F-8AEC-412F-B786-2AA2D0AECCBB}.Debug|x86.Deploy.0 = Debug|Any CPU
		{F656EF5F-8AEC-412F-B786-2AA2D0AECCBB}.PublishFiller|Any CPU.ActiveCfg = Release|Any CPU
		{F656EF5F-8AEC-412F-B786-2AA2D0AECCBB}.PublishFiller|Any CPU.Build.0 = Release|Any CPU
		{F656EF5F-8AEC-412F-B786-2AA2D0AECCBB}.PublishFiller|Any CPU.Deploy.0 = Release|Any CPU
		{F656EF5F-8AEC-412F-B786-2AA2D0AECCBB}.PublishFiller|ARM.ActiveCfg = Release|Any CPU
		{F656EF5F-8AEC-412F-B786-2AA2D0AECCBB}.PublishFiller|ARM.Build.0 = Release|Any CPU
		{F656EF5F-8AEC-412F-B786-2AA2D0AECCBB}.PublishFiller|ARM.Deploy.0 = Release|Any CPU
		{F656EF5F-8AEC-412F-B786-2AA2D0AECCBB}.PublishFiller|iPhone.ActiveCfg = Release|Any CPU
		{F656EF5F-8AEC-412F-B786-2AA2D0AECCBB}.PublishFiller|iPhone.Build.0 = Release|Any CPU
		{F656EF5F-8AEC-412F-B786-2AA2D0AECCBB}.PublishFiller|iPhone.Deploy.0 = Release|Any CPU
		{F656EF5F-8AEC-412F-B786-2AA2D0AECCBB}.PublishFiller|iPhoneSimulator.ActiveCfg = Release|Any CPU
		{F656EF5F-8AEC-412F-B786-2AA2D0AECCBB}.PublishFiller|iPhoneSimulator.Build.0 = Release|Any CPU
		{F656EF5F-8AEC-412F-B786-2AA2D0AECCBB}.PublishFiller|iPhoneSimulator.Deploy.0 = Release|Any CPU
		{F656EF5F-8AEC-412F-B786-2AA2D0AECCBB}.PublishFiller|x64.ActiveCfg = Release|Any CPU
		{F656EF5F-8AEC-412F-B786-2AA2D0AECCBB}.PublishFiller|x64.Build.0 = Release|Any CPU
		{F656EF5F-8AEC-412F-B786-2AA2D0AECCBB}.PublishFiller|x64.Deploy.0 = Release|Any CPU
		{F656EF5F-8AEC-412F-B786-2AA2D0AECCBB}.PublishFiller|x86.ActiveCfg = Release|Any CPU
		{F656EF5F-8AEC-412F-B786-2AA2D0AECCBB}.PublishFiller|x86.Build.0 = Release|Any CPU
		{F656EF5F-8AEC-412F-B786-2AA2D0AECCBB}.PublishFiller|x86.Deploy.0 = Release|Any CPU
		{F656EF5F-8AEC-412F-B786-2AA2D0AECCBB}.Release|Any CPU.ActiveCfg = Release|Any CPU
		{F656EF5F-8AEC-412F-B786-2AA2D0AECCBB}.Release|Any CPU.Build.0 = Release|Any CPU
		{F656EF5F-8AEC-412F-B786-2AA2D0AECCBB}.Release|Any CPU.Deploy.0 = Release|Any CPU
		{F656EF5F-8AEC-412F-B786-2AA2D0AECCBB}.Release|ARM.ActiveCfg = Release|Any CPU
		{F656EF5F-8AEC-412F-B786-2AA2D0AECCBB}.Release|ARM.Build.0 = Release|Any CPU
		{F656EF5F-8AEC-412F-B786-2AA2D0AECCBB}.Release|ARM.Deploy.0 = Release|Any CPU
		{F656EF5F-8AEC-412F-B786-2AA2D0AECCBB}.Release|iPhone.ActiveCfg = Release|Any CPU
		{F656EF5F-8AEC-412F-B786-2AA2D0AECCBB}.Release|iPhone.Build.0 = Release|Any CPU
		{F656EF5F-8AEC-412F-B786-2AA2D0AECCBB}.Release|iPhone.Deploy.0 = Release|Any CPU
		{F656EF5F-8AEC-412F-B786-2AA2D0AECCBB}.Release|iPhoneSimulator.ActiveCfg = Release|Any CPU
		{F656EF5F-8AEC-412F-B786-2AA2D0AECCBB}.Release|iPhoneSimulator.Build.0 = Release|Any CPU
		{F656EF5F-8AEC-412F-B786-2AA2D0AECCBB}.Release|iPhoneSimulator.Deploy.0 = Release|Any CPU
		{F656EF5F-8AEC-412F-B786-2AA2D0AECCBB}.Release|x64.ActiveCfg = Release|Any CPU
		{F656EF5F-8AEC-412F-B786-2AA2D0AECCBB}.Release|x64.Build.0 = Release|Any CPU
		{F656EF5F-8AEC-412F-B786-2AA2D0AECCBB}.Release|x64.Deploy.0 = Release|Any CPU
		{F656EF5F-8AEC-412F-B786-2AA2D0AECCBB}.Release|x86.ActiveCfg = Release|Any CPU
		{F656EF5F-8AEC-412F-B786-2AA2D0AECCBB}.Release|x86.Build.0 = Release|Any CPU
		{F656EF5F-8AEC-412F-B786-2AA2D0AECCBB}.Release|x86.Deploy.0 = Release|Any CPU
		{F2B871B8-829F-4EF4-99A4-AB2FC9EEDA5E}.Ad-Hoc|Any CPU.ActiveCfg = Release|Any CPU
		{F2B871B8-829F-4EF4-99A4-AB2FC9EEDA5E}.Ad-Hoc|Any CPU.Build.0 = Release|Any CPU
		{F2B871B8-829F-4EF4-99A4-AB2FC9EEDA5E}.Ad-Hoc|ARM.ActiveCfg = Release|Any CPU
		{F2B871B8-829F-4EF4-99A4-AB2FC9EEDA5E}.Ad-Hoc|ARM.Build.0 = Release|Any CPU
		{F2B871B8-829F-4EF4-99A4-AB2FC9EEDA5E}.Ad-Hoc|iPhone.ActiveCfg = Release|Any CPU
		{F2B871B8-829F-4EF4-99A4-AB2FC9EEDA5E}.Ad-Hoc|iPhone.Build.0 = Release|Any CPU
		{F2B871B8-829F-4EF4-99A4-AB2FC9EEDA5E}.Ad-Hoc|iPhoneSimulator.ActiveCfg = Release|Any CPU
		{F2B871B8-829F-4EF4-99A4-AB2FC9EEDA5E}.Ad-Hoc|iPhoneSimulator.Build.0 = Release|Any CPU
		{F2B871B8-829F-4EF4-99A4-AB2FC9EEDA5E}.Ad-Hoc|x64.ActiveCfg = Release|Any CPU
		{F2B871B8-829F-4EF4-99A4-AB2FC9EEDA5E}.Ad-Hoc|x64.Build.0 = Release|Any CPU
		{F2B871B8-829F-4EF4-99A4-AB2FC9EEDA5E}.Ad-Hoc|x86.ActiveCfg = Release|Any CPU
		{F2B871B8-829F-4EF4-99A4-AB2FC9EEDA5E}.Ad-Hoc|x86.Build.0 = Release|Any CPU
		{F2B871B8-829F-4EF4-99A4-AB2FC9EEDA5E}.AppStore|Any CPU.ActiveCfg = Release|Any CPU
		{F2B871B8-829F-4EF4-99A4-AB2FC9EEDA5E}.AppStore|Any CPU.Build.0 = Release|Any CPU
		{F2B871B8-829F-4EF4-99A4-AB2FC9EEDA5E}.AppStore|ARM.ActiveCfg = Release|Any CPU
		{F2B871B8-829F-4EF4-99A4-AB2FC9EEDA5E}.AppStore|ARM.Build.0 = Release|Any CPU
		{F2B871B8-829F-4EF4-99A4-AB2FC9EEDA5E}.AppStore|iPhone.ActiveCfg = Release|Any CPU
		{F2B871B8-829F-4EF4-99A4-AB2FC9EEDA5E}.AppStore|iPhone.Build.0 = Release|Any CPU
		{F2B871B8-829F-4EF4-99A4-AB2FC9EEDA5E}.AppStore|iPhoneSimulator.ActiveCfg = Release|Any CPU
		{F2B871B8-829F-4EF4-99A4-AB2FC9EEDA5E}.AppStore|iPhoneSimulator.Build.0 = Release|Any CPU
		{F2B871B8-829F-4EF4-99A4-AB2FC9EEDA5E}.AppStore|x64.ActiveCfg = Release|Any CPU
		{F2B871B8-829F-4EF4-99A4-AB2FC9EEDA5E}.AppStore|x64.Build.0 = Release|Any CPU
		{F2B871B8-829F-4EF4-99A4-AB2FC9EEDA5E}.AppStore|x86.ActiveCfg = Release|Any CPU
		{F2B871B8-829F-4EF4-99A4-AB2FC9EEDA5E}.AppStore|x86.Build.0 = Release|Any CPU
		{F2B871B8-829F-4EF4-99A4-AB2FC9EEDA5E}.Debug|Any CPU.ActiveCfg = Debug|Any CPU
		{F2B871B8-829F-4EF4-99A4-AB2FC9EEDA5E}.Debug|Any CPU.Build.0 = Debug|Any CPU
		{F2B871B8-829F-4EF4-99A4-AB2FC9EEDA5E}.Debug|ARM.ActiveCfg = Debug|Any CPU
		{F2B871B8-829F-4EF4-99A4-AB2FC9EEDA5E}.Debug|ARM.Build.0 = Debug|Any CPU
		{F2B871B8-829F-4EF4-99A4-AB2FC9EEDA5E}.Debug|iPhone.ActiveCfg = Debug|Any CPU
		{F2B871B8-829F-4EF4-99A4-AB2FC9EEDA5E}.Debug|iPhone.Build.0 = Debug|Any CPU
		{F2B871B8-829F-4EF4-99A4-AB2FC9EEDA5E}.Debug|iPhoneSimulator.ActiveCfg = Debug|Any CPU
		{F2B871B8-829F-4EF4-99A4-AB2FC9EEDA5E}.Debug|iPhoneSimulator.Build.0 = Debug|Any CPU
		{F2B871B8-829F-4EF4-99A4-AB2FC9EEDA5E}.Debug|x64.ActiveCfg = Debug|Any CPU
		{F2B871B8-829F-4EF4-99A4-AB2FC9EEDA5E}.Debug|x64.Build.0 = Debug|Any CPU
		{F2B871B8-829F-4EF4-99A4-AB2FC9EEDA5E}.Debug|x86.ActiveCfg = Debug|Any CPU
		{F2B871B8-829F-4EF4-99A4-AB2FC9EEDA5E}.Debug|x86.Build.0 = Debug|Any CPU
		{F2B871B8-829F-4EF4-99A4-AB2FC9EEDA5E}.PublishFiller|Any CPU.ActiveCfg = Release|Any CPU
		{F2B871B8-829F-4EF4-99A4-AB2FC9EEDA5E}.PublishFiller|Any CPU.Build.0 = Release|Any CPU
		{F2B871B8-829F-4EF4-99A4-AB2FC9EEDA5E}.PublishFiller|ARM.ActiveCfg = Release|Any CPU
		{F2B871B8-829F-4EF4-99A4-AB2FC9EEDA5E}.PublishFiller|ARM.Build.0 = Release|Any CPU
		{F2B871B8-829F-4EF4-99A4-AB2FC9EEDA5E}.PublishFiller|iPhone.ActiveCfg = Release|Any CPU
		{F2B871B8-829F-4EF4-99A4-AB2FC9EEDA5E}.PublishFiller|iPhone.Build.0 = Release|Any CPU
		{F2B871B8-829F-4EF4-99A4-AB2FC9EEDA5E}.PublishFiller|iPhoneSimulator.ActiveCfg = Release|Any CPU
		{F2B871B8-829F-4EF4-99A4-AB2FC9EEDA5E}.PublishFiller|iPhoneSimulator.Build.0 = Release|Any CPU
		{F2B871B8-829F-4EF4-99A4-AB2FC9EEDA5E}.PublishFiller|x64.ActiveCfg = Release|Any CPU
		{F2B871B8-829F-4EF4-99A4-AB2FC9EEDA5E}.PublishFiller|x64.Build.0 = Release|Any CPU
		{F2B871B8-829F-4EF4-99A4-AB2FC9EEDA5E}.PublishFiller|x86.ActiveCfg = Release|Any CPU
		{F2B871B8-829F-4EF4-99A4-AB2FC9EEDA5E}.PublishFiller|x86.Build.0 = Release|Any CPU
		{F2B871B8-829F-4EF4-99A4-AB2FC9EEDA5E}.Release|Any CPU.ActiveCfg = Release|Any CPU
		{F2B871B8-829F-4EF4-99A4-AB2FC9EEDA5E}.Release|Any CPU.Build.0 = Release|Any CPU
		{F2B871B8-829F-4EF4-99A4-AB2FC9EEDA5E}.Release|ARM.ActiveCfg = Release|Any CPU
		{F2B871B8-829F-4EF4-99A4-AB2FC9EEDA5E}.Release|ARM.Build.0 = Release|Any CPU
		{F2B871B8-829F-4EF4-99A4-AB2FC9EEDA5E}.Release|iPhone.ActiveCfg = Release|Any CPU
		{F2B871B8-829F-4EF4-99A4-AB2FC9EEDA5E}.Release|iPhone.Build.0 = Release|Any CPU
		{F2B871B8-829F-4EF4-99A4-AB2FC9EEDA5E}.Release|iPhoneSimulator.ActiveCfg = Release|Any CPU
		{F2B871B8-829F-4EF4-99A4-AB2FC9EEDA5E}.Release|iPhoneSimulator.Build.0 = Release|Any CPU
		{F2B871B8-829F-4EF4-99A4-AB2FC9EEDA5E}.Release|x64.ActiveCfg = Release|Any CPU
		{F2B871B8-829F-4EF4-99A4-AB2FC9EEDA5E}.Release|x64.Build.0 = Release|Any CPU
		{F2B871B8-829F-4EF4-99A4-AB2FC9EEDA5E}.Release|x86.ActiveCfg = Release|Any CPU
		{F2B871B8-829F-4EF4-99A4-AB2FC9EEDA5E}.Release|x86.Build.0 = Release|Any CPU
		{466F6004-72FF-4E9A-91FC-454D30CC0BC7}.Ad-Hoc|Any CPU.ActiveCfg = Release|x86
		{466F6004-72FF-4E9A-91FC-454D30CC0BC7}.Ad-Hoc|Any CPU.Build.0 = Release|x86
		{466F6004-72FF-4E9A-91FC-454D30CC0BC7}.Ad-Hoc|Any CPU.Deploy.0 = Release|x86
		{466F6004-72FF-4E9A-91FC-454D30CC0BC7}.Ad-Hoc|ARM.ActiveCfg = Release|ARM
		{466F6004-72FF-4E9A-91FC-454D30CC0BC7}.Ad-Hoc|ARM.Build.0 = Release|ARM
		{466F6004-72FF-4E9A-91FC-454D30CC0BC7}.Ad-Hoc|ARM.Deploy.0 = Release|ARM
		{466F6004-72FF-4E9A-91FC-454D30CC0BC7}.Ad-Hoc|iPhone.ActiveCfg = Release|x86
		{466F6004-72FF-4E9A-91FC-454D30CC0BC7}.Ad-Hoc|iPhone.Build.0 = Release|x86
		{466F6004-72FF-4E9A-91FC-454D30CC0BC7}.Ad-Hoc|iPhone.Deploy.0 = Release|x86
		{466F6004-72FF-4E9A-91FC-454D30CC0BC7}.Ad-Hoc|iPhoneSimulator.ActiveCfg = Release|x86
		{466F6004-72FF-4E9A-91FC-454D30CC0BC7}.Ad-Hoc|iPhoneSimulator.Build.0 = Release|x86
		{466F6004-72FF-4E9A-91FC-454D30CC0BC7}.Ad-Hoc|iPhoneSimulator.Deploy.0 = Release|x86
		{466F6004-72FF-4E9A-91FC-454D30CC0BC7}.Ad-Hoc|x64.ActiveCfg = Release|x64
		{466F6004-72FF-4E9A-91FC-454D30CC0BC7}.Ad-Hoc|x64.Build.0 = Release|x64
		{466F6004-72FF-4E9A-91FC-454D30CC0BC7}.Ad-Hoc|x64.Deploy.0 = Release|x64
		{466F6004-72FF-4E9A-91FC-454D30CC0BC7}.Ad-Hoc|x86.ActiveCfg = Release|x86
		{466F6004-72FF-4E9A-91FC-454D30CC0BC7}.Ad-Hoc|x86.Build.0 = Release|x86
		{466F6004-72FF-4E9A-91FC-454D30CC0BC7}.Ad-Hoc|x86.Deploy.0 = Release|x86
		{466F6004-72FF-4E9A-91FC-454D30CC0BC7}.AppStore|Any CPU.ActiveCfg = Release|x86
		{466F6004-72FF-4E9A-91FC-454D30CC0BC7}.AppStore|Any CPU.Build.0 = Release|x86
		{466F6004-72FF-4E9A-91FC-454D30CC0BC7}.AppStore|Any CPU.Deploy.0 = Release|x86
		{466F6004-72FF-4E9A-91FC-454D30CC0BC7}.AppStore|ARM.ActiveCfg = Release|ARM
		{466F6004-72FF-4E9A-91FC-454D30CC0BC7}.AppStore|ARM.Build.0 = Release|ARM
		{466F6004-72FF-4E9A-91FC-454D30CC0BC7}.AppStore|ARM.Deploy.0 = Release|ARM
		{466F6004-72FF-4E9A-91FC-454D30CC0BC7}.AppStore|iPhone.ActiveCfg = Release|x86
		{466F6004-72FF-4E9A-91FC-454D30CC0BC7}.AppStore|iPhone.Build.0 = Release|x86
		{466F6004-72FF-4E9A-91FC-454D30CC0BC7}.AppStore|iPhone.Deploy.0 = Release|x86
		{466F6004-72FF-4E9A-91FC-454D30CC0BC7}.AppStore|iPhoneSimulator.ActiveCfg = Release|x86
		{466F6004-72FF-4E9A-91FC-454D30CC0BC7}.AppStore|iPhoneSimulator.Build.0 = Release|x86
		{466F6004-72FF-4E9A-91FC-454D30CC0BC7}.AppStore|iPhoneSimulator.Deploy.0 = Release|x86
		{466F6004-72FF-4E9A-91FC-454D30CC0BC7}.AppStore|x64.ActiveCfg = Release|x64
		{466F6004-72FF-4E9A-91FC-454D30CC0BC7}.AppStore|x64.Build.0 = Release|x64
		{466F6004-72FF-4E9A-91FC-454D30CC0BC7}.AppStore|x64.Deploy.0 = Release|x64
		{466F6004-72FF-4E9A-91FC-454D30CC0BC7}.AppStore|x86.ActiveCfg = Release|x86
		{466F6004-72FF-4E9A-91FC-454D30CC0BC7}.AppStore|x86.Build.0 = Release|x86
		{466F6004-72FF-4E9A-91FC-454D30CC0BC7}.AppStore|x86.Deploy.0 = Release|x86
		{466F6004-72FF-4E9A-91FC-454D30CC0BC7}.Debug|Any CPU.ActiveCfg = Debug|x86
		{466F6004-72FF-4E9A-91FC-454D30CC0BC7}.Debug|Any CPU.Build.0 = Debug|x86
		{466F6004-72FF-4E9A-91FC-454D30CC0BC7}.Debug|Any CPU.Deploy.0 = Debug|x86
		{466F6004-72FF-4E9A-91FC-454D30CC0BC7}.Debug|ARM.ActiveCfg = Debug|ARM
		{466F6004-72FF-4E9A-91FC-454D30CC0BC7}.Debug|ARM.Build.0 = Debug|ARM
		{466F6004-72FF-4E9A-91FC-454D30CC0BC7}.Debug|ARM.Deploy.0 = Debug|ARM
		{466F6004-72FF-4E9A-91FC-454D30CC0BC7}.Debug|iPhone.ActiveCfg = Debug|x86
		{466F6004-72FF-4E9A-91FC-454D30CC0BC7}.Debug|iPhone.Build.0 = Debug|x86
		{466F6004-72FF-4E9A-91FC-454D30CC0BC7}.Debug|iPhone.Deploy.0 = Debug|x86
		{466F6004-72FF-4E9A-91FC-454D30CC0BC7}.Debug|iPhoneSimulator.ActiveCfg = Debug|x86
		{466F6004-72FF-4E9A-91FC-454D30CC0BC7}.Debug|iPhoneSimulator.Build.0 = Debug|x86
		{466F6004-72FF-4E9A-91FC-454D30CC0BC7}.Debug|iPhoneSimulator.Deploy.0 = Debug|x86
		{466F6004-72FF-4E9A-91FC-454D30CC0BC7}.Debug|x64.ActiveCfg = Debug|x64
		{466F6004-72FF-4E9A-91FC-454D30CC0BC7}.Debug|x64.Build.0 = Debug|x64
		{466F6004-72FF-4E9A-91FC-454D30CC0BC7}.Debug|x64.Deploy.0 = Debug|x64
		{466F6004-72FF-4E9A-91FC-454D30CC0BC7}.Debug|x86.ActiveCfg = Debug|x86
		{466F6004-72FF-4E9A-91FC-454D30CC0BC7}.Debug|x86.Build.0 = Debug|x86
		{466F6004-72FF-4E9A-91FC-454D30CC0BC7}.Debug|x86.Deploy.0 = Debug|x86
		{466F6004-72FF-4E9A-91FC-454D30CC0BC7}.PublishFiller|Any CPU.ActiveCfg = Release|x86
		{466F6004-72FF-4E9A-91FC-454D30CC0BC7}.PublishFiller|Any CPU.Build.0 = Release|x86
		{466F6004-72FF-4E9A-91FC-454D30CC0BC7}.PublishFiller|Any CPU.Deploy.0 = Release|x86
		{466F6004-72FF-4E9A-91FC-454D30CC0BC7}.PublishFiller|ARM.ActiveCfg = Release|ARM
		{466F6004-72FF-4E9A-91FC-454D30CC0BC7}.PublishFiller|ARM.Build.0 = Release|ARM
		{466F6004-72FF-4E9A-91FC-454D30CC0BC7}.PublishFiller|ARM.Deploy.0 = Release|ARM
		{466F6004-72FF-4E9A-91FC-454D30CC0BC7}.PublishFiller|iPhone.ActiveCfg = Release|x86
		{466F6004-72FF-4E9A-91FC-454D30CC0BC7}.PublishFiller|iPhone.Build.0 = Release|x86
		{466F6004-72FF-4E9A-91FC-454D30CC0BC7}.PublishFiller|iPhone.Deploy.0 = Release|x86
		{466F6004-72FF-4E9A-91FC-454D30CC0BC7}.PublishFiller|iPhoneSimulator.ActiveCfg = Release|x86
		{466F6004-72FF-4E9A-91FC-454D30CC0BC7}.PublishFiller|iPhoneSimulator.Build.0 = Release|x86
		{466F6004-72FF-4E9A-91FC-454D30CC0BC7}.PublishFiller|iPhoneSimulator.Deploy.0 = Release|x86
		{466F6004-72FF-4E9A-91FC-454D30CC0BC7}.PublishFiller|x64.ActiveCfg = Release|x64
		{466F6004-72FF-4E9A-91FC-454D30CC0BC7}.PublishFiller|x64.Build.0 = Release|x64
		{466F6004-72FF-4E9A-91FC-454D30CC0BC7}.PublishFiller|x64.Deploy.0 = Release|x64
		{466F6004-72FF-4E9A-91FC-454D30CC0BC7}.PublishFiller|x86.ActiveCfg = Release|x86
		{466F6004-72FF-4E9A-91FC-454D30CC0BC7}.PublishFiller|x86.Build.0 = Release|x86
		{466F6004-72FF-4E9A-91FC-454D30CC0BC7}.PublishFiller|x86.Deploy.0 = Release|x86
		{466F6004-72FF-4E9A-91FC-454D30CC0BC7}.Release|Any CPU.ActiveCfg = Release|x86
		{466F6004-72FF-4E9A-91FC-454D30CC0BC7}.Release|ARM.ActiveCfg = Release|ARM
		{466F6004-72FF-4E9A-91FC-454D30CC0BC7}.Release|ARM.Build.0 = Release|ARM
		{466F6004-72FF-4E9A-91FC-454D30CC0BC7}.Release|ARM.Deploy.0 = Release|ARM
		{466F6004-72FF-4E9A-91FC-454D30CC0BC7}.Release|iPhone.ActiveCfg = Release|x86
		{466F6004-72FF-4E9A-91FC-454D30CC0BC7}.Release|iPhone.Build.0 = Release|x86
		{466F6004-72FF-4E9A-91FC-454D30CC0BC7}.Release|iPhone.Deploy.0 = Release|x86
		{466F6004-72FF-4E9A-91FC-454D30CC0BC7}.Release|iPhoneSimulator.ActiveCfg = Release|x86
		{466F6004-72FF-4E9A-91FC-454D30CC0BC7}.Release|x64.ActiveCfg = Release|x64
		{466F6004-72FF-4E9A-91FC-454D30CC0BC7}.Release|x64.Build.0 = Release|x64
		{466F6004-72FF-4E9A-91FC-454D30CC0BC7}.Release|x64.Deploy.0 = Release|x64
		{466F6004-72FF-4E9A-91FC-454D30CC0BC7}.Release|x86.ActiveCfg = Release|x86
		{466F6004-72FF-4E9A-91FC-454D30CC0BC7}.Release|x86.Build.0 = Release|x86
		{466F6004-72FF-4E9A-91FC-454D30CC0BC7}.Release|x86.Deploy.0 = Release|x86
		{F99585D5-1C22-4206-AA0E-7B08B97997B6}.Ad-Hoc|Any CPU.ActiveCfg = Ad-Hoc|iPhone
		{F99585D5-1C22-4206-AA0E-7B08B97997B6}.Ad-Hoc|ARM.ActiveCfg = Ad-Hoc|iPhone
		{F99585D5-1C22-4206-AA0E-7B08B97997B6}.Ad-Hoc|iPhone.ActiveCfg = Ad-Hoc|iPhone
		{F99585D5-1C22-4206-AA0E-7B08B97997B6}.Ad-Hoc|iPhone.Build.0 = Ad-Hoc|iPhone
		{F99585D5-1C22-4206-AA0E-7B08B97997B6}.Ad-Hoc|iPhoneSimulator.ActiveCfg = Ad-Hoc|iPhoneSimulator
		{F99585D5-1C22-4206-AA0E-7B08B97997B6}.Ad-Hoc|iPhoneSimulator.Build.0 = Ad-Hoc|iPhoneSimulator
		{F99585D5-1C22-4206-AA0E-7B08B97997B6}.Ad-Hoc|x64.ActiveCfg = Ad-Hoc|iPhone
		{F99585D5-1C22-4206-AA0E-7B08B97997B6}.Ad-Hoc|x86.ActiveCfg = Ad-Hoc|iPhone
		{F99585D5-1C22-4206-AA0E-7B08B97997B6}.AppStore|Any CPU.ActiveCfg = AppStore|iPhone
		{F99585D5-1C22-4206-AA0E-7B08B97997B6}.AppStore|ARM.ActiveCfg = AppStore|iPhone
		{F99585D5-1C22-4206-AA0E-7B08B97997B6}.AppStore|iPhone.ActiveCfg = AppStore|iPhone
		{F99585D5-1C22-4206-AA0E-7B08B97997B6}.AppStore|iPhone.Build.0 = AppStore|iPhone
		{F99585D5-1C22-4206-AA0E-7B08B97997B6}.AppStore|iPhoneSimulator.ActiveCfg = AppStore|iPhoneSimulator
		{F99585D5-1C22-4206-AA0E-7B08B97997B6}.AppStore|iPhoneSimulator.Build.0 = AppStore|iPhoneSimulator
		{F99585D5-1C22-4206-AA0E-7B08B97997B6}.AppStore|x64.ActiveCfg = AppStore|iPhone
		{F99585D5-1C22-4206-AA0E-7B08B97997B6}.AppStore|x86.ActiveCfg = AppStore|iPhone
		{F99585D5-1C22-4206-AA0E-7B08B97997B6}.Debug|Any CPU.ActiveCfg = Debug|iPhone
		{F99585D5-1C22-4206-AA0E-7B08B97997B6}.Debug|ARM.ActiveCfg = Debug|iPhone
		{F99585D5-1C22-4206-AA0E-7B08B97997B6}.Debug|iPhone.ActiveCfg = Debug|iPhone
		{F99585D5-1C22-4206-AA0E-7B08B97997B6}.Debug|iPhone.Build.0 = Debug|iPhone
		{F99585D5-1C22-4206-AA0E-7B08B97997B6}.Debug|iPhoneSimulator.ActiveCfg = Debug|iPhoneSimulator
		{F99585D5-1C22-4206-AA0E-7B08B97997B6}.Debug|iPhoneSimulator.Build.0 = Debug|iPhoneSimulator
		{F99585D5-1C22-4206-AA0E-7B08B97997B6}.Debug|x64.ActiveCfg = Debug|iPhone
		{F99585D5-1C22-4206-AA0E-7B08B97997B6}.Debug|x86.ActiveCfg = Debug|iPhone
		{F99585D5-1C22-4206-AA0E-7B08B97997B6}.PublishFiller|Any CPU.ActiveCfg = AppStore|iPhone
		{F99585D5-1C22-4206-AA0E-7B08B97997B6}.PublishFiller|Any CPU.Build.0 = AppStore|iPhone
		{F99585D5-1C22-4206-AA0E-7B08B97997B6}.PublishFiller|ARM.ActiveCfg = AppStore|iPhone
		{F99585D5-1C22-4206-AA0E-7B08B97997B6}.PublishFiller|ARM.Build.0 = AppStore|iPhone
		{F99585D5-1C22-4206-AA0E-7B08B97997B6}.PublishFiller|iPhone.ActiveCfg = AppStore|iPhone
		{F99585D5-1C22-4206-AA0E-7B08B97997B6}.PublishFiller|iPhone.Build.0 = AppStore|iPhone
		{F99585D5-1C22-4206-AA0E-7B08B97997B6}.PublishFiller|iPhoneSimulator.ActiveCfg = AppStore|iPhoneSimulator
		{F99585D5-1C22-4206-AA0E-7B08B97997B6}.PublishFiller|iPhoneSimulator.Build.0 = AppStore|iPhoneSimulator
		{F99585D5-1C22-4206-AA0E-7B08B97997B6}.PublishFiller|x64.ActiveCfg = AppStore|iPhone
		{F99585D5-1C22-4206-AA0E-7B08B97997B6}.PublishFiller|x64.Build.0 = AppStore|iPhone
		{F99585D5-1C22-4206-AA0E-7B08B97997B6}.PublishFiller|x86.ActiveCfg = AppStore|iPhone
		{F99585D5-1C22-4206-AA0E-7B08B97997B6}.PublishFiller|x86.Build.0 = AppStore|iPhone
		{F99585D5-1C22-4206-AA0E-7B08B97997B6}.Release|Any CPU.ActiveCfg = Release|iPhone
		{F99585D5-1C22-4206-AA0E-7B08B97997B6}.Release|ARM.ActiveCfg = Release|iPhone
		{F99585D5-1C22-4206-AA0E-7B08B97997B6}.Release|iPhone.ActiveCfg = Release|iPhone
		{F99585D5-1C22-4206-AA0E-7B08B97997B6}.Release|iPhone.Build.0 = Release|iPhone
		{F99585D5-1C22-4206-AA0E-7B08B97997B6}.Release|iPhoneSimulator.ActiveCfg = Release|iPhoneSimulator
		{F99585D5-1C22-4206-AA0E-7B08B97997B6}.Release|iPhoneSimulator.Build.0 = Release|iPhoneSimulator
		{F99585D5-1C22-4206-AA0E-7B08B97997B6}.Release|x64.ActiveCfg = Release|iPhone
		{F99585D5-1C22-4206-AA0E-7B08B97997B6}.Release|x86.ActiveCfg = Release|iPhone
		{EC21B42F-DA0D-4E7B-A2F4-757ABC917E07}.Ad-Hoc|Any CPU.ActiveCfg = PublishFiller|Any CPU
		{EC21B42F-DA0D-4E7B-A2F4-757ABC917E07}.Ad-Hoc|Any CPU.Build.0 = PublishFiller|Any CPU
		{EC21B42F-DA0D-4E7B-A2F4-757ABC917E07}.Ad-Hoc|ARM.ActiveCfg = PublishFiller|Any CPU
		{EC21B42F-DA0D-4E7B-A2F4-757ABC917E07}.Ad-Hoc|ARM.Build.0 = PublishFiller|Any CPU
		{EC21B42F-DA0D-4E7B-A2F4-757ABC917E07}.Ad-Hoc|iPhone.ActiveCfg = PublishFiller|Any CPU
		{EC21B42F-DA0D-4E7B-A2F4-757ABC917E07}.Ad-Hoc|iPhone.Build.0 = PublishFiller|Any CPU
		{EC21B42F-DA0D-4E7B-A2F4-757ABC917E07}.Ad-Hoc|iPhoneSimulator.ActiveCfg = PublishFiller|Any CPU
		{EC21B42F-DA0D-4E7B-A2F4-757ABC917E07}.Ad-Hoc|iPhoneSimulator.Build.0 = PublishFiller|Any CPU
		{EC21B42F-DA0D-4E7B-A2F4-757ABC917E07}.Ad-Hoc|x64.ActiveCfg = PublishFiller|Any CPU
		{EC21B42F-DA0D-4E7B-A2F4-757ABC917E07}.Ad-Hoc|x64.Build.0 = PublishFiller|Any CPU
		{EC21B42F-DA0D-4E7B-A2F4-757ABC917E07}.Ad-Hoc|x86.ActiveCfg = PublishFiller|Any CPU
		{EC21B42F-DA0D-4E7B-A2F4-757ABC917E07}.Ad-Hoc|x86.Build.0 = PublishFiller|Any CPU
		{EC21B42F-DA0D-4E7B-A2F4-757ABC917E07}.AppStore|Any CPU.ActiveCfg = PublishFiller|Any CPU
		{EC21B42F-DA0D-4E7B-A2F4-757ABC917E07}.AppStore|Any CPU.Build.0 = PublishFiller|Any CPU
		{EC21B42F-DA0D-4E7B-A2F4-757ABC917E07}.AppStore|ARM.ActiveCfg = PublishFiller|Any CPU
		{EC21B42F-DA0D-4E7B-A2F4-757ABC917E07}.AppStore|ARM.Build.0 = PublishFiller|Any CPU
		{EC21B42F-DA0D-4E7B-A2F4-757ABC917E07}.AppStore|iPhone.ActiveCfg = PublishFiller|Any CPU
		{EC21B42F-DA0D-4E7B-A2F4-757ABC917E07}.AppStore|iPhone.Build.0 = PublishFiller|Any CPU
		{EC21B42F-DA0D-4E7B-A2F4-757ABC917E07}.AppStore|iPhoneSimulator.ActiveCfg = PublishFiller|Any CPU
		{EC21B42F-DA0D-4E7B-A2F4-757ABC917E07}.AppStore|iPhoneSimulator.Build.0 = PublishFiller|Any CPU
		{EC21B42F-DA0D-4E7B-A2F4-757ABC917E07}.AppStore|x64.ActiveCfg = PublishFiller|Any CPU
		{EC21B42F-DA0D-4E7B-A2F4-757ABC917E07}.AppStore|x64.Build.0 = PublishFiller|Any CPU
		{EC21B42F-DA0D-4E7B-A2F4-757ABC917E07}.AppStore|x86.ActiveCfg = PublishFiller|Any CPU
		{EC21B42F-DA0D-4E7B-A2F4-757ABC917E07}.AppStore|x86.Build.0 = PublishFiller|Any CPU
		{EC21B42F-DA0D-4E7B-A2F4-757ABC917E07}.Debug|Any CPU.ActiveCfg = Debug|Any CPU
		{EC21B42F-DA0D-4E7B-A2F4-757ABC917E07}.Debug|Any CPU.Build.0 = Debug|Any CPU
		{EC21B42F-DA0D-4E7B-A2F4-757ABC917E07}.Debug|ARM.ActiveCfg = Debug|Any CPU
		{EC21B42F-DA0D-4E7B-A2F4-757ABC917E07}.Debug|ARM.Build.0 = Debug|Any CPU
		{EC21B42F-DA0D-4E7B-A2F4-757ABC917E07}.Debug|iPhone.ActiveCfg = Debug|Any CPU
		{EC21B42F-DA0D-4E7B-A2F4-757ABC917E07}.Debug|iPhone.Build.0 = Debug|Any CPU
		{EC21B42F-DA0D-4E7B-A2F4-757ABC917E07}.Debug|iPhoneSimulator.ActiveCfg = Debug|Any CPU
		{EC21B42F-DA0D-4E7B-A2F4-757ABC917E07}.Debug|iPhoneSimulator.Build.0 = Debug|Any CPU
		{EC21B42F-DA0D-4E7B-A2F4-757ABC917E07}.Debug|x64.ActiveCfg = Debug|Any CPU
		{EC21B42F-DA0D-4E7B-A2F4-757ABC917E07}.Debug|x64.Build.0 = Debug|Any CPU
		{EC21B42F-DA0D-4E7B-A2F4-757ABC917E07}.Debug|x86.ActiveCfg = Debug|Any CPU
		{EC21B42F-DA0D-4E7B-A2F4-757ABC917E07}.Debug|x86.Build.0 = Debug|Any CPU
		{EC21B42F-DA0D-4E7B-A2F4-757ABC917E07}.PublishFiller|Any CPU.ActiveCfg = PublishFiller|Any CPU
		{EC21B42F-DA0D-4E7B-A2F4-757ABC917E07}.PublishFiller|Any CPU.Build.0 = PublishFiller|Any CPU
		{EC21B42F-DA0D-4E7B-A2F4-757ABC917E07}.PublishFiller|ARM.ActiveCfg = PublishFiller|Any CPU
		{EC21B42F-DA0D-4E7B-A2F4-757ABC917E07}.PublishFiller|ARM.Build.0 = PublishFiller|Any CPU
		{EC21B42F-DA0D-4E7B-A2F4-757ABC917E07}.PublishFiller|iPhone.ActiveCfg = PublishFiller|Any CPU
		{EC21B42F-DA0D-4E7B-A2F4-757ABC917E07}.PublishFiller|iPhone.Build.0 = PublishFiller|Any CPU
		{EC21B42F-DA0D-4E7B-A2F4-757ABC917E07}.PublishFiller|iPhoneSimulator.ActiveCfg = PublishFiller|Any CPU
		{EC21B42F-DA0D-4E7B-A2F4-757ABC917E07}.PublishFiller|iPhoneSimulator.Build.0 = PublishFiller|Any CPU
		{EC21B42F-DA0D-4E7B-A2F4-757ABC917E07}.PublishFiller|x64.ActiveCfg = PublishFiller|Any CPU
		{EC21B42F-DA0D-4E7B-A2F4-757ABC917E07}.PublishFiller|x64.Build.0 = PublishFiller|Any CPU
		{EC21B42F-DA0D-4E7B-A2F4-757ABC917E07}.PublishFiller|x86.ActiveCfg = PublishFiller|Any CPU
		{EC21B42F-DA0D-4E7B-A2F4-757ABC917E07}.PublishFiller|x86.Build.0 = PublishFiller|Any CPU
		{EC21B42F-DA0D-4E7B-A2F4-757ABC917E07}.Release|Any CPU.ActiveCfg = Release|Any CPU
		{EC21B42F-DA0D-4E7B-A2F4-757ABC917E07}.Release|Any CPU.Build.0 = Release|Any CPU
		{EC21B42F-DA0D-4E7B-A2F4-757ABC917E07}.Release|ARM.ActiveCfg = Release|Any CPU
		{EC21B42F-DA0D-4E7B-A2F4-757ABC917E07}.Release|ARM.Build.0 = Release|Any CPU
		{EC21B42F-DA0D-4E7B-A2F4-757ABC917E07}.Release|iPhone.ActiveCfg = Release|Any CPU
		{EC21B42F-DA0D-4E7B-A2F4-757ABC917E07}.Release|iPhone.Build.0 = Release|Any CPU
		{EC21B42F-DA0D-4E7B-A2F4-757ABC917E07}.Release|iPhoneSimulator.ActiveCfg = Release|Any CPU
		{EC21B42F-DA0D-4E7B-A2F4-757ABC917E07}.Release|iPhoneSimulator.Build.0 = Release|Any CPU
		{EC21B42F-DA0D-4E7B-A2F4-757ABC917E07}.Release|x64.ActiveCfg = Release|Any CPU
		{EC21B42F-DA0D-4E7B-A2F4-757ABC917E07}.Release|x64.Build.0 = Release|Any CPU
		{EC21B42F-DA0D-4E7B-A2F4-757ABC917E07}.Release|x86.ActiveCfg = Release|Any CPU
		{EC21B42F-DA0D-4E7B-A2F4-757ABC917E07}.Release|x86.Build.0 = Release|Any CPU
		{1A4F1238-2571-4E51-9834-D2432F1D9C35}.Ad-Hoc|Any CPU.ActiveCfg = Release|Any CPU
		{1A4F1238-2571-4E51-9834-D2432F1D9C35}.Ad-Hoc|Any CPU.Build.0 = Release|Any CPU
		{1A4F1238-2571-4E51-9834-D2432F1D9C35}.Ad-Hoc|ARM.ActiveCfg = Release|Any CPU
		{1A4F1238-2571-4E51-9834-D2432F1D9C35}.Ad-Hoc|ARM.Build.0 = Release|Any CPU
		{1A4F1238-2571-4E51-9834-D2432F1D9C35}.Ad-Hoc|iPhone.ActiveCfg = Release|Any CPU
		{1A4F1238-2571-4E51-9834-D2432F1D9C35}.Ad-Hoc|iPhone.Build.0 = Release|Any CPU
		{1A4F1238-2571-4E51-9834-D2432F1D9C35}.Ad-Hoc|iPhoneSimulator.ActiveCfg = Release|Any CPU
		{1A4F1238-2571-4E51-9834-D2432F1D9C35}.Ad-Hoc|iPhoneSimulator.Build.0 = Release|Any CPU
		{1A4F1238-2571-4E51-9834-D2432F1D9C35}.Ad-Hoc|x64.ActiveCfg = Release|Any CPU
		{1A4F1238-2571-4E51-9834-D2432F1D9C35}.Ad-Hoc|x64.Build.0 = Release|Any CPU
		{1A4F1238-2571-4E51-9834-D2432F1D9C35}.Ad-Hoc|x86.ActiveCfg = Release|Any CPU
		{1A4F1238-2571-4E51-9834-D2432F1D9C35}.Ad-Hoc|x86.Build.0 = Release|Any CPU
		{1A4F1238-2571-4E51-9834-D2432F1D9C35}.AppStore|Any CPU.ActiveCfg = Release|Any CPU
		{1A4F1238-2571-4E51-9834-D2432F1D9C35}.AppStore|Any CPU.Build.0 = Release|Any CPU
		{1A4F1238-2571-4E51-9834-D2432F1D9C35}.AppStore|ARM.ActiveCfg = Release|Any CPU
		{1A4F1238-2571-4E51-9834-D2432F1D9C35}.AppStore|ARM.Build.0 = Release|Any CPU
		{1A4F1238-2571-4E51-9834-D2432F1D9C35}.AppStore|iPhone.ActiveCfg = Release|Any CPU
		{1A4F1238-2571-4E51-9834-D2432F1D9C35}.AppStore|iPhone.Build.0 = Release|Any CPU
		{1A4F1238-2571-4E51-9834-D2432F1D9C35}.AppStore|iPhoneSimulator.ActiveCfg = Release|Any CPU
		{1A4F1238-2571-4E51-9834-D2432F1D9C35}.AppStore|iPhoneSimulator.Build.0 = Release|Any CPU
		{1A4F1238-2571-4E51-9834-D2432F1D9C35}.AppStore|x64.ActiveCfg = Release|Any CPU
		{1A4F1238-2571-4E51-9834-D2432F1D9C35}.AppStore|x64.Build.0 = Release|Any CPU
		{1A4F1238-2571-4E51-9834-D2432F1D9C35}.AppStore|x86.ActiveCfg = Release|Any CPU
		{1A4F1238-2571-4E51-9834-D2432F1D9C35}.AppStore|x86.Build.0 = Release|Any CPU
		{1A4F1238-2571-4E51-9834-D2432F1D9C35}.Debug|Any CPU.ActiveCfg = Debug|Any CPU
		{1A4F1238-2571-4E51-9834-D2432F1D9C35}.Debug|Any CPU.Build.0 = Debug|Any CPU
		{1A4F1238-2571-4E51-9834-D2432F1D9C35}.Debug|ARM.ActiveCfg = Debug|Any CPU
		{1A4F1238-2571-4E51-9834-D2432F1D9C35}.Debug|ARM.Build.0 = Debug|Any CPU
		{1A4F1238-2571-4E51-9834-D2432F1D9C35}.Debug|iPhone.ActiveCfg = Debug|Any CPU
		{1A4F1238-2571-4E51-9834-D2432F1D9C35}.Debug|iPhone.Build.0 = Debug|Any CPU
		{1A4F1238-2571-4E51-9834-D2432F1D9C35}.Debug|iPhoneSimulator.ActiveCfg = Debug|Any CPU
		{1A4F1238-2571-4E51-9834-D2432F1D9C35}.Debug|iPhoneSimulator.Build.0 = Debug|Any CPU
		{1A4F1238-2571-4E51-9834-D2432F1D9C35}.Debug|x64.ActiveCfg = Debug|Any CPU
		{1A4F1238-2571-4E51-9834-D2432F1D9C35}.Debug|x64.Build.0 = Debug|Any CPU
		{1A4F1238-2571-4E51-9834-D2432F1D9C35}.Debug|x86.ActiveCfg = Debug|Any CPU
		{1A4F1238-2571-4E51-9834-D2432F1D9C35}.Debug|x86.Build.0 = Debug|Any CPU
		{1A4F1238-2571-4E51-9834-D2432F1D9C35}.PublishFiller|Any CPU.ActiveCfg = Release|Any CPU
		{1A4F1238-2571-4E51-9834-D2432F1D9C35}.PublishFiller|Any CPU.Build.0 = Release|Any CPU
		{1A4F1238-2571-4E51-9834-D2432F1D9C35}.PublishFiller|ARM.ActiveCfg = Release|Any CPU
		{1A4F1238-2571-4E51-9834-D2432F1D9C35}.PublishFiller|ARM.Build.0 = Release|Any CPU
		{1A4F1238-2571-4E51-9834-D2432F1D9C35}.PublishFiller|iPhone.ActiveCfg = Release|Any CPU
		{1A4F1238-2571-4E51-9834-D2432F1D9C35}.PublishFiller|iPhone.Build.0 = Release|Any CPU
		{1A4F1238-2571-4E51-9834-D2432F1D9C35}.PublishFiller|iPhoneSimulator.ActiveCfg = Release|Any CPU
		{1A4F1238-2571-4E51-9834-D2432F1D9C35}.PublishFiller|iPhoneSimulator.Build.0 = Release|Any CPU
		{1A4F1238-2571-4E51-9834-D2432F1D9C35}.PublishFiller|x64.ActiveCfg = Release|Any CPU
		{1A4F1238-2571-4E51-9834-D2432F1D9C35}.PublishFiller|x64.Build.0 = Release|Any CPU
		{1A4F1238-2571-4E51-9834-D2432F1D9C35}.PublishFiller|x86.ActiveCfg = Release|Any CPU
		{1A4F1238-2571-4E51-9834-D2432F1D9C35}.PublishFiller|x86.Build.0 = Release|Any CPU
		{1A4F1238-2571-4E51-9834-D2432F1D9C35}.Release|Any CPU.ActiveCfg = Release|Any CPU
		{1A4F1238-2571-4E51-9834-D2432F1D9C35}.Release|Any CPU.Build.0 = Release|Any CPU
		{1A4F1238-2571-4E51-9834-D2432F1D9C35}.Release|ARM.ActiveCfg = Release|Any CPU
		{1A4F1238-2571-4E51-9834-D2432F1D9C35}.Release|ARM.Build.0 = Release|Any CPU
		{1A4F1238-2571-4E51-9834-D2432F1D9C35}.Release|iPhone.ActiveCfg = Release|Any CPU
		{1A4F1238-2571-4E51-9834-D2432F1D9C35}.Release|iPhone.Build.0 = Release|Any CPU
		{1A4F1238-2571-4E51-9834-D2432F1D9C35}.Release|iPhoneSimulator.ActiveCfg = Release|Any CPU
		{1A4F1238-2571-4E51-9834-D2432F1D9C35}.Release|iPhoneSimulator.Build.0 = Release|Any CPU
		{1A4F1238-2571-4E51-9834-D2432F1D9C35}.Release|x64.ActiveCfg = Release|Any CPU
		{1A4F1238-2571-4E51-9834-D2432F1D9C35}.Release|x64.Build.0 = Release|Any CPU
		{1A4F1238-2571-4E51-9834-D2432F1D9C35}.Release|x86.ActiveCfg = Release|Any CPU
		{1A4F1238-2571-4E51-9834-D2432F1D9C35}.Release|x86.Build.0 = Release|Any CPU
		{98F6B246-19BF-4929-BD26-54D06AAD6389}.Ad-Hoc|Any CPU.ActiveCfg = Release|Any CPU
		{98F6B246-19BF-4929-BD26-54D06AAD6389}.Ad-Hoc|Any CPU.Build.0 = Release|Any CPU
		{98F6B246-19BF-4929-BD26-54D06AAD6389}.Ad-Hoc|ARM.ActiveCfg = Release|ARM
		{98F6B246-19BF-4929-BD26-54D06AAD6389}.Ad-Hoc|ARM.Build.0 = Release|ARM
		{98F6B246-19BF-4929-BD26-54D06AAD6389}.Ad-Hoc|iPhone.ActiveCfg = Release|Any CPU
		{98F6B246-19BF-4929-BD26-54D06AAD6389}.Ad-Hoc|iPhone.Build.0 = Release|Any CPU
		{98F6B246-19BF-4929-BD26-54D06AAD6389}.Ad-Hoc|iPhoneSimulator.ActiveCfg = Release|Any CPU
		{98F6B246-19BF-4929-BD26-54D06AAD6389}.Ad-Hoc|iPhoneSimulator.Build.0 = Release|Any CPU
		{98F6B246-19BF-4929-BD26-54D06AAD6389}.Ad-Hoc|x64.ActiveCfg = Release|x64
		{98F6B246-19BF-4929-BD26-54D06AAD6389}.Ad-Hoc|x64.Build.0 = Release|x64
		{98F6B246-19BF-4929-BD26-54D06AAD6389}.Ad-Hoc|x86.ActiveCfg = Release|x86
		{98F6B246-19BF-4929-BD26-54D06AAD6389}.Ad-Hoc|x86.Build.0 = Release|x86
		{98F6B246-19BF-4929-BD26-54D06AAD6389}.AppStore|Any CPU.ActiveCfg = Release|Any CPU
		{98F6B246-19BF-4929-BD26-54D06AAD6389}.AppStore|Any CPU.Build.0 = Release|Any CPU
		{98F6B246-19BF-4929-BD26-54D06AAD6389}.AppStore|ARM.ActiveCfg = Release|ARM
		{98F6B246-19BF-4929-BD26-54D06AAD6389}.AppStore|ARM.Build.0 = Release|ARM
		{98F6B246-19BF-4929-BD26-54D06AAD6389}.AppStore|iPhone.ActiveCfg = Release|Any CPU
		{98F6B246-19BF-4929-BD26-54D06AAD6389}.AppStore|iPhone.Build.0 = Release|Any CPU
		{98F6B246-19BF-4929-BD26-54D06AAD6389}.AppStore|iPhoneSimulator.ActiveCfg = Release|Any CPU
		{98F6B246-19BF-4929-BD26-54D06AAD6389}.AppStore|iPhoneSimulator.Build.0 = Release|Any CPU
		{98F6B246-19BF-4929-BD26-54D06AAD6389}.AppStore|x64.ActiveCfg = Release|x64
		{98F6B246-19BF-4929-BD26-54D06AAD6389}.AppStore|x64.Build.0 = Release|x64
		{98F6B246-19BF-4929-BD26-54D06AAD6389}.AppStore|x86.ActiveCfg = Release|x86
		{98F6B246-19BF-4929-BD26-54D06AAD6389}.AppStore|x86.Build.0 = Release|x86
		{98F6B246-19BF-4929-BD26-54D06AAD6389}.Debug|Any CPU.ActiveCfg = Debug|Any CPU
		{98F6B246-19BF-4929-BD26-54D06AAD6389}.Debug|Any CPU.Build.0 = Debug|Any CPU
		{98F6B246-19BF-4929-BD26-54D06AAD6389}.Debug|ARM.ActiveCfg = Debug|ARM
		{98F6B246-19BF-4929-BD26-54D06AAD6389}.Debug|ARM.Build.0 = Debug|ARM
		{98F6B246-19BF-4929-BD26-54D06AAD6389}.Debug|iPhone.ActiveCfg = Debug|Any CPU
		{98F6B246-19BF-4929-BD26-54D06AAD6389}.Debug|iPhone.Build.0 = Debug|Any CPU
		{98F6B246-19BF-4929-BD26-54D06AAD6389}.Debug|iPhoneSimulator.ActiveCfg = Debug|Any CPU
		{98F6B246-19BF-4929-BD26-54D06AAD6389}.Debug|iPhoneSimulator.Build.0 = Debug|Any CPU
		{98F6B246-19BF-4929-BD26-54D06AAD6389}.Debug|x64.ActiveCfg = Debug|x64
		{98F6B246-19BF-4929-BD26-54D06AAD6389}.Debug|x64.Build.0 = Debug|x64
		{98F6B246-19BF-4929-BD26-54D06AAD6389}.Debug|x86.ActiveCfg = Debug|x86
		{98F6B246-19BF-4929-BD26-54D06AAD6389}.Debug|x86.Build.0 = Debug|x86
		{98F6B246-19BF-4929-BD26-54D06AAD6389}.PublishFiller|Any CPU.ActiveCfg = Release|Any CPU
		{98F6B246-19BF-4929-BD26-54D06AAD6389}.PublishFiller|Any CPU.Build.0 = Release|Any CPU
		{98F6B246-19BF-4929-BD26-54D06AAD6389}.PublishFiller|ARM.ActiveCfg = Release|ARM
		{98F6B246-19BF-4929-BD26-54D06AAD6389}.PublishFiller|ARM.Build.0 = Release|ARM
		{98F6B246-19BF-4929-BD26-54D06AAD6389}.PublishFiller|iPhone.ActiveCfg = Release|Any CPU
		{98F6B246-19BF-4929-BD26-54D06AAD6389}.PublishFiller|iPhone.Build.0 = Release|Any CPU
		{98F6B246-19BF-4929-BD26-54D06AAD6389}.PublishFiller|iPhoneSimulator.ActiveCfg = Release|Any CPU
		{98F6B246-19BF-4929-BD26-54D06AAD6389}.PublishFiller|iPhoneSimulator.Build.0 = Release|Any CPU
		{98F6B246-19BF-4929-BD26-54D06AAD6389}.PublishFiller|x64.ActiveCfg = Release|x64
		{98F6B246-19BF-4929-BD26-54D06AAD6389}.PublishFiller|x64.Build.0 = Release|x64
		{98F6B246-19BF-4929-BD26-54D06AAD6389}.PublishFiller|x86.ActiveCfg = Release|x86
		{98F6B246-19BF-4929-BD26-54D06AAD6389}.PublishFiller|x86.Build.0 = Release|x86
		{98F6B246-19BF-4929-BD26-54D06AAD6389}.Release|Any CPU.ActiveCfg = Release|Any CPU
		{98F6B246-19BF-4929-BD26-54D06AAD6389}.Release|Any CPU.Build.0 = Release|Any CPU
		{98F6B246-19BF-4929-BD26-54D06AAD6389}.Release|ARM.ActiveCfg = Release|ARM
		{98F6B246-19BF-4929-BD26-54D06AAD6389}.Release|ARM.Build.0 = Release|ARM
		{98F6B246-19BF-4929-BD26-54D06AAD6389}.Release|iPhone.ActiveCfg = Release|Any CPU
		{98F6B246-19BF-4929-BD26-54D06AAD6389}.Release|iPhone.Build.0 = Release|Any CPU
		{98F6B246-19BF-4929-BD26-54D06AAD6389}.Release|iPhoneSimulator.ActiveCfg = Release|Any CPU
		{98F6B246-19BF-4929-BD26-54D06AAD6389}.Release|iPhoneSimulator.Build.0 = Release|Any CPU
		{98F6B246-19BF-4929-BD26-54D06AAD6389}.Release|x64.ActiveCfg = Release|x64
		{98F6B246-19BF-4929-BD26-54D06AAD6389}.Release|x64.Build.0 = Release|x64
		{98F6B246-19BF-4929-BD26-54D06AAD6389}.Release|x86.ActiveCfg = Release|x86
		{98F6B246-19BF-4929-BD26-54D06AAD6389}.Release|x86.Build.0 = Release|x86
	EndGlobalSection
	GlobalSection(SolutionProperties) = preSolution
		HideSolutionNode = FALSE
	EndGlobalSection
	GlobalSection(NestedProjects) = preSolution
		{4CF34D1C-662C-400D-BEAF-E87CE1D08FAB} = {E5A1A7EF-50EA-4E0A-B8A5-23D8B5819351}
		{8739CED3-5844-4F18-B2E3-C99036B31B33} = {034CAF33-A259-4509-8DA8-D516D9ECF436}
		{062829A8-39A4-444E-AB44-98284E164644} = {034CAF33-A259-4509-8DA8-D516D9ECF436}
		{7EB296ED-B7E1-4929-9224-7469C00CFD6E} = {E5A1A7EF-50EA-4E0A-B8A5-23D8B5819351}
		{C312D7D6-5FB7-4133-B735-99EB971C91A0} = {E5A1A7EF-50EA-4E0A-B8A5-23D8B5819351}
		{64E91D01-E670-4374-A30D-33585A1DC127} = {E5A1A7EF-50EA-4E0A-B8A5-23D8B5819351}
		{D93C5B6A-7F1C-4904-89EF-4679784C7AD1} = {C0DBD6CD-6114-474D-983B-2377376E9733}
		{F99C92C2-1192-4CB8-8CE1-F90874669246} = {C0DBD6CD-6114-474D-983B-2377376E9733}
		{2C90EE6D-52E3-4BA0-92D4-8162800F698D} = {C0DBD6CD-6114-474D-983B-2377376E9733}
		{40EC91E6-987E-4975-AB4E-DCF39FC01102} = {C0DBD6CD-6114-474D-983B-2377376E9733}
		{D710FFB6-B3C1-4244-87D4-826251490167} = {C0DBD6CD-6114-474D-983B-2377376E9733}
		{3E70DE2E-B85A-4F33-8D23-D80BFA36AEF1} = {4DC88953-FBDF-4FA1-A6D0-35EF8F1B06F7}
		{F656EF5F-8AEC-412F-B786-2AA2D0AECCBB} = {1A3E4166-A0D7-4A5F-8AEF-C20F24B31708}
		{F2B871B8-829F-4EF4-99A4-AB2FC9EEDA5E} = {1A3E4166-A0D7-4A5F-8AEF-C20F24B31708}
		{466F6004-72FF-4E9A-91FC-454D30CC0BC7} = {1A3E4166-A0D7-4A5F-8AEF-C20F24B31708}
		{F99585D5-1C22-4206-AA0E-7B08B97997B6} = {1A3E4166-A0D7-4A5F-8AEF-C20F24B31708}
		{EC21B42F-DA0D-4E7B-A2F4-757ABC917E07} = {4DC88953-FBDF-4FA1-A6D0-35EF8F1B06F7}
		{1A4F1238-2571-4E51-9834-D2432F1D9C35} = {4DC88953-FBDF-4FA1-A6D0-35EF8F1B06F7}
		{98F6B246-19BF-4929-BD26-54D06AAD6389} = {4DC88953-FBDF-4FA1-A6D0-35EF8F1B06F7}
	EndGlobalSection
EndGlobal
