
Microsoft Visual Studio Solution File, Format Version 12.00
# Visual Studio Version 16
VisualStudioVersion = 16.0.28803.156
MinimumVisualStudioVersion = 10.0.40219.1
Project("{9A19103F-16F7-4668-BE54-9A1E7A4F7556}") = "Svg.Editor.Core", "Svg.Editor.Core\Svg.Editor.Core.csproj", "{4CF34D1C-662C-400D-BEAF-E87CE1D08FAB}"
EndProject
Project("{FAE04EC0-301F-11D3-BF4B-00C04F79EFBC}") = "Svg.Editor.Sample.Core", "Svg.Editor.Sample.Core\Svg.Editor.Sample.Core.csproj", "{8739CED3-5844-4F18-B2E3-C99036B31B33}"
EndProject
Project("{FAE04EC0-301F-11D3-BF4B-00C04F79EFBC}") = "Svg.Editor.Sample.Droid", "Svg.Editor.Sample.Droid\Svg.Editor.Sample.Droid.csproj", "{062829A8-39A4-444E-AB44-98284E164644}"
EndProject
Project("{2150E333-8FDC-42A3-9474-1A3956D46DE8}") = "Sample", "Sample", "{034CAF33-A259-4509-8DA8-D516D9ECF436}"
EndProject
Project("{D954291E-2A0B-460D-934E-DC6B0785DB48}") = "Svg.Editor.Tests", "Svg.Editor.Tests\Svg.Editor.Tests.shproj", "{7EB296ED-B7E1-4929-9224-7469C00CFD6E}"
EndProject
Project("{FAE04EC0-301F-11D3-BF4B-00C04F79EFBC}") = "Svg.Editor.Tests.Droid", "Svg.Editor.Tests.Droid\Svg.Editor.Tests.Droid.csproj", "{C312D7D6-5FB7-4133-B735-99EB971C91A0}"
EndProject
Project("{FAE04EC0-301F-11D3-BF4B-00C04F79EFBC}") = "Svg.Editor.Tests.Win", "Svg.Editor.Tests.Win\Svg.Editor.Tests.Win.csproj", "{64E91D01-E670-4374-A30D-33585A1DC127}"
EndProject
Project("{2150E333-8FDC-42A3-9474-1A3956D46DE8}") = "Editor", "Editor", "{E5A1A7EF-50EA-4E0A-B8A5-23D8B5819351}"
EndProject
Project("{FAE04EC0-301F-11D3-BF4B-00C04F79EFBC}") = "Svg.Editor.Forms.UWP", "Svg.Editor.Forms.UWP\Svg.Editor.Forms.UWP.csproj", "{D93C5B6A-7F1C-4904-89EF-4679784C7AD1}"
EndProject
Project("{FAE04EC0-301F-11D3-BF4B-00C04F79EFBC}") = "Svg.Editor.Forms.iOS", "Svg.Editor.Forms.iOS\Svg.Editor.Forms.iOS.csproj", "{F99C92C2-1192-4CB8-8CE1-F90874669246}"
EndProject
Project("{9A19103F-16F7-4668-BE54-9A1E7A4F7556}") = "Svg.Editor.Forms", "Svg.Editor.Forms\Svg.Editor.Forms.csproj", "{2C90EE6D-52E3-4BA0-92D4-8162800F698D}"
EndProject
Project("{D954291E-2A0B-460D-934E-DC6B0785DB48}") = "Svg.Editor.Forms.Shared", "Svg.Editor.Forms.Shared\Svg.Editor.Forms.Shared.shproj", "{40EC91E6-987E-4975-AB4E-DCF39FC01102}"
EndProject
Project("{FAE04EC0-301F-11D3-BF4B-00C04F79EFBC}") = "Svg.Editor.Forms.Droid", "Svg.Editor.Forms.Droid\Svg.Editor.Forms.Droid.csproj", "{D710FFB6-B3C1-4244-87D4-826251490167}"
EndProject
Project("{2150E333-8FDC-42A3-9474-1A3956D46DE8}") = "Sample.Forms", "Sample.Forms", "{1A3E4166-A0D7-4A5F-8AEF-C20F24B31708}"
EndProject
Project("{FAE04EC0-301F-11D3-BF4B-00C04F79EFBC}") = "Svg.Editor.Sample.Forms.Android", "Svg.Editor.Sample.Forms\Svg.Editor.Sample.Forms.Android\Svg.Editor.Sample.Forms.Android.csproj", "{F656EF5F-8AEC-412F-B786-2AA2D0AECCBB}"
EndProject
Project("{FAE04EC0-301F-11D3-BF4B-00C04F79EFBC}") = "Svg.Editor.Sample.Forms", "Svg.Editor.Sample.Forms\Svg.Editor.Sample.Forms\Svg.Editor.Sample.Forms.csproj", "{F2B871B8-829F-4EF4-99A4-AB2FC9EEDA5E}"
EndProject
Project("{FAE04EC0-301F-11D3-BF4B-00C04F79EFBC}") = "Svg.Editor.Sample.Forms.UWP", "Svg.Editor.Sample.Forms\Svg.Editor.Sample.Forms.UWP\Svg.Editor.Sample.Forms.UWP.csproj", "{466F6004-72FF-4E9A-91FC-454D30CC0BC7}"
EndProject
Project("{FAE04EC0-301F-11D3-BF4B-00C04F79EFBC}") = "Svg.Editor.Sample.Forms.iOS", "Svg.Editor.Sample.Forms\Svg.Editor.Sample.Forms.iOS\Svg.Editor.Sample.Forms.iOS.csproj", "{F99585D5-1C22-4206-AA0E-7B08B97997B6}"
EndProject
Project("{2150E333-8FDC-42A3-9474-1A3956D46DE8}") = "Editor.Forms", "Editor.Forms", "{C0DBD6CD-6114-474D-983B-2377376E9733}"
EndProject
Project("{2150E333-8FDC-42A3-9474-1A3956D46DE8}") = "Editor.Views", "Editor.Views", "{4DC88953-FBDF-4FA1-A6D0-35EF8F1B06F7}"
EndProject
Project("{9A19103F-16F7-4668-BE54-9A1E7A4F7556}") = "Svg.Editor.Views", "Svg.Editor.Views\Svg.Editor.Views.csproj", "{E31E77D5-D5D5-4639-9F84-F2C9F59C2C8A}"
EndProject
Global
	GlobalSection(SharedMSBuildProjectFiles) = preSolution
		Svg.Editor.Forms.Shared\Svg.Editor.Forms.Shared.projitems*{40ec91e6-987e-4975-ab4e-dcf39fc01102}*SharedItemsImports = 13
		Svg.Editor.Tests\Svg.Editor.Tests.projitems*{64e91d01-e670-4374-a30d-33585a1dc127}*SharedItemsImports = 4
		Svg.Editor.Tests\Svg.Editor.Tests.projitems*{7eb296ed-b7e1-4929-9224-7469c00cfd6e}*SharedItemsImports = 13
		Svg.Editor.Tests\Svg.Editor.Tests.projitems*{c312d7d6-5fb7-4133-b735-99eb971c91a0}*SharedItemsImports = 4
		Svg.Editor.Forms.Shared\Svg.Editor.Forms.Shared.projitems*{d710ffb6-b3c1-4244-87d4-826251490167}*SharedItemsImports = 4
		Svg.Editor.Forms.Shared\Svg.Editor.Forms.Shared.projitems*{d93c5b6a-7f1c-4904-89ef-4679784c7ad1}*SharedItemsImports = 4
		Svg.Editor.Forms.Shared\Svg.Editor.Forms.Shared.projitems*{f99c92c2-1192-4cb8-8ce1-f90874669246}*SharedItemsImports = 4
	EndGlobalSection
	GlobalSection(SolutionConfigurationPlatforms) = preSolution
		Debug|Any CPU = Debug|Any CPU
		Debug|ARM = Debug|ARM
		Debug|iPhone = Debug|iPhone
		Debug|iPhoneSimulator = Debug|iPhoneSimulator
		Debug|x64 = Debug|x64
		Debug|x86 = Debug|x86
		Release|Any CPU = Release|Any CPU
		Release|ARM = Release|ARM
		Release|iPhone = Release|iPhone
		Release|iPhoneSimulator = Release|iPhoneSimulator
		Release|x64 = Release|x64
		Release|x86 = Release|x86
	EndGlobalSection
	GlobalSection(ProjectConfigurationPlatforms) = postSolution
		{4CF34D1C-662C-400D-BEAF-E87CE1D08FAB}.Debug|Any CPU.ActiveCfg = Debug|Any CPU
		{4CF34D1C-662C-400D-BEAF-E87CE1D08FAB}.Debug|Any CPU.Build.0 = Debug|Any CPU
		{4CF34D1C-662C-400D-BEAF-E87CE1D08FAB}.Debug|ARM.ActiveCfg = Debug|Any CPU
		{4CF34D1C-662C-400D-BEAF-E87CE1D08FAB}.Debug|ARM.Build.0 = Debug|Any CPU
		{4CF34D1C-662C-400D-BEAF-E87CE1D08FAB}.Debug|iPhone.ActiveCfg = Debug|Any CPU
		{4CF34D1C-662C-400D-BEAF-E87CE1D08FAB}.Debug|iPhone.Build.0 = Debug|Any CPU
		{4CF34D1C-662C-400D-BEAF-E87CE1D08FAB}.Debug|iPhoneSimulator.ActiveCfg = Debug|Any CPU
		{4CF34D1C-662C-400D-BEAF-E87CE1D08FAB}.Debug|iPhoneSimulator.Build.0 = Debug|Any CPU
		{4CF34D1C-662C-400D-BEAF-E87CE1D08FAB}.Debug|x64.ActiveCfg = Debug|Any CPU
		{4CF34D1C-662C-400D-BEAF-E87CE1D08FAB}.Debug|x64.Build.0 = Debug|Any CPU
		{4CF34D1C-662C-400D-BEAF-E87CE1D08FAB}.Debug|x86.ActiveCfg = Debug|Any CPU
		{4CF34D1C-662C-400D-BEAF-E87CE1D08FAB}.Debug|x86.Build.0 = Debug|Any CPU
		{4CF34D1C-662C-400D-BEAF-E87CE1D08FAB}.Release|Any CPU.ActiveCfg = Release|Any CPU
		{4CF34D1C-662C-400D-BEAF-E87CE1D08FAB}.Release|Any CPU.Build.0 = Release|Any CPU
		{4CF34D1C-662C-400D-BEAF-E87CE1D08FAB}.Release|ARM.ActiveCfg = Release|Any CPU
		{4CF34D1C-662C-400D-BEAF-E87CE1D08FAB}.Release|ARM.Build.0 = Release|Any CPU
		{4CF34D1C-662C-400D-BEAF-E87CE1D08FAB}.Release|iPhone.ActiveCfg = Release|Any CPU
		{4CF34D1C-662C-400D-BEAF-E87CE1D08FAB}.Release|iPhone.Build.0 = Release|Any CPU
		{4CF34D1C-662C-400D-BEAF-E87CE1D08FAB}.Release|iPhoneSimulator.ActiveCfg = Release|Any CPU
		{4CF34D1C-662C-400D-BEAF-E87CE1D08FAB}.Release|iPhoneSimulator.Build.0 = Release|Any CPU
		{4CF34D1C-662C-400D-BEAF-E87CE1D08FAB}.Release|x64.ActiveCfg = Release|Any CPU
		{4CF34D1C-662C-400D-BEAF-E87CE1D08FAB}.Release|x64.Build.0 = Release|Any CPU
		{4CF34D1C-662C-400D-BEAF-E87CE1D08FAB}.Release|x86.ActiveCfg = Release|Any CPU
		{4CF34D1C-662C-400D-BEAF-E87CE1D08FAB}.Release|x86.Build.0 = Release|Any CPU
		{8739CED3-5844-4F18-B2E3-C99036B31B33}.Debug|Any CPU.ActiveCfg = Debug|Any CPU
		{8739CED3-5844-4F18-B2E3-C99036B31B33}.Debug|Any CPU.Build.0 = Debug|Any CPU
		{8739CED3-5844-4F18-B2E3-C99036B31B33}.Debug|ARM.ActiveCfg = Debug|Any CPU
		{8739CED3-5844-4F18-B2E3-C99036B31B33}.Debug|ARM.Build.0 = Debug|Any CPU
		{8739CED3-5844-4F18-B2E3-C99036B31B33}.Debug|iPhone.ActiveCfg = Debug|Any CPU
		{8739CED3-5844-4F18-B2E3-C99036B31B33}.Debug|iPhone.Build.0 = Debug|Any CPU
		{8739CED3-5844-4F18-B2E3-C99036B31B33}.Debug|iPhoneSimulator.ActiveCfg = Debug|Any CPU
		{8739CED3-5844-4F18-B2E3-C99036B31B33}.Debug|iPhoneSimulator.Build.0 = Debug|Any CPU
		{8739CED3-5844-4F18-B2E3-C99036B31B33}.Debug|x64.ActiveCfg = Debug|Any CPU
		{8739CED3-5844-4F18-B2E3-C99036B31B33}.Debug|x64.Build.0 = Debug|Any CPU
		{8739CED3-5844-4F18-B2E3-C99036B31B33}.Debug|x86.ActiveCfg = Debug|Any CPU
		{8739CED3-5844-4F18-B2E3-C99036B31B33}.Debug|x86.Build.0 = Debug|Any CPU
		{8739CED3-5844-4F18-B2E3-C99036B31B33}.Release|Any CPU.ActiveCfg = Release|Any CPU
		{8739CED3-5844-4F18-B2E3-C99036B31B33}.Release|ARM.ActiveCfg = Release|Any CPU
		{8739CED3-5844-4F18-B2E3-C99036B31B33}.Release|ARM.Build.0 = Release|Any CPU
		{8739CED3-5844-4F18-B2E3-C99036B31B33}.Release|iPhone.ActiveCfg = Release|Any CPU
		{8739CED3-5844-4F18-B2E3-C99036B31B33}.Release|iPhone.Build.0 = Release|Any CPU
		{8739CED3-5844-4F18-B2E3-C99036B31B33}.Release|iPhoneSimulator.ActiveCfg = Release|Any CPU
		{8739CED3-5844-4F18-B2E3-C99036B31B33}.Release|iPhoneSimulator.Build.0 = Release|Any CPU
		{8739CED3-5844-4F18-B2E3-C99036B31B33}.Release|x64.ActiveCfg = Release|Any CPU
		{8739CED3-5844-4F18-B2E3-C99036B31B33}.Release|x64.Build.0 = Release|Any CPU
		{8739CED3-5844-4F18-B2E3-C99036B31B33}.Release|x86.ActiveCfg = Release|Any CPU
		{8739CED3-5844-4F18-B2E3-C99036B31B33}.Release|x86.Build.0 = Release|Any CPU
		{062829A8-39A4-444E-AB44-98284E164644}.Debug|Any CPU.ActiveCfg = Debug|Any CPU
		{062829A8-39A4-444E-AB44-98284E164644}.Debug|Any CPU.Build.0 = Debug|Any CPU
		{062829A8-39A4-444E-AB44-98284E164644}.Debug|Any CPU.Deploy.0 = Debug|Any CPU
		{062829A8-39A4-444E-AB44-98284E164644}.Debug|ARM.ActiveCfg = Debug|Any CPU
		{062829A8-39A4-444E-AB44-98284E164644}.Debug|ARM.Build.0 = Debug|Any CPU
		{062829A8-39A4-444E-AB44-98284E164644}.Debug|ARM.Deploy.0 = Debug|Any CPU
		{062829A8-39A4-444E-AB44-98284E164644}.Debug|iPhone.ActiveCfg = Debug|Any CPU
		{062829A8-39A4-444E-AB44-98284E164644}.Debug|iPhone.Build.0 = Debug|Any CPU
		{062829A8-39A4-444E-AB44-98284E164644}.Debug|iPhone.Deploy.0 = Debug|Any CPU
		{062829A8-39A4-444E-AB44-98284E164644}.Debug|iPhoneSimulator.ActiveCfg = Debug|Any CPU
		{062829A8-39A4-444E-AB44-98284E164644}.Debug|iPhoneSimulator.Build.0 = Debug|Any CPU
		{062829A8-39A4-444E-AB44-98284E164644}.Debug|iPhoneSimulator.Deploy.0 = Debug|Any CPU
		{062829A8-39A4-444E-AB44-98284E164644}.Debug|x64.ActiveCfg = Debug|Any CPU
		{062829A8-39A4-444E-AB44-98284E164644}.Debug|x64.Build.0 = Debug|Any CPU
		{062829A8-39A4-444E-AB44-98284E164644}.Debug|x64.Deploy.0 = Debug|Any CPU
		{062829A8-39A4-444E-AB44-98284E164644}.Debug|x86.ActiveCfg = Debug|Any CPU
		{062829A8-39A4-444E-AB44-98284E164644}.Debug|x86.Build.0 = Debug|Any CPU
		{062829A8-39A4-444E-AB44-98284E164644}.Debug|x86.Deploy.0 = Debug|Any CPU
		{062829A8-39A4-444E-AB44-98284E164644}.Release|Any CPU.ActiveCfg = Release|Any CPU
		{062829A8-39A4-444E-AB44-98284E164644}.Release|Any CPU.Deploy.0 = Release|Any CPU
		{062829A8-39A4-444E-AB44-98284E164644}.Release|ARM.ActiveCfg = Release|Any CPU
		{062829A8-39A4-444E-AB44-98284E164644}.Release|ARM.Build.0 = Release|Any CPU
		{062829A8-39A4-444E-AB44-98284E164644}.Release|ARM.Deploy.0 = Release|Any CPU
		{062829A8-39A4-444E-AB44-98284E164644}.Release|iPhone.ActiveCfg = Release|Any CPU
		{062829A8-39A4-444E-AB44-98284E164644}.Release|iPhone.Build.0 = Release|Any CPU
		{062829A8-39A4-444E-AB44-98284E164644}.Release|iPhone.Deploy.0 = Release|Any CPU
		{062829A8-39A4-444E-AB44-98284E164644}.Release|iPhoneSimulator.ActiveCfg = Release|Any CPU
		{062829A8-39A4-444E-AB44-98284E164644}.Release|iPhoneSimulator.Build.0 = Release|Any CPU
		{062829A8-39A4-444E-AB44-98284E164644}.Release|iPhoneSimulator.Deploy.0 = Release|Any CPU
		{062829A8-39A4-444E-AB44-98284E164644}.Release|x64.ActiveCfg = Release|Any CPU
		{062829A8-39A4-444E-AB44-98284E164644}.Release|x64.Build.0 = Release|Any CPU
		{062829A8-39A4-444E-AB44-98284E164644}.Release|x64.Deploy.0 = Release|Any CPU
		{062829A8-39A4-444E-AB44-98284E164644}.Release|x86.ActiveCfg = Release|Any CPU
		{062829A8-39A4-444E-AB44-98284E164644}.Release|x86.Build.0 = Release|Any CPU
		{062829A8-39A4-444E-AB44-98284E164644}.Release|x86.Deploy.0 = Release|Any CPU
		{C312D7D6-5FB7-4133-B735-99EB971C91A0}.Debug|Any CPU.ActiveCfg = Debug|Any CPU
		{C312D7D6-5FB7-4133-B735-99EB971C91A0}.Debug|Any CPU.Build.0 = Debug|Any CPU
		{C312D7D6-5FB7-4133-B735-99EB971C91A0}.Debug|Any CPU.Deploy.0 = Debug|Any CPU
		{C312D7D6-5FB7-4133-B735-99EB971C91A0}.Debug|ARM.ActiveCfg = Debug|Any CPU
		{C312D7D6-5FB7-4133-B735-99EB971C91A0}.Debug|ARM.Build.0 = Debug|Any CPU
		{C312D7D6-5FB7-4133-B735-99EB971C91A0}.Debug|ARM.Deploy.0 = Debug|Any CPU
		{C312D7D6-5FB7-4133-B735-99EB971C91A0}.Debug|iPhone.ActiveCfg = Debug|Any CPU
		{C312D7D6-5FB7-4133-B735-99EB971C91A0}.Debug|iPhone.Build.0 = Debug|Any CPU
		{C312D7D6-5FB7-4133-B735-99EB971C91A0}.Debug|iPhone.Deploy.0 = Debug|Any CPU
		{C312D7D6-5FB7-4133-B735-99EB971C91A0}.Debug|iPhoneSimulator.ActiveCfg = Debug|Any CPU
		{C312D7D6-5FB7-4133-B735-99EB971C91A0}.Debug|iPhoneSimulator.Build.0 = Debug|Any CPU
		{C312D7D6-5FB7-4133-B735-99EB971C91A0}.Debug|iPhoneSimulator.Deploy.0 = Debug|Any CPU
		{C312D7D6-5FB7-4133-B735-99EB971C91A0}.Debug|x64.ActiveCfg = Debug|Any CPU
		{C312D7D6-5FB7-4133-B735-99EB971C91A0}.Debug|x64.Build.0 = Debug|Any CPU
		{C312D7D6-5FB7-4133-B735-99EB971C91A0}.Debug|x64.Deploy.0 = Debug|Any CPU
		{C312D7D6-5FB7-4133-B735-99EB971C91A0}.Debug|x86.ActiveCfg = Debug|Any CPU
		{C312D7D6-5FB7-4133-B735-99EB971C91A0}.Debug|x86.Build.0 = Debug|Any CPU
		{C312D7D6-5FB7-4133-B735-99EB971C91A0}.Debug|x86.Deploy.0 = Debug|Any CPU
		{C312D7D6-5FB7-4133-B735-99EB971C91A0}.Release|Any CPU.ActiveCfg = Release|Any CPU
		{C312D7D6-5FB7-4133-B735-99EB971C91A0}.Release|ARM.ActiveCfg = Release|Any CPU
		{C312D7D6-5FB7-4133-B735-99EB971C91A0}.Release|ARM.Build.0 = Release|Any CPU
		{C312D7D6-5FB7-4133-B735-99EB971C91A0}.Release|ARM.Deploy.0 = Release|Any CPU
		{C312D7D6-5FB7-4133-B735-99EB971C91A0}.Release|iPhone.ActiveCfg = Release|Any CPU
		{C312D7D6-5FB7-4133-B735-99EB971C91A0}.Release|iPhone.Build.0 = Release|Any CPU
		{C312D7D6-5FB7-4133-B735-99EB971C91A0}.Release|iPhone.Deploy.0 = Release|Any CPU
		{C312D7D6-5FB7-4133-B735-99EB971C91A0}.Release|iPhoneSimulator.ActiveCfg = Release|Any CPU
		{C312D7D6-5FB7-4133-B735-99EB971C91A0}.Release|iPhoneSimulator.Build.0 = Release|Any CPU
		{C312D7D6-5FB7-4133-B735-99EB971C91A0}.Release|iPhoneSimulator.Deploy.0 = Release|Any CPU
		{C312D7D6-5FB7-4133-B735-99EB971C91A0}.Release|x64.ActiveCfg = Release|Any CPU
		{C312D7D6-5FB7-4133-B735-99EB971C91A0}.Release|x64.Build.0 = Release|Any CPU
		{C312D7D6-5FB7-4133-B735-99EB971C91A0}.Release|x64.Deploy.0 = Release|Any CPU
		{C312D7D6-5FB7-4133-B735-99EB971C91A0}.Release|x86.ActiveCfg = Release|Any CPU
		{C312D7D6-5FB7-4133-B735-99EB971C91A0}.Release|x86.Build.0 = Release|Any CPU
		{C312D7D6-5FB7-4133-B735-99EB971C91A0}.Release|x86.Deploy.0 = Release|Any CPU
		{64E91D01-E670-4374-A30D-33585A1DC127}.Debug|Any CPU.ActiveCfg = Debug|x86
		{64E91D01-E670-4374-A30D-33585A1DC127}.Debug|Any CPU.Build.0 = Debug|x86
		{64E91D01-E670-4374-A30D-33585A1DC127}.Debug|ARM.ActiveCfg = Debug|Any CPU
		{64E91D01-E670-4374-A30D-33585A1DC127}.Debug|ARM.Build.0 = Debug|Any CPU
		{64E91D01-E670-4374-A30D-33585A1DC127}.Debug|iPhone.ActiveCfg = Debug|x86
		{64E91D01-E670-4374-A30D-33585A1DC127}.Debug|iPhone.Build.0 = Debug|x86
		{64E91D01-E670-4374-A30D-33585A1DC127}.Debug|iPhoneSimulator.ActiveCfg = Debug|x86
		{64E91D01-E670-4374-A30D-33585A1DC127}.Debug|iPhoneSimulator.Build.0 = Debug|x86
		{64E91D01-E670-4374-A30D-33585A1DC127}.Debug|x64.ActiveCfg = Debug|Any CPU
		{64E91D01-E670-4374-A30D-33585A1DC127}.Debug|x64.Build.0 = Debug|Any CPU
		{64E91D01-E670-4374-A30D-33585A1DC127}.Debug|x86.ActiveCfg = Debug|x86
		{64E91D01-E670-4374-A30D-33585A1DC127}.Debug|x86.Build.0 = Debug|x86
		{64E91D01-E670-4374-A30D-33585A1DC127}.Release|Any CPU.ActiveCfg = Release|Any CPU
		{64E91D01-E670-4374-A30D-33585A1DC127}.Release|ARM.ActiveCfg = Release|Any CPU
		{64E91D01-E670-4374-A30D-33585A1DC127}.Release|ARM.Build.0 = Release|Any CPU
		{64E91D01-E670-4374-A30D-33585A1DC127}.Release|iPhone.ActiveCfg = Release|Any CPU
		{64E91D01-E670-4374-A30D-33585A1DC127}.Release|iPhone.Build.0 = Release|Any CPU
		{64E91D01-E670-4374-A30D-33585A1DC127}.Release|iPhoneSimulator.ActiveCfg = Release|Any CPU
		{64E91D01-E670-4374-A30D-33585A1DC127}.Release|iPhoneSimulator.Build.0 = Release|Any CPU
		{64E91D01-E670-4374-A30D-33585A1DC127}.Release|x64.ActiveCfg = Release|Any CPU
		{64E91D01-E670-4374-A30D-33585A1DC127}.Release|x64.Build.0 = Release|Any CPU
		{64E91D01-E670-4374-A30D-33585A1DC127}.Release|x86.ActiveCfg = Release|x86
		{64E91D01-E670-4374-A30D-33585A1DC127}.Release|x86.Build.0 = Release|x86
		{D93C5B6A-7F1C-4904-89EF-4679784C7AD1}.Debug|Any CPU.ActiveCfg = Debug|Any CPU
		{D93C5B6A-7F1C-4904-89EF-4679784C7AD1}.Debug|Any CPU.Build.0 = Debug|Any CPU
		{D93C5B6A-7F1C-4904-89EF-4679784C7AD1}.Debug|ARM.ActiveCfg = Debug|ARM
		{D93C5B6A-7F1C-4904-89EF-4679784C7AD1}.Debug|ARM.Build.0 = Debug|ARM
		{D93C5B6A-7F1C-4904-89EF-4679784C7AD1}.Debug|iPhone.ActiveCfg = Debug|Any CPU
		{D93C5B6A-7F1C-4904-89EF-4679784C7AD1}.Debug|iPhone.Build.0 = Debug|Any CPU
		{D93C5B6A-7F1C-4904-89EF-4679784C7AD1}.Debug|iPhoneSimulator.ActiveCfg = Debug|Any CPU
		{D93C5B6A-7F1C-4904-89EF-4679784C7AD1}.Debug|iPhoneSimulator.Build.0 = Debug|Any CPU
		{D93C5B6A-7F1C-4904-89EF-4679784C7AD1}.Debug|x64.ActiveCfg = Debug|x64
		{D93C5B6A-7F1C-4904-89EF-4679784C7AD1}.Debug|x64.Build.0 = Debug|x64
		{D93C5B6A-7F1C-4904-89EF-4679784C7AD1}.Debug|x86.ActiveCfg = Debug|x86
		{D93C5B6A-7F1C-4904-89EF-4679784C7AD1}.Debug|x86.Build.0 = Debug|x86
		{D93C5B6A-7F1C-4904-89EF-4679784C7AD1}.Release|Any CPU.ActiveCfg = Release|Any CPU
		{D93C5B6A-7F1C-4904-89EF-4679784C7AD1}.Release|Any CPU.Build.0 = Release|Any CPU
		{D93C5B6A-7F1C-4904-89EF-4679784C7AD1}.Release|ARM.ActiveCfg = Release|ARM
		{D93C5B6A-7F1C-4904-89EF-4679784C7AD1}.Release|ARM.Build.0 = Release|ARM
		{D93C5B6A-7F1C-4904-89EF-4679784C7AD1}.Release|iPhone.ActiveCfg = Release|Any CPU
		{D93C5B6A-7F1C-4904-89EF-4679784C7AD1}.Release|iPhone.Build.0 = Release|Any CPU
		{D93C5B6A-7F1C-4904-89EF-4679784C7AD1}.Release|iPhoneSimulator.ActiveCfg = Release|Any CPU
		{D93C5B6A-7F1C-4904-89EF-4679784C7AD1}.Release|iPhoneSimulator.Build.0 = Release|Any CPU
		{D93C5B6A-7F1C-4904-89EF-4679784C7AD1}.Release|x64.ActiveCfg = Release|x64
		{D93C5B6A-7F1C-4904-89EF-4679784C7AD1}.Release|x64.Build.0 = Release|x64
		{D93C5B6A-7F1C-4904-89EF-4679784C7AD1}.Release|x86.ActiveCfg = Release|x86
		{D93C5B6A-7F1C-4904-89EF-4679784C7AD1}.Release|x86.Build.0 = Release|x86
		{F99C92C2-1192-4CB8-8CE1-F90874669246}.Debug|Any CPU.ActiveCfg = Debug|Any CPU
		{F99C92C2-1192-4CB8-8CE1-F90874669246}.Debug|Any CPU.Build.0 = Debug|Any CPU
		{F99C92C2-1192-4CB8-8CE1-F90874669246}.Debug|ARM.ActiveCfg = Debug|Any CPU
		{F99C92C2-1192-4CB8-8CE1-F90874669246}.Debug|ARM.Build.0 = Debug|Any CPU
		{F99C92C2-1192-4CB8-8CE1-F90874669246}.Debug|iPhone.ActiveCfg = Debug|Any CPU
		{F99C92C2-1192-4CB8-8CE1-F90874669246}.Debug|iPhone.Build.0 = Debug|Any CPU
		{F99C92C2-1192-4CB8-8CE1-F90874669246}.Debug|iPhoneSimulator.ActiveCfg = Debug|Any CPU
		{F99C92C2-1192-4CB8-8CE1-F90874669246}.Debug|iPhoneSimulator.Build.0 = Debug|Any CPU
		{F99C92C2-1192-4CB8-8CE1-F90874669246}.Debug|x64.ActiveCfg = Debug|Any CPU
		{F99C92C2-1192-4CB8-8CE1-F90874669246}.Debug|x64.Build.0 = Debug|Any CPU
		{F99C92C2-1192-4CB8-8CE1-F90874669246}.Debug|x86.ActiveCfg = Debug|Any CPU
		{F99C92C2-1192-4CB8-8CE1-F90874669246}.Debug|x86.Build.0 = Debug|Any CPU
		{F99C92C2-1192-4CB8-8CE1-F90874669246}.Release|Any CPU.ActiveCfg = Release|Any CPU
		{F99C92C2-1192-4CB8-8CE1-F90874669246}.Release|Any CPU.Build.0 = Release|Any CPU
		{F99C92C2-1192-4CB8-8CE1-F90874669246}.Release|ARM.ActiveCfg = Release|Any CPU
		{F99C92C2-1192-4CB8-8CE1-F90874669246}.Release|ARM.Build.0 = Release|Any CPU
		{F99C92C2-1192-4CB8-8CE1-F90874669246}.Release|iPhone.ActiveCfg = Release|Any CPU
		{F99C92C2-1192-4CB8-8CE1-F90874669246}.Release|iPhone.Build.0 = Release|Any CPU
		{F99C92C2-1192-4CB8-8CE1-F90874669246}.Release|iPhoneSimulator.ActiveCfg = Release|Any CPU
		{F99C92C2-1192-4CB8-8CE1-F90874669246}.Release|iPhoneSimulator.Build.0 = Release|Any CPU
		{F99C92C2-1192-4CB8-8CE1-F90874669246}.Release|x64.ActiveCfg = Release|Any CPU
		{F99C92C2-1192-4CB8-8CE1-F90874669246}.Release|x64.Build.0 = Release|Any CPU
		{F99C92C2-1192-4CB8-8CE1-F90874669246}.Release|x86.ActiveCfg = Release|Any CPU
		{F99C92C2-1192-4CB8-8CE1-F90874669246}.Release|x86.Build.0 = Release|Any CPU
		{2C90EE6D-52E3-4BA0-92D4-8162800F698D}.Debug|Any CPU.ActiveCfg = Debug|Any CPU
		{2C90EE6D-52E3-4BA0-92D4-8162800F698D}.Debug|Any CPU.Build.0 = Debug|Any CPU
		{2C90EE6D-52E3-4BA0-92D4-8162800F698D}.Debug|ARM.ActiveCfg = Debug|Any CPU
		{2C90EE6D-52E3-4BA0-92D4-8162800F698D}.Debug|ARM.Build.0 = Debug|Any CPU
		{2C90EE6D-52E3-4BA0-92D4-8162800F698D}.Debug|iPhone.ActiveCfg = Debug|Any CPU
		{2C90EE6D-52E3-4BA0-92D4-8162800F698D}.Debug|iPhone.Build.0 = Debug|Any CPU
		{2C90EE6D-52E3-4BA0-92D4-8162800F698D}.Debug|iPhoneSimulator.ActiveCfg = Debug|Any CPU
		{2C90EE6D-52E3-4BA0-92D4-8162800F698D}.Debug|iPhoneSimulator.Build.0 = Debug|Any CPU
		{2C90EE6D-52E3-4BA0-92D4-8162800F698D}.Debug|x64.ActiveCfg = Debug|Any CPU
		{2C90EE6D-52E3-4BA0-92D4-8162800F698D}.Debug|x64.Build.0 = Debug|Any CPU
		{2C90EE6D-52E3-4BA0-92D4-8162800F698D}.Debug|x86.ActiveCfg = Debug|Any CPU
		{2C90EE6D-52E3-4BA0-92D4-8162800F698D}.Debug|x86.Build.0 = Debug|Any CPU
		{2C90EE6D-52E3-4BA0-92D4-8162800F698D}.Release|Any CPU.ActiveCfg = Release|Any CPU
		{2C90EE6D-52E3-4BA0-92D4-8162800F698D}.Release|Any CPU.Build.0 = Release|Any CPU
		{2C90EE6D-52E3-4BA0-92D4-8162800F698D}.Release|ARM.ActiveCfg = Release|Any CPU
		{2C90EE6D-52E3-4BA0-92D4-8162800F698D}.Release|ARM.Build.0 = Release|Any CPU
		{2C90EE6D-52E3-4BA0-92D4-8162800F698D}.Release|iPhone.ActiveCfg = Release|Any CPU
		{2C90EE6D-52E3-4BA0-92D4-8162800F698D}.Release|iPhone.Build.0 = Release|Any CPU
		{2C90EE6D-52E3-4BA0-92D4-8162800F698D}.Release|iPhoneSimulator.ActiveCfg = Release|Any CPU
		{2C90EE6D-52E3-4BA0-92D4-8162800F698D}.Release|iPhoneSimulator.Build.0 = Release|Any CPU
		{2C90EE6D-52E3-4BA0-92D4-8162800F698D}.Release|x64.ActiveCfg = Release|Any CPU
		{2C90EE6D-52E3-4BA0-92D4-8162800F698D}.Release|x64.Build.0 = Release|Any CPU
		{2C90EE6D-52E3-4BA0-92D4-8162800F698D}.Release|x86.ActiveCfg = Release|Any CPU
		{2C90EE6D-52E3-4BA0-92D4-8162800F698D}.Release|x86.Build.0 = Release|Any CPU
		{D710FFB6-B3C1-4244-87D4-826251490167}.Debug|Any CPU.ActiveCfg = Debug|Any CPU
		{D710FFB6-B3C1-4244-87D4-826251490167}.Debug|Any CPU.Build.0 = Debug|Any CPU
		{D710FFB6-B3C1-4244-87D4-826251490167}.Debug|ARM.ActiveCfg = Debug|Any CPU
		{D710FFB6-B3C1-4244-87D4-826251490167}.Debug|ARM.Build.0 = Debug|Any CPU
		{D710FFB6-B3C1-4244-87D4-826251490167}.Debug|iPhone.ActiveCfg = Debug|Any CPU
		{D710FFB6-B3C1-4244-87D4-826251490167}.Debug|iPhone.Build.0 = Debug|Any CPU
		{D710FFB6-B3C1-4244-87D4-826251490167}.Debug|iPhoneSimulator.ActiveCfg = Debug|Any CPU
		{D710FFB6-B3C1-4244-87D4-826251490167}.Debug|iPhoneSimulator.Build.0 = Debug|Any CPU
		{D710FFB6-B3C1-4244-87D4-826251490167}.Debug|x64.ActiveCfg = Debug|Any CPU
		{D710FFB6-B3C1-4244-87D4-826251490167}.Debug|x64.Build.0 = Debug|Any CPU
		{D710FFB6-B3C1-4244-87D4-826251490167}.Debug|x86.ActiveCfg = Debug|Any CPU
		{D710FFB6-B3C1-4244-87D4-826251490167}.Debug|x86.Build.0 = Debug|Any CPU
		{D710FFB6-B3C1-4244-87D4-826251490167}.Release|Any CPU.ActiveCfg = Release|Any CPU
		{D710FFB6-B3C1-4244-87D4-826251490167}.Release|Any CPU.Build.0 = Release|Any CPU
		{D710FFB6-B3C1-4244-87D4-826251490167}.Release|ARM.ActiveCfg = Release|Any CPU
		{D710FFB6-B3C1-4244-87D4-826251490167}.Release|ARM.Build.0 = Release|Any CPU
		{D710FFB6-B3C1-4244-87D4-826251490167}.Release|iPhone.ActiveCfg = Release|Any CPU
		{D710FFB6-B3C1-4244-87D4-826251490167}.Release|iPhone.Build.0 = Release|Any CPU
		{D710FFB6-B3C1-4244-87D4-826251490167}.Release|iPhoneSimulator.ActiveCfg = Release|Any CPU
		{D710FFB6-B3C1-4244-87D4-826251490167}.Release|iPhoneSimulator.Build.0 = Release|Any CPU
		{D710FFB6-B3C1-4244-87D4-826251490167}.Release|x64.ActiveCfg = Release|Any CPU
		{D710FFB6-B3C1-4244-87D4-826251490167}.Release|x64.Build.0 = Release|Any CPU
		{D710FFB6-B3C1-4244-87D4-826251490167}.Release|x86.ActiveCfg = Release|Any CPU
		{D710FFB6-B3C1-4244-87D4-826251490167}.Release|x86.Build.0 = Release|Any CPU
		{F656EF5F-8AEC-412F-B786-2AA2D0AECCBB}.Debug|Any CPU.ActiveCfg = Debug|Any CPU
		{F656EF5F-8AEC-412F-B786-2AA2D0AECCBB}.Debug|Any CPU.Build.0 = Debug|Any CPU
		{F656EF5F-8AEC-412F-B786-2AA2D0AECCBB}.Debug|Any CPU.Deploy.0 = Debug|Any CPU
		{F656EF5F-8AEC-412F-B786-2AA2D0AECCBB}.Debug|ARM.ActiveCfg = Debug|Any CPU
		{F656EF5F-8AEC-412F-B786-2AA2D0AECCBB}.Debug|ARM.Build.0 = Debug|Any CPU
		{F656EF5F-8AEC-412F-B786-2AA2D0AECCBB}.Debug|ARM.Deploy.0 = Debug|Any CPU
		{F656EF5F-8AEC-412F-B786-2AA2D0AECCBB}.Debug|iPhone.ActiveCfg = Debug|Any CPU
		{F656EF5F-8AEC-412F-B786-2AA2D0AECCBB}.Debug|iPhone.Build.0 = Debug|Any CPU
		{F656EF5F-8AEC-412F-B786-2AA2D0AECCBB}.Debug|iPhone.Deploy.0 = Debug|Any CPU
		{F656EF5F-8AEC-412F-B786-2AA2D0AECCBB}.Debug|iPhoneSimulator.ActiveCfg = Debug|Any CPU
		{F656EF5F-8AEC-412F-B786-2AA2D0AECCBB}.Debug|iPhoneSimulator.Build.0 = Debug|Any CPU
		{F656EF5F-8AEC-412F-B786-2AA2D0AECCBB}.Debug|iPhoneSimulator.Deploy.0 = Debug|Any CPU
		{F656EF5F-8AEC-412F-B786-2AA2D0AECCBB}.Debug|x64.ActiveCfg = Debug|Any CPU
		{F656EF5F-8AEC-412F-B786-2AA2D0AECCBB}.Debug|x64.Build.0 = Debug|Any CPU
		{F656EF5F-8AEC-412F-B786-2AA2D0AECCBB}.Debug|x64.Deploy.0 = Debug|Any CPU
		{F656EF5F-8AEC-412F-B786-2AA2D0AECCBB}.Debug|x86.ActiveCfg = Debug|Any CPU
		{F656EF5F-8AEC-412F-B786-2AA2D0AECCBB}.Debug|x86.Build.0 = Debug|Any CPU
		{F656EF5F-8AEC-412F-B786-2AA2D0AECCBB}.Debug|x86.Deploy.0 = Debug|Any CPU
		{F656EF5F-8AEC-412F-B786-2AA2D0AECCBB}.Release|Any CPU.ActiveCfg = Release|Any CPU
		{F656EF5F-8AEC-412F-B786-2AA2D0AECCBB}.Release|ARM.ActiveCfg = Release|Any CPU
		{F656EF5F-8AEC-412F-B786-2AA2D0AECCBB}.Release|ARM.Build.0 = Release|Any CPU
		{F656EF5F-8AEC-412F-B786-2AA2D0AECCBB}.Release|ARM.Deploy.0 = Release|Any CPU
		{F656EF5F-8AEC-412F-B786-2AA2D0AECCBB}.Release|iPhone.ActiveCfg = Release|Any CPU
		{F656EF5F-8AEC-412F-B786-2AA2D0AECCBB}.Release|iPhone.Build.0 = Release|Any CPU
		{F656EF5F-8AEC-412F-B786-2AA2D0AECCBB}.Release|iPhone.Deploy.0 = Release|Any CPU
		{F656EF5F-8AEC-412F-B786-2AA2D0AECCBB}.Release|iPhoneSimulator.ActiveCfg = Release|Any CPU
		{F656EF5F-8AEC-412F-B786-2AA2D0AECCBB}.Release|iPhoneSimulator.Build.0 = Release|Any CPU
		{F656EF5F-8AEC-412F-B786-2AA2D0AECCBB}.Release|iPhoneSimulator.Deploy.0 = Release|Any CPU
		{F656EF5F-8AEC-412F-B786-2AA2D0AECCBB}.Release|x64.ActiveCfg = Release|Any CPU
		{F656EF5F-8AEC-412F-B786-2AA2D0AECCBB}.Release|x64.Build.0 = Release|Any CPU
		{F656EF5F-8AEC-412F-B786-2AA2D0AECCBB}.Release|x64.Deploy.0 = Release|Any CPU
		{F656EF5F-8AEC-412F-B786-2AA2D0AECCBB}.Release|x86.ActiveCfg = Release|Any CPU
		{F656EF5F-8AEC-412F-B786-2AA2D0AECCBB}.Release|x86.Build.0 = Release|Any CPU
		{F656EF5F-8AEC-412F-B786-2AA2D0AECCBB}.Release|x86.Deploy.0 = Release|Any CPU
		{F2B871B8-829F-4EF4-99A4-AB2FC9EEDA5E}.Debug|Any CPU.ActiveCfg = Debug|Any CPU
		{F2B871B8-829F-4EF4-99A4-AB2FC9EEDA5E}.Debug|Any CPU.Build.0 = Debug|Any CPU
		{F2B871B8-829F-4EF4-99A4-AB2FC9EEDA5E}.Debug|ARM.ActiveCfg = Debug|Any CPU
		{F2B871B8-829F-4EF4-99A4-AB2FC9EEDA5E}.Debug|ARM.Build.0 = Debug|Any CPU
		{F2B871B8-829F-4EF4-99A4-AB2FC9EEDA5E}.Debug|iPhone.ActiveCfg = Debug|Any CPU
		{F2B871B8-829F-4EF4-99A4-AB2FC9EEDA5E}.Debug|iPhone.Build.0 = Debug|Any CPU
		{F2B871B8-829F-4EF4-99A4-AB2FC9EEDA5E}.Debug|iPhoneSimulator.ActiveCfg = Debug|Any CPU
		{F2B871B8-829F-4EF4-99A4-AB2FC9EEDA5E}.Debug|iPhoneSimulator.Build.0 = Debug|Any CPU
		{F2B871B8-829F-4EF4-99A4-AB2FC9EEDA5E}.Debug|x64.ActiveCfg = Debug|Any CPU
		{F2B871B8-829F-4EF4-99A4-AB2FC9EEDA5E}.Debug|x64.Build.0 = Debug|Any CPU
		{F2B871B8-829F-4EF4-99A4-AB2FC9EEDA5E}.Debug|x86.ActiveCfg = Debug|Any CPU
		{F2B871B8-829F-4EF4-99A4-AB2FC9EEDA5E}.Debug|x86.Build.0 = Debug|Any CPU
		{F2B871B8-829F-4EF4-99A4-AB2FC9EEDA5E}.Release|Any CPU.ActiveCfg = Release|Any CPU
		{F2B871B8-829F-4EF4-99A4-AB2FC9EEDA5E}.Release|ARM.ActiveCfg = Release|Any CPU
		{F2B871B8-829F-4EF4-99A4-AB2FC9EEDA5E}.Release|ARM.Build.0 = Release|Any CPU
		{F2B871B8-829F-4EF4-99A4-AB2FC9EEDA5E}.Release|iPhone.ActiveCfg = Release|Any CPU
		{F2B871B8-829F-4EF4-99A4-AB2FC9EEDA5E}.Release|iPhone.Build.0 = Release|Any CPU
		{F2B871B8-829F-4EF4-99A4-AB2FC9EEDA5E}.Release|iPhoneSimulator.ActiveCfg = Release|Any CPU
		{F2B871B8-829F-4EF4-99A4-AB2FC9EEDA5E}.Release|iPhoneSimulator.Build.0 = Release|Any CPU
		{F2B871B8-829F-4EF4-99A4-AB2FC9EEDA5E}.Release|x64.ActiveCfg = Release|Any CPU
		{F2B871B8-829F-4EF4-99A4-AB2FC9EEDA5E}.Release|x64.Build.0 = Release|Any CPU
		{F2B871B8-829F-4EF4-99A4-AB2FC9EEDA5E}.Release|x86.ActiveCfg = Release|Any CPU
		{F2B871B8-829F-4EF4-99A4-AB2FC9EEDA5E}.Release|x86.Build.0 = Release|Any CPU
		{466F6004-72FF-4E9A-91FC-454D30CC0BC7}.Debug|Any CPU.ActiveCfg = Debug|x86
		{466F6004-72FF-4E9A-91FC-454D30CC0BC7}.Debug|Any CPU.Build.0 = Debug|x86
		{466F6004-72FF-4E9A-91FC-454D30CC0BC7}.Debug|Any CPU.Deploy.0 = Debug|x86
		{466F6004-72FF-4E9A-91FC-454D30CC0BC7}.Debug|ARM.ActiveCfg = Debug|ARM
		{466F6004-72FF-4E9A-91FC-454D30CC0BC7}.Debug|ARM.Build.0 = Debug|ARM
		{466F6004-72FF-4E9A-91FC-454D30CC0BC7}.Debug|ARM.Deploy.0 = Debug|ARM
		{466F6004-72FF-4E9A-91FC-454D30CC0BC7}.Debug|iPhone.ActiveCfg = Debug|x86
		{466F6004-72FF-4E9A-91FC-454D30CC0BC7}.Debug|iPhone.Build.0 = Debug|x86
		{466F6004-72FF-4E9A-91FC-454D30CC0BC7}.Debug|iPhone.Deploy.0 = Debug|x86
		{466F6004-72FF-4E9A-91FC-454D30CC0BC7}.Debug|iPhoneSimulator.ActiveCfg = Debug|x86
		{466F6004-72FF-4E9A-91FC-454D30CC0BC7}.Debug|iPhoneSimulator.Build.0 = Debug|x86
		{466F6004-72FF-4E9A-91FC-454D30CC0BC7}.Debug|iPhoneSimulator.Deploy.0 = Debug|x86
		{466F6004-72FF-4E9A-91FC-454D30CC0BC7}.Debug|x64.ActiveCfg = Debug|x64
		{466F6004-72FF-4E9A-91FC-454D30CC0BC7}.Debug|x64.Build.0 = Debug|x64
		{466F6004-72FF-4E9A-91FC-454D30CC0BC7}.Debug|x64.Deploy.0 = Debug|x64
		{466F6004-72FF-4E9A-91FC-454D30CC0BC7}.Debug|x86.ActiveCfg = Debug|x86
		{466F6004-72FF-4E9A-91FC-454D30CC0BC7}.Debug|x86.Build.0 = Debug|x86
		{466F6004-72FF-4E9A-91FC-454D30CC0BC7}.Debug|x86.Deploy.0 = Debug|x86
		{466F6004-72FF-4E9A-91FC-454D30CC0BC7}.Release|Any CPU.ActiveCfg = Release|x86
		{466F6004-72FF-4E9A-91FC-454D30CC0BC7}.Release|Any CPU.Deploy.0 = Release|x86
		{466F6004-72FF-4E9A-91FC-454D30CC0BC7}.Release|ARM.ActiveCfg = Release|ARM
		{466F6004-72FF-4E9A-91FC-454D30CC0BC7}.Release|ARM.Build.0 = Release|ARM
		{466F6004-72FF-4E9A-91FC-454D30CC0BC7}.Release|ARM.Deploy.0 = Release|ARM
		{466F6004-72FF-4E9A-91FC-454D30CC0BC7}.Release|iPhone.ActiveCfg = Release|x86
		{466F6004-72FF-4E9A-91FC-454D30CC0BC7}.Release|iPhone.Build.0 = Release|x86
		{466F6004-72FF-4E9A-91FC-454D30CC0BC7}.Release|iPhone.Deploy.0 = Release|x86
		{466F6004-72FF-4E9A-91FC-454D30CC0BC7}.Release|iPhoneSimulator.ActiveCfg = Release|x86
		{466F6004-72FF-4E9A-91FC-454D30CC0BC7}.Release|x64.ActiveCfg = Release|x64
		{466F6004-72FF-4E9A-91FC-454D30CC0BC7}.Release|x64.Build.0 = Release|x64
		{466F6004-72FF-4E9A-91FC-454D30CC0BC7}.Release|x64.Deploy.0 = Release|x64
		{466F6004-72FF-4E9A-91FC-454D30CC0BC7}.Release|x86.ActiveCfg = Release|x86
		{466F6004-72FF-4E9A-91FC-454D30CC0BC7}.Release|x86.Build.0 = Release|x86
		{466F6004-72FF-4E9A-91FC-454D30CC0BC7}.Release|x86.Deploy.0 = Release|x86
		{F99585D5-1C22-4206-AA0E-7B08B97997B6}.Debug|Any CPU.ActiveCfg = Debug|iPhone
		{F99585D5-1C22-4206-AA0E-7B08B97997B6}.Debug|Any CPU.Build.0 = Debug|iPhone
		{F99585D5-1C22-4206-AA0E-7B08B97997B6}.Debug|ARM.ActiveCfg = Debug|iPhone
		{F99585D5-1C22-4206-AA0E-7B08B97997B6}.Debug|iPhone.ActiveCfg = Debug|iPhone
		{F99585D5-1C22-4206-AA0E-7B08B97997B6}.Debug|iPhone.Build.0 = Debug|iPhone
		{F99585D5-1C22-4206-AA0E-7B08B97997B6}.Debug|iPhoneSimulator.ActiveCfg = Debug|iPhoneSimulator
		{F99585D5-1C22-4206-AA0E-7B08B97997B6}.Debug|iPhoneSimulator.Build.0 = Debug|iPhoneSimulator
		{F99585D5-1C22-4206-AA0E-7B08B97997B6}.Debug|x64.ActiveCfg = Debug|iPhone
		{F99585D5-1C22-4206-AA0E-7B08B97997B6}.Debug|x86.ActiveCfg = Debug|iPhone
		{F99585D5-1C22-4206-AA0E-7B08B97997B6}.Release|Any CPU.ActiveCfg = Release|iPhone
		{F99585D5-1C22-4206-AA0E-7B08B97997B6}.Release|ARM.ActiveCfg = Release|iPhone
		{F99585D5-1C22-4206-AA0E-7B08B97997B6}.Release|iPhone.ActiveCfg = Release|iPhone
		{F99585D5-1C22-4206-AA0E-7B08B97997B6}.Release|iPhone.Build.0 = Release|iPhone
		{F99585D5-1C22-4206-AA0E-7B08B97997B6}.Release|iPhoneSimulator.ActiveCfg = Release|iPhoneSimulator
		{F99585D5-1C22-4206-AA0E-7B08B97997B6}.Release|iPhoneSimulator.Build.0 = Release|iPhoneSimulator
		{F99585D5-1C22-4206-AA0E-7B08B97997B6}.Release|x64.ActiveCfg = Release|iPhone
		{F99585D5-1C22-4206-AA0E-7B08B97997B6}.Release|x86.ActiveCfg = Release|iPhone
		{E31E77D5-D5D5-4639-9F84-F2C9F59C2C8A}.Debug|Any CPU.ActiveCfg = Debug|Any CPU
		{E31E77D5-D5D5-4639-9F84-F2C9F59C2C8A}.Debug|Any CPU.Build.0 = Debug|Any CPU
		{E31E77D5-D5D5-4639-9F84-F2C9F59C2C8A}.Debug|ARM.ActiveCfg = Debug|Any CPU
		{E31E77D5-D5D5-4639-9F84-F2C9F59C2C8A}.Debug|ARM.Build.0 = Debug|Any CPU
		{E31E77D5-D5D5-4639-9F84-F2C9F59C2C8A}.Debug|iPhone.ActiveCfg = Debug|Any CPU
		{E31E77D5-D5D5-4639-9F84-F2C9F59C2C8A}.Debug|iPhone.Build.0 = Debug|Any CPU
		{E31E77D5-D5D5-4639-9F84-F2C9F59C2C8A}.Debug|iPhoneSimulator.ActiveCfg = Debug|Any CPU
		{E31E77D5-D5D5-4639-9F84-F2C9F59C2C8A}.Debug|iPhoneSimulator.Build.0 = Debug|Any CPU
		{E31E77D5-D5D5-4639-9F84-F2C9F59C2C8A}.Debug|x64.ActiveCfg = Debug|Any CPU
		{E31E77D5-D5D5-4639-9F84-F2C9F59C2C8A}.Debug|x64.Build.0 = Debug|Any CPU
		{E31E77D5-D5D5-4639-9F84-F2C9F59C2C8A}.Debug|x86.ActiveCfg = Debug|Any CPU
		{E31E77D5-D5D5-4639-9F84-F2C9F59C2C8A}.Debug|x86.Build.0 = Debug|Any CPU
		{E31E77D5-D5D5-4639-9F84-F2C9F59C2C8A}.Release|Any CPU.ActiveCfg = Release|Any CPU
		{E31E77D5-D5D5-4639-9F84-F2C9F59C2C8A}.Release|Any CPU.Build.0 = Release|Any CPU
		{E31E77D5-D5D5-4639-9F84-F2C9F59C2C8A}.Release|ARM.ActiveCfg = Release|Any CPU
		{E31E77D5-D5D5-4639-9F84-F2C9F59C2C8A}.Release|ARM.Build.0 = Release|Any CPU
		{E31E77D5-D5D5-4639-9F84-F2C9F59C2C8A}.Release|iPhone.ActiveCfg = Release|Any CPU
		{E31E77D5-D5D5-4639-9F84-F2C9F59C2C8A}.Release|iPhone.Build.0 = Release|Any CPU
		{E31E77D5-D5D5-4639-9F84-F2C9F59C2C8A}.Release|iPhoneSimulator.ActiveCfg = Release|Any CPU
		{E31E77D5-D5D5-4639-9F84-F2C9F59C2C8A}.Release|iPhoneSimulator.Build.0 = Release|Any CPU
		{E31E77D5-D5D5-4639-9F84-F2C9F59C2C8A}.Release|x64.ActiveCfg = Release|Any CPU
		{E31E77D5-D5D5-4639-9F84-F2C9F59C2C8A}.Release|x64.Build.0 = Release|Any CPU
		{E31E77D5-D5D5-4639-9F84-F2C9F59C2C8A}.Release|x86.ActiveCfg = Release|Any CPU
		{E31E77D5-D5D5-4639-9F84-F2C9F59C2C8A}.Release|x86.Build.0 = Release|Any CPU
	EndGlobalSection
	GlobalSection(SolutionProperties) = preSolution
		HideSolutionNode = FALSE
	EndGlobalSection
	GlobalSection(NestedProjects) = preSolution
		{4CF34D1C-662C-400D-BEAF-E87CE1D08FAB} = {E5A1A7EF-50EA-4E0A-B8A5-23D8B5819351}
		{8739CED3-5844-4F18-B2E3-C99036B31B33} = {034CAF33-A259-4509-8DA8-D516D9ECF436}
		{062829A8-39A4-444E-AB44-98284E164644} = {034CAF33-A259-4509-8DA8-D516D9ECF436}
		{7EB296ED-B7E1-4929-9224-7469C00CFD6E} = {E5A1A7EF-50EA-4E0A-B8A5-23D8B5819351}
		{C312D7D6-5FB7-4133-B735-99EB971C91A0} = {E5A1A7EF-50EA-4E0A-B8A5-23D8B5819351}
		{64E91D01-E670-4374-A30D-33585A1DC127} = {E5A1A7EF-50EA-4E0A-B8A5-23D8B5819351}
		{D93C5B6A-7F1C-4904-89EF-4679784C7AD1} = {C0DBD6CD-6114-474D-983B-2377376E9733}
		{F99C92C2-1192-4CB8-8CE1-F90874669246} = {C0DBD6CD-6114-474D-983B-2377376E9733}
		{2C90EE6D-52E3-4BA0-92D4-8162800F698D} = {C0DBD6CD-6114-474D-983B-2377376E9733}
		{40EC91E6-987E-4975-AB4E-DCF39FC01102} = {C0DBD6CD-6114-474D-983B-2377376E9733}
		{D710FFB6-B3C1-4244-87D4-826251490167} = {C0DBD6CD-6114-474D-983B-2377376E9733}
		{F656EF5F-8AEC-412F-B786-2AA2D0AECCBB} = {1A3E4166-A0D7-4A5F-8AEF-C20F24B31708}
		{F2B871B8-829F-4EF4-99A4-AB2FC9EEDA5E} = {1A3E4166-A0D7-4A5F-8AEF-C20F24B31708}
		{466F6004-72FF-4E9A-91FC-454D30CC0BC7} = {1A3E4166-A0D7-4A5F-8AEF-C20F24B31708}
		{F99585D5-1C22-4206-AA0E-7B08B97997B6} = {1A3E4166-A0D7-4A5F-8AEF-C20F24B31708}
		{E31E77D5-D5D5-4639-9F84-F2C9F59C2C8A} = {4DC88953-FBDF-4FA1-A6D0-35EF8F1B06F7}
	EndGlobalSection
	GlobalSection(ExtensibilityGlobals) = postSolution
		SolutionGuid = {75C1D8ED-2B9F-45BD-A6F9-97ECCF9FB3A6}
	EndGlobalSection
EndGlobal
