
Microsoft Visual Studio Solution File, Format Version 12.00
# Visual Studio 14
VisualStudioVersion = 14.0.25420.1
MinimumVisualStudioVersion = 10.0.40219.1
Project("{FAE04EC0-301F-11D3-BF4B-00C04F79EFBC}") = "Svg.Droid", "Svg.Droid\Svg.Droid.csproj", "{03F31EC9-4F97-46DA-B8F1-DCE99C6954DE}"
EndProject
Project("{FAE04EC0-301F-11D3-BF4B-00C04F79EFBC}") = "SvgW3CTestRunner.Droid", "Tests\SvgW3CTestRunner.Droid\SvgW3CTestRunner.Droid.csproj", "{1BC7BB63-4658-421D-8776-2F94F33186F8}"
EndProject
Project("{FAE04EC0-301F-11D3-BF4B-00C04F79EFBC}") = "Svg.Core", "Svg.Core\Svg.Core.csproj", "{13EDB4DB-3977-4C2E-998A-6103CA015881}"
EndProject
Project("{FAE04EC0-301F-11D3-BF4B-00C04F79EFBC}") = "Svg.Editor.Core", "Svg.Editor.Core\Svg.Editor.Core.csproj", "{4CF34D1C-662C-400D-BEAF-E87CE1D08FAB}"
EndProject
Project("{FAE04EC0-301F-11D3-BF4B-00C04F79EFBC}") = "Svg.Editor.Droid", "Svg.Editor.Droid\Svg.Editor.Droid.csproj", "{EC21B42F-DA0D-4E7B-A2F4-757ABC917E07}"
EndProject
Project("{FAE04EC0-301F-11D3-BF4B-00C04F79EFBC}") = "Svg.Editor.Sample.Core", "Svg.Editor.Sample.Core\Svg.Editor.Sample.Core.csproj", "{8739CED3-5844-4F18-B2E3-C99036B31B33}"
EndProject
Project("{FAE04EC0-301F-11D3-BF4B-00C04F79EFBC}") = "Svg.Editor.Sample.Droid", "Svg.Editor.Sample.Droid\Svg.Editor.Sample.Droid.csproj", "{062829A8-39A4-444E-AB44-98284E164644}"
EndProject
Project("{FAE04EC0-301F-11D3-BF4B-00C04F79EFBC}") = "SvgW3CTestSuite.Droid", "Tests\SvgW3CTestSuite.Droid\SvgW3CTestSuite.Droid.csproj", "{6B3FA1E4-09A3-48C0-9FD6-3EDEE3965400}"
EndProject
Project("{FAE04EC0-301F-11D3-BF4B-00C04F79EFBC}") = "Svg.Win", "Svg.Win\Svg.Win.csproj", "{1A9890AB-E4B4-4282-89AC-CEF2610E30B0}"
EndProject
Project("{2150E333-8FDC-42A3-9474-1A3956D46DE8}") = "Svg", "Svg", "{88A8760B-A830-4EF1-A4C0-4957F2365FA9}"
EndProject
Project("{2150E333-8FDC-42A3-9474-1A3956D46DE8}") = "Sample", "Sample", "{034CAF33-A259-4509-8DA8-D516D9ECF436}"
EndProject
Project("{2150E333-8FDC-42A3-9474-1A3956D46DE8}") = "Tests", "Tests", "{2CE3355A-1A9F-4DAF-8797-25D70D26D9DB}"
EndProject
Project("{D954291E-2A0B-460D-934E-DC6B0785DB48}") = "Svg.Editor.Tests", "Svg.Editor.Tests\Svg.Editor.Tests.shproj", "{7EB296ED-B7E1-4929-9224-7469C00CFD6E}"
EndProject
Project("{FAE04EC0-301F-11D3-BF4B-00C04F79EFBC}") = "Svg.Editor.Tests.Droid", "Svg.Editor.Tests.Droid\Svg.Editor.Tests.Droid.csproj", "{C312D7D6-5FB7-4133-B735-99EB971C91A0}"
EndProject
Project("{FAE04EC0-301F-11D3-BF4B-00C04F79EFBC}") = "Svg.Editor.Tests.Win", "Svg.Editor.Tests.Win\Svg.Editor.Tests.Win.csproj", "{64E91D01-E670-4374-A30D-33585A1DC127}"
EndProject
Project("{2150E333-8FDC-42A3-9474-1A3956D46DE8}") = "W3CTests", "W3CTests", "{BC1B2A3E-7C7C-4E9A-9238-504CDF459385}"
EndProject
Project("{D954291E-2A0B-460D-934E-DC6B0785DB48}") = "Svg.Tests", "Svg.Tests\Svg.Tests.shproj", "{92BCE9D4-6968-4533-9785-A240EE123FAA}"
EndProject
Project("{FAE04EC0-301F-11D3-BF4B-00C04F79EFBC}") = "Svg.Tests.Win", "Svg.Tests.Win\Svg.Tests.Win.csproj", "{ED6AB6FC-AD44-4DFA-AFC4-B0F127B87D5E}"
EndProject
Global
	GlobalSection(SharedMSBuildProjectFiles) = preSolution
		Svg.Editor.Tests\Svg.Editor.Tests.projitems*{64e91d01-e670-4374-a30d-33585a1dc127}*SharedItemsImports = 4
		Svg.Editor.Tests\Svg.Editor.Tests.projitems*{7eb296ed-b7e1-4929-9224-7469c00cfd6e}*SharedItemsImports = 13
		Svg.Tests\Svg.Tests.projitems*{92bce9d4-6968-4533-9785-a240ee123faa}*SharedItemsImports = 13
		Svg.Editor.Tests\Svg.Editor.Tests.projitems*{c312d7d6-5fb7-4133-b735-99eb971c91a0}*SharedItemsImports = 4
		Svg.Tests\Svg.Tests.projitems*{ed6ab6fc-ad44-4dfa-afc4-b0f127b87d5e}*SharedItemsImports = 4
	EndGlobalSection
	GlobalSection(SolutionConfigurationPlatforms) = preSolution
		Debug|Any CPU = Debug|Any CPU
		Debug|x86 = Debug|x86
		PublishFiller|Any CPU = PublishFiller|Any CPU
		PublishFiller|x86 = PublishFiller|x86
		Release|Any CPU = Release|Any CPU
		Release|x86 = Release|x86
	EndGlobalSection
	GlobalSection(ProjectConfigurationPlatforms) = postSolution
		{03F31EC9-4F97-46DA-B8F1-DCE99C6954DE}.Debug|Any CPU.ActiveCfg = Debug|Any CPU
		{03F31EC9-4F97-46DA-B8F1-DCE99C6954DE}.Debug|Any CPU.Build.0 = Debug|Any CPU
		{03F31EC9-4F97-46DA-B8F1-DCE99C6954DE}.Debug|x86.ActiveCfg = Debug|Any CPU
		{03F31EC9-4F97-46DA-B8F1-DCE99C6954DE}.Debug|x86.Build.0 = Debug|Any CPU
		{03F31EC9-4F97-46DA-B8F1-DCE99C6954DE}.PublishFiller|Any CPU.ActiveCfg = PublishFiller|Any CPU
		{03F31EC9-4F97-46DA-B8F1-DCE99C6954DE}.PublishFiller|Any CPU.Build.0 = PublishFiller|Any CPU
		{03F31EC9-4F97-46DA-B8F1-DCE99C6954DE}.PublishFiller|x86.ActiveCfg = PublishFiller|Any CPU
		{03F31EC9-4F97-46DA-B8F1-DCE99C6954DE}.PublishFiller|x86.Build.0 = PublishFiller|Any CPU
		{03F31EC9-4F97-46DA-B8F1-DCE99C6954DE}.Release|Any CPU.ActiveCfg = Release|Any CPU
		{03F31EC9-4F97-46DA-B8F1-DCE99C6954DE}.Release|Any CPU.Build.0 = Release|Any CPU
		{03F31EC9-4F97-46DA-B8F1-DCE99C6954DE}.Release|x86.ActiveCfg = Release|Any CPU
		{03F31EC9-4F97-46DA-B8F1-DCE99C6954DE}.Release|x86.Build.0 = Release|Any CPU
		{1BC7BB63-4658-421D-8776-2F94F33186F8}.Debug|Any CPU.ActiveCfg = Debug|Any CPU
		{1BC7BB63-4658-421D-8776-2F94F33186F8}.Debug|Any CPU.Build.0 = Debug|Any CPU
		{1BC7BB63-4658-421D-8776-2F94F33186F8}.Debug|Any CPU.Deploy.0 = Debug|Any CPU
		{1BC7BB63-4658-421D-8776-2F94F33186F8}.Debug|x86.ActiveCfg = Debug|Any CPU
		{1BC7BB63-4658-421D-8776-2F94F33186F8}.Debug|x86.Build.0 = Debug|Any CPU
		{1BC7BB63-4658-421D-8776-2F94F33186F8}.Debug|x86.Deploy.0 = Debug|Any CPU
		{1BC7BB63-4658-421D-8776-2F94F33186F8}.PublishFiller|Any CPU.ActiveCfg = Release|Any CPU
		{1BC7BB63-4658-421D-8776-2F94F33186F8}.PublishFiller|Any CPU.Build.0 = Release|Any CPU
		{1BC7BB63-4658-421D-8776-2F94F33186F8}.PublishFiller|Any CPU.Deploy.0 = Release|Any CPU
		{1BC7BB63-4658-421D-8776-2F94F33186F8}.PublishFiller|x86.ActiveCfg = Release|Any CPU
		{1BC7BB63-4658-421D-8776-2F94F33186F8}.PublishFiller|x86.Build.0 = Release|Any CPU
		{1BC7BB63-4658-421D-8776-2F94F33186F8}.PublishFiller|x86.Deploy.0 = Release|Any CPU
		{1BC7BB63-4658-421D-8776-2F94F33186F8}.Release|Any CPU.ActiveCfg = Release|Any CPU
		{1BC7BB63-4658-421D-8776-2F94F33186F8}.Release|Any CPU.Build.0 = Release|Any CPU
		{1BC7BB63-4658-421D-8776-2F94F33186F8}.Release|Any CPU.Deploy.0 = Release|Any CPU
		{1BC7BB63-4658-421D-8776-2F94F33186F8}.Release|x86.ActiveCfg = Release|Any CPU
		{1BC7BB63-4658-421D-8776-2F94F33186F8}.Release|x86.Build.0 = Release|Any CPU
		{1BC7BB63-4658-421D-8776-2F94F33186F8}.Release|x86.Deploy.0 = Release|Any CPU
		{13EDB4DB-3977-4C2E-998A-6103CA015881}.Debug|Any CPU.ActiveCfg = Debug|Any CPU
		{13EDB4DB-3977-4C2E-998A-6103CA015881}.Debug|Any CPU.Build.0 = Debug|Any CPU
		{13EDB4DB-3977-4C2E-998A-6103CA015881}.Debug|x86.ActiveCfg = Debug|Any CPU
		{13EDB4DB-3977-4C2E-998A-6103CA015881}.Debug|x86.Build.0 = Debug|Any CPU
		{13EDB4DB-3977-4C2E-998A-6103CA015881}.PublishFiller|Any CPU.ActiveCfg = Release|Any CPU
		{13EDB4DB-3977-4C2E-998A-6103CA015881}.PublishFiller|Any CPU.Build.0 = Release|Any CPU
		{13EDB4DB-3977-4C2E-998A-6103CA015881}.PublishFiller|x86.ActiveCfg = PublishFiller|Any CPU
		{13EDB4DB-3977-4C2E-998A-6103CA015881}.PublishFiller|x86.Build.0 = PublishFiller|Any CPU
		{13EDB4DB-3977-4C2E-998A-6103CA015881}.Release|Any CPU.ActiveCfg = Release|Any CPU
		{13EDB4DB-3977-4C2E-998A-6103CA015881}.Release|Any CPU.Build.0 = Release|Any CPU
		{13EDB4DB-3977-4C2E-998A-6103CA015881}.Release|x86.ActiveCfg = Release|Any CPU
		{13EDB4DB-3977-4C2E-998A-6103CA015881}.Release|x86.Build.0 = Release|Any CPU
		{4CF34D1C-662C-400D-BEAF-E87CE1D08FAB}.Debug|Any CPU.ActiveCfg = Debug|Any CPU
		{4CF34D1C-662C-400D-BEAF-E87CE1D08FAB}.Debug|Any CPU.Build.0 = Debug|Any CPU
		{4CF34D1C-662C-400D-BEAF-E87CE1D08FAB}.Debug|x86.ActiveCfg = Debug|Any CPU
		{4CF34D1C-662C-400D-BEAF-E87CE1D08FAB}.Debug|x86.Build.0 = Debug|Any CPU
		{4CF34D1C-662C-400D-BEAF-E87CE1D08FAB}.PublishFiller|Any CPU.ActiveCfg = PublishFiller|Any CPU
		{4CF34D1C-662C-400D-BEAF-E87CE1D08FAB}.PublishFiller|Any CPU.Build.0 = PublishFiller|Any CPU
		{4CF34D1C-662C-400D-BEAF-E87CE1D08FAB}.PublishFiller|x86.ActiveCfg = PublishFiller|Any CPU
		{4CF34D1C-662C-400D-BEAF-E87CE1D08FAB}.PublishFiller|x86.Build.0 = PublishFiller|Any CPU
		{4CF34D1C-662C-400D-BEAF-E87CE1D08FAB}.Release|Any CPU.ActiveCfg = Release|Any CPU
		{4CF34D1C-662C-400D-BEAF-E87CE1D08FAB}.Release|Any CPU.Build.0 = Release|Any CPU
		{4CF34D1C-662C-400D-BEAF-E87CE1D08FAB}.Release|x86.ActiveCfg = Release|Any CPU
		{4CF34D1C-662C-400D-BEAF-E87CE1D08FAB}.Release|x86.Build.0 = Release|Any CPU
		{EC21B42F-DA0D-4E7B-A2F4-757ABC917E07}.Debug|Any CPU.ActiveCfg = Debug|Any CPU
		{EC21B42F-DA0D-4E7B-A2F4-757ABC917E07}.Debug|Any CPU.Build.0 = Debug|Any CPU
		{EC21B42F-DA0D-4E7B-A2F4-757ABC917E07}.Debug|x86.ActiveCfg = Debug|Any CPU
		{EC21B42F-DA0D-4E7B-A2F4-757ABC917E07}.Debug|x86.Build.0 = Debug|Any CPU
		{EC21B42F-DA0D-4E7B-A2F4-757ABC917E07}.PublishFiller|Any CPU.ActiveCfg = PublishFiller|Any CPU
		{EC21B42F-DA0D-4E7B-A2F4-757ABC917E07}.PublishFiller|Any CPU.Build.0 = PublishFiller|Any CPU
		{EC21B42F-DA0D-4E7B-A2F4-757ABC917E07}.PublishFiller|x86.ActiveCfg = PublishFiller|Any CPU
		{EC21B42F-DA0D-4E7B-A2F4-757ABC917E07}.PublishFiller|x86.Build.0 = PublishFiller|Any CPU
		{EC21B42F-DA0D-4E7B-A2F4-757ABC917E07}.Release|Any CPU.ActiveCfg = Release|Any CPU
		{EC21B42F-DA0D-4E7B-A2F4-757ABC917E07}.Release|Any CPU.Build.0 = Release|Any CPU
		{EC21B42F-DA0D-4E7B-A2F4-757ABC917E07}.Release|x86.ActiveCfg = Release|Any CPU
		{EC21B42F-DA0D-4E7B-A2F4-757ABC917E07}.Release|x86.Build.0 = Release|Any CPU
		{8739CED3-5844-4F18-B2E3-C99036B31B33}.Debug|Any CPU.ActiveCfg = Debug|Any CPU
		{8739CED3-5844-4F18-B2E3-C99036B31B33}.Debug|Any CPU.Build.0 = Debug|Any CPU
		{8739CED3-5844-4F18-B2E3-C99036B31B33}.Debug|x86.ActiveCfg = Debug|Any CPU
		{8739CED3-5844-4F18-B2E3-C99036B31B33}.Debug|x86.Build.0 = Debug|Any CPU
		{8739CED3-5844-4F18-B2E3-C99036B31B33}.PublishFiller|Any CPU.ActiveCfg = Release|Any CPU
		{8739CED3-5844-4F18-B2E3-C99036B31B33}.PublishFiller|Any CPU.Build.0 = Release|Any CPU
		{8739CED3-5844-4F18-B2E3-C99036B31B33}.PublishFiller|x86.ActiveCfg = Release|Any CPU
		{8739CED3-5844-4F18-B2E3-C99036B31B33}.PublishFiller|x86.Build.0 = Release|Any CPU
		{8739CED3-5844-4F18-B2E3-C99036B31B33}.Release|Any CPU.ActiveCfg = Release|Any CPU
		{8739CED3-5844-4F18-B2E3-C99036B31B33}.Release|Any CPU.Build.0 = Release|Any CPU
		{8739CED3-5844-4F18-B2E3-C99036B31B33}.Release|x86.ActiveCfg = Release|Any CPU
		{8739CED3-5844-4F18-B2E3-C99036B31B33}.Release|x86.Build.0 = Release|Any CPU
		{062829A8-39A4-444E-AB44-98284E164644}.Debug|Any CPU.ActiveCfg = Debug|Any CPU
		{062829A8-39A4-444E-AB44-98284E164644}.Debug|Any CPU.Build.0 = Debug|Any CPU
		{062829A8-39A4-444E-AB44-98284E164644}.Debug|Any CPU.Deploy.0 = Debug|Any CPU
		{062829A8-39A4-444E-AB44-98284E164644}.Debug|x86.ActiveCfg = Debug|Any CPU
		{062829A8-39A4-444E-AB44-98284E164644}.Debug|x86.Build.0 = Debug|Any CPU
		{062829A8-39A4-444E-AB44-98284E164644}.Debug|x86.Deploy.0 = Debug|Any CPU
		{062829A8-39A4-444E-AB44-98284E164644}.PublishFiller|Any CPU.ActiveCfg = Release|Any CPU
		{062829A8-39A4-444E-AB44-98284E164644}.PublishFiller|Any CPU.Build.0 = Release|Any CPU
		{062829A8-39A4-444E-AB44-98284E164644}.PublishFiller|Any CPU.Deploy.0 = Release|Any CPU
		{062829A8-39A4-444E-AB44-98284E164644}.PublishFiller|x86.ActiveCfg = Release|Any CPU
		{062829A8-39A4-444E-AB44-98284E164644}.PublishFiller|x86.Build.0 = Release|Any CPU
		{062829A8-39A4-444E-AB44-98284E164644}.PublishFiller|x86.Deploy.0 = Release|Any CPU
		{062829A8-39A4-444E-AB44-98284E164644}.Release|Any CPU.ActiveCfg = Release|Any CPU
		{062829A8-39A4-444E-AB44-98284E164644}.Release|Any CPU.Build.0 = Release|Any CPU
		{062829A8-39A4-444E-AB44-98284E164644}.Release|Any CPU.Deploy.0 = Release|Any CPU
		{062829A8-39A4-444E-AB44-98284E164644}.Release|x86.ActiveCfg = Release|Any CPU
		{062829A8-39A4-444E-AB44-98284E164644}.Release|x86.Build.0 = Release|Any CPU
		{062829A8-39A4-444E-AB44-98284E164644}.Release|x86.Deploy.0 = Release|Any CPU
		{6B3FA1E4-09A3-48C0-9FD6-3EDEE3965400}.Debug|Any CPU.ActiveCfg = Debug|Any CPU
		{6B3FA1E4-09A3-48C0-9FD6-3EDEE3965400}.Debug|Any CPU.Build.0 = Debug|Any CPU
		{6B3FA1E4-09A3-48C0-9FD6-3EDEE3965400}.Debug|Any CPU.Deploy.0 = Debug|Any CPU
		{6B3FA1E4-09A3-48C0-9FD6-3EDEE3965400}.Debug|x86.ActiveCfg = Debug|Any CPU
		{6B3FA1E4-09A3-48C0-9FD6-3EDEE3965400}.Debug|x86.Build.0 = Debug|Any CPU
		{6B3FA1E4-09A3-48C0-9FD6-3EDEE3965400}.Debug|x86.Deploy.0 = Debug|Any CPU
		{6B3FA1E4-09A3-48C0-9FD6-3EDEE3965400}.PublishFiller|Any CPU.ActiveCfg = Release|Any CPU
		{6B3FA1E4-09A3-48C0-9FD6-3EDEE3965400}.PublishFiller|Any CPU.Build.0 = Release|Any CPU
		{6B3FA1E4-09A3-48C0-9FD6-3EDEE3965400}.PublishFiller|Any CPU.Deploy.0 = Release|Any CPU
		{6B3FA1E4-09A3-48C0-9FD6-3EDEE3965400}.PublishFiller|x86.ActiveCfg = Release|Any CPU
		{6B3FA1E4-09A3-48C0-9FD6-3EDEE3965400}.PublishFiller|x86.Build.0 = Release|Any CPU
		{6B3FA1E4-09A3-48C0-9FD6-3EDEE3965400}.PublishFiller|x86.Deploy.0 = Release|Any CPU
		{6B3FA1E4-09A3-48C0-9FD6-3EDEE3965400}.Release|Any CPU.ActiveCfg = Release|Any CPU
		{6B3FA1E4-09A3-48C0-9FD6-3EDEE3965400}.Release|Any CPU.Build.0 = Release|Any CPU
		{6B3FA1E4-09A3-48C0-9FD6-3EDEE3965400}.Release|Any CPU.Deploy.0 = Release|Any CPU
		{6B3FA1E4-09A3-48C0-9FD6-3EDEE3965400}.Release|x86.ActiveCfg = Release|Any CPU
		{6B3FA1E4-09A3-48C0-9FD6-3EDEE3965400}.Release|x86.Build.0 = Release|Any CPU
		{6B3FA1E4-09A3-48C0-9FD6-3EDEE3965400}.Release|x86.Deploy.0 = Release|Any CPU
		{1A9890AB-E4B4-4282-89AC-CEF2610E30B0}.Debug|Any CPU.ActiveCfg = Debug|x86
		{1A9890AB-E4B4-4282-89AC-CEF2610E30B0}.Debug|Any CPU.Build.0 = Debug|x86
		{1A9890AB-E4B4-4282-89AC-CEF2610E30B0}.Debug|x86.ActiveCfg = Debug|x86
		{1A9890AB-E4B4-4282-89AC-CEF2610E30B0}.Debug|x86.Build.0 = Debug|x86
		{1A9890AB-E4B4-4282-89AC-CEF2610E30B0}.PublishFiller|Any CPU.ActiveCfg = Release|Any CPU
		{1A9890AB-E4B4-4282-89AC-CEF2610E30B0}.PublishFiller|Any CPU.Build.0 = Release|Any CPU
		{1A9890AB-E4B4-4282-89AC-CEF2610E30B0}.PublishFiller|x86.ActiveCfg = Release|x86
		{1A9890AB-E4B4-4282-89AC-CEF2610E30B0}.PublishFiller|x86.Build.0 = Release|x86
		{1A9890AB-E4B4-4282-89AC-CEF2610E30B0}.Release|Any CPU.ActiveCfg = Release|Any CPU
		{1A9890AB-E4B4-4282-89AC-CEF2610E30B0}.Release|Any CPU.Build.0 = Release|Any CPU
		{1A9890AB-E4B4-4282-89AC-CEF2610E30B0}.Release|x86.ActiveCfg = Release|x86
		{1A9890AB-E4B4-4282-89AC-CEF2610E30B0}.Release|x86.Build.0 = Release|x86
		{C312D7D6-5FB7-4133-B735-99EB971C91A0}.Debug|Any CPU.ActiveCfg = Debug|Any CPU
		{C312D7D6-5FB7-4133-B735-99EB971C91A0}.Debug|Any CPU.Build.0 = Debug|Any CPU
		{C312D7D6-5FB7-4133-B735-99EB971C91A0}.Debug|Any CPU.Deploy.0 = Debug|Any CPU
		{C312D7D6-5FB7-4133-B735-99EB971C91A0}.Debug|x86.ActiveCfg = Debug|Any CPU
		{C312D7D6-5FB7-4133-B735-99EB971C91A0}.Debug|x86.Build.0 = Debug|Any CPU
		{C312D7D6-5FB7-4133-B735-99EB971C91A0}.Debug|x86.Deploy.0 = Debug|Any CPU
		{C312D7D6-5FB7-4133-B735-99EB971C91A0}.PublishFiller|Any CPU.ActiveCfg = Release|Any CPU
		{C312D7D6-5FB7-4133-B735-99EB971C91A0}.PublishFiller|Any CPU.Build.0 = Release|Any CPU
		{C312D7D6-5FB7-4133-B735-99EB971C91A0}.PublishFiller|Any CPU.Deploy.0 = Release|Any CPU
		{C312D7D6-5FB7-4133-B735-99EB971C91A0}.PublishFiller|x86.ActiveCfg = Release|Any CPU
		{C312D7D6-5FB7-4133-B735-99EB971C91A0}.PublishFiller|x86.Build.0 = Release|Any CPU
		{C312D7D6-5FB7-4133-B735-99EB971C91A0}.PublishFiller|x86.Deploy.0 = Release|Any CPU
		{C312D7D6-5FB7-4133-B735-99EB971C91A0}.Release|Any CPU.ActiveCfg = Release|Any CPU
		{C312D7D6-5FB7-4133-B735-99EB971C91A0}.Release|Any CPU.Build.0 = Release|Any CPU
		{C312D7D6-5FB7-4133-B735-99EB971C91A0}.Release|Any CPU.Deploy.0 = Release|Any CPU
		{C312D7D6-5FB7-4133-B735-99EB971C91A0}.Release|x86.ActiveCfg = Release|Any CPU
		{C312D7D6-5FB7-4133-B735-99EB971C91A0}.Release|x86.Build.0 = Release|Any CPU
		{C312D7D6-5FB7-4133-B735-99EB971C91A0}.Release|x86.Deploy.0 = Release|Any CPU
		{64E91D01-E670-4374-A30D-33585A1DC127}.Debug|Any CPU.ActiveCfg = Debug|x86
		{64E91D01-E670-4374-A30D-33585A1DC127}.Debug|Any CPU.Build.0 = Debug|x86
		{64E91D01-E670-4374-A30D-33585A1DC127}.Debug|x86.ActiveCfg = Debug|x86
		{64E91D01-E670-4374-A30D-33585A1DC127}.Debug|x86.Build.0 = Debug|x86
		{64E91D01-E670-4374-A30D-33585A1DC127}.PublishFiller|Any CPU.ActiveCfg = Release|Any CPU
		{64E91D01-E670-4374-A30D-33585A1DC127}.PublishFiller|Any CPU.Build.0 = Release|Any CPU
		{64E91D01-E670-4374-A30D-33585A1DC127}.PublishFiller|x86.ActiveCfg = Release|x86
		{64E91D01-E670-4374-A30D-33585A1DC127}.PublishFiller|x86.Build.0 = Release|x86
		{64E91D01-E670-4374-A30D-33585A1DC127}.Release|Any CPU.ActiveCfg = Release|Any CPU
		{64E91D01-E670-4374-A30D-33585A1DC127}.Release|Any CPU.Build.0 = Release|Any CPU
		{64E91D01-E670-4374-A30D-33585A1DC127}.Release|x86.ActiveCfg = Release|x86
		{64E91D01-E670-4374-A30D-33585A1DC127}.Release|x86.Build.0 = Release|x86
		{ED6AB6FC-AD44-4DFA-AFC4-B0F127B87D5E}.Debug|Any CPU.ActiveCfg = Debug|x86
		{ED6AB6FC-AD44-4DFA-AFC4-B0F127B87D5E}.Debug|Any CPU.Build.0 = Debug|x86
		{ED6AB6FC-AD44-4DFA-AFC4-B0F127B87D5E}.Debug|x86.ActiveCfg = Debug|Any CPU
		{ED6AB6FC-AD44-4DFA-AFC4-B0F127B87D5E}.Debug|x86.Build.0 = Debug|Any CPU
		{ED6AB6FC-AD44-4DFA-AFC4-B0F127B87D5E}.PublishFiller|Any CPU.ActiveCfg = Release|Any CPU
		{ED6AB6FC-AD44-4DFA-AFC4-B0F127B87D5E}.PublishFiller|Any CPU.Build.0 = Release|Any CPU
		{ED6AB6FC-AD44-4DFA-AFC4-B0F127B87D5E}.PublishFiller|x86.ActiveCfg = Release|Any CPU
		{ED6AB6FC-AD44-4DFA-AFC4-B0F127B87D5E}.PublishFiller|x86.Build.0 = Release|Any CPU
		{ED6AB6FC-AD44-4DFA-AFC4-B0F127B87D5E}.Release|Any CPU.ActiveCfg = Release|Any CPU
		{ED6AB6FC-AD44-4DFA-AFC4-B0F127B87D5E}.Release|Any CPU.Build.0 = Release|Any CPU
		{ED6AB6FC-AD44-4DFA-AFC4-B0F127B87D5E}.Release|x86.ActiveCfg = Release|Any CPU
		{ED6AB6FC-AD44-4DFA-AFC4-B0F127B87D5E}.Release|x86.Build.0 = Release|Any CPU
	EndGlobalSection
	GlobalSection(SolutionProperties) = preSolution
		HideSolutionNode = FALSE
	EndGlobalSection
	GlobalSection(NestedProjects) = preSolution
		{03F31EC9-4F97-46DA-B8F1-DCE99C6954DE} = {88A8760B-A830-4EF1-A4C0-4957F2365FA9}
		{1BC7BB63-4658-421D-8776-2F94F33186F8} = {BC1B2A3E-7C7C-4E9A-9238-504CDF459385}
		{13EDB4DB-3977-4C2E-998A-6103CA015881} = {88A8760B-A830-4EF1-A4C0-4957F2365FA9}
		{8739CED3-5844-4F18-B2E3-C99036B31B33} = {034CAF33-A259-4509-8DA8-D516D9ECF436}
		{062829A8-39A4-444E-AB44-98284E164644} = {034CAF33-A259-4509-8DA8-D516D9ECF436}
		{6B3FA1E4-09A3-48C0-9FD6-3EDEE3965400} = {BC1B2A3E-7C7C-4E9A-9238-504CDF459385}
		{1A9890AB-E4B4-4282-89AC-CEF2610E30B0} = {88A8760B-A830-4EF1-A4C0-4957F2365FA9}
		{7EB296ED-B7E1-4929-9224-7469C00CFD6E} = {2CE3355A-1A9F-4DAF-8797-25D70D26D9DB}
		{C312D7D6-5FB7-4133-B735-99EB971C91A0} = {2CE3355A-1A9F-4DAF-8797-25D70D26D9DB}
		{64E91D01-E670-4374-A30D-33585A1DC127} = {2CE3355A-1A9F-4DAF-8797-25D70D26D9DB}
		{92BCE9D4-6968-4533-9785-A240EE123FAA} = {2CE3355A-1A9F-4DAF-8797-25D70D26D9DB}
		{ED6AB6FC-AD44-4DFA-AFC4-B0F127B87D5E} = {2CE3355A-1A9F-4DAF-8797-25D70D26D9DB}
	EndGlobalSection
EndGlobal
